// !$*UTF8*$!
{
	archiveVersion = 1;
	classes = {
	};
	objectVersion = 56;
	objects = {

/* Begin PBXBuildFile section */
		070E1CD15C85BFB535ACA498 /* Endpoint.swift in Sources */ = {isa = PBXBuildFile; fileRef = F552107853AFCD394F91A728 /* Endpoint.swift */; };
		07931F0CC9B2B74BE9B1A6DA /* V0GoalSetupView.swift in Sources */ = {isa = PBXBuildFile; fileRef = 1BCE823C49CAC30548FE2EE0 /* V0GoalSetupView.swift */; };
		0B6658C170B44D9BB2D375D0 /* Secrets.swift in Sources */ = {isa = PBXBuildFile; fileRef = E065B4F69E06747E92A8DE83 /* Secrets.swift */; };
		0E7D8B7E1F4F3E205097684F /* ShieldViewModel.swift in Sources */ = {isa = PBXBuildFile; fileRef = 0DA33420518623810E3E40DD /* ShieldViewModel.swift */; };
		1534CCCFD3C2AE21AD290193 /* AppGroupStorage+FamilyControls.swift in Sources */ = {isa = PBXBuildFile; fileRef = 0F4DF3D6AE0A94E294914CCB /* AppGroupStorage+FamilyControls.swift */; };
		B2F1C0D3E4F50617283941A2 /* ApplicationToken+Alias.swift in Sources */ = {isa = PBXBuildFile; fileRef = A1F0B8C2D3E4F50617283940 /* ApplicationToken+Alias.swift */; };
		15798813EA9F1EFE890BC8E1 /* AppleSignInCoordinator.swift in Sources */ = {isa = PBXBuildFile; fileRef = 5E7D999A07DB4D3EB27F0A5A /* AppleSignInCoordinator.swift */; };
		16DA7231A9A3C255E637636D /* AppConfig.swift in Sources */ = {isa = PBXBuildFile; fileRef = 4EDC74587745A8CD546832E5 /* AppConfig.swift */; };
		1B2F079B6CE5E90DB37E481C /* V0ResetTimeView.swift in Sources */ = {isa = PBXBuildFile; fileRef = 44ED310A43D1DF9CC8F76EE9 /* V0ResetTimeView.swift */; };
		1D971B04C86AEB47F2A95104 /* V0OnboardingViewModel.swift in Sources */ = {isa = PBXBuildFile; fileRef = ACF7B970AB67EEA692A50FF0 /* V0OnboardingViewModel.swift */; };
		3663D69EC2D068CF3E2C2578 /* ShieldView.swift in Sources */ = {isa = PBXBuildFile; fileRef = 0817214383B820C22BE4E4AA /* ShieldView.swift */; };
		3AD3672D67BB18FA21391008 /* V0AppSelection.swift in Sources */ = {isa = PBXBuildFile; fileRef = B309BD6A32F8F4F7928C4677 /* V0AppSelection.swift */; };
		3B21643FFAC0A9ABCFB83271 /* AppTextFieldStyle.swift in Sources */ = {isa = PBXBuildFile; fileRef = 57E8C70F5E35E84821620DE2 /* AppTextFieldStyle.swift */; };
		40CAF1C3A1171B751BCA1494 /* ShieldActionExtension.swift in Sources */ = {isa = PBXBuildFile; fileRef = 59519010F216ECFA2E602829 /* ShieldActionExtension.swift */; };
		413E117BD444984929E50FF3 /* V0AuthEntryView.swift in Sources */ = {isa = PBXBuildFile; fileRef = 8C257AC9ABBA57FBB5AAD3DD /* V0AuthEntryView.swift */; };
		455B89EC71CAF718E6834553 /* V0AppBucket.swift in Sources */ = {isa = PBXBuildFile; fileRef = 6D68B64B0FE77E81AF1D221B /* V0AppBucket.swift */; };
		47732468DCEC8A0EE0AD0FE8 /* V0Goal.swift in Sources */ = {isa = PBXBuildFile; fileRef = 31711A8F4027F2E099F34B93 /* V0Goal.swift */; };
		47A1FF8B0BC978A8DA887B83 /* V0DailyResetService.swift in Sources */ = {isa = PBXBuildFile; fileRef = 7217144F8231F0976D45AB3B /* V0DailyResetService.swift */; };
		600D8236FB2EEA728B3FE6B0 /* V0UnlockConfig.swift in Sources */ = {isa = PBXBuildFile; fileRef = 523C5ACDDA3E4AAEFDBA8AB6 /* V0UnlockConfig.swift */; };
		6751DBC73DAE94625618C535 /* AppCardStyle.swift in Sources */ = {isa = PBXBuildFile; fileRef = 4184A4003A913ED07EE80017 /* AppCardStyle.swift */; };
		68CD45C48B7E806FCD29B334 /* Constants.swift in Sources */ = {isa = PBXBuildFile; fileRef = A42CF6F725318FD202930820 /* Constants.swift */; };
		694A62B2ADE2FFCB6BE3F96E /* V0OnboardingRootView.swift in Sources */ = {isa = PBXBuildFile; fileRef = 3A24959F2979C2DCAB7136E9 /* V0OnboardingRootView.swift */; };
		6C91750637442646D7B312A7 /* AppTypography.swift in Sources */ = {isa = PBXBuildFile; fileRef = C791B82D2183DF2F38ED1A43 /* AppTypography.swift */; };
		6D815D1E22F40CF0B8B6DFD5 /* APIClient.swift in Sources */ = {isa = PBXBuildFile; fileRef = 88490848B8E0558A82C695DF /* APIClient.swift */; };
		74306A87D07133F5A89708E5 /* V0DailyState.swift in Sources */ = {isa = PBXBuildFile; fileRef = 2F01B9EA8D2CDF5B493982BD /* V0DailyState.swift */; };
		7802D0A25AEB97DB1CB560A2 /* AppColors.swift in Sources */ = {isa = PBXBuildFile; fileRef = 86C672B82AF4716CF987F5C5 /* AppColors.swift */; };
		832C39B36D48C94711D02AC6 /* V0SettingsViewModel.swift in Sources */ = {isa = PBXBuildFile; fileRef = F1D2DE10923C8EAB512A6A0E /* V0SettingsViewModel.swift */; };
		887A854F5E48985113771E94 /* Theme.swift in Sources */ = {isa = PBXBuildFile; fileRef = CA652C7CA5E559A37046EEBD /* Theme.swift */; };
		88913172B0AF6338973A4CA3 /* V0UnlockRuleSetupView.swift in Sources */ = {isa = PBXBuildFile; fileRef = 475BCC1E58EE9866926C1ACA /* V0UnlockRuleSetupView.swift */; };
		915F236251816066F3F729B9 /* V0UsageSummaryCard.swift in Sources */ = {isa = PBXBuildFile; fileRef = FDAF549B932457C10BC1289D /* V0UsageSummaryCard.swift */; };
		95D0039C8557319BDD6E8530 /* V0AppSelectionView.swift in Sources */ = {isa = PBXBuildFile; fileRef = D53FDEE4278555BD00D77420 /* V0AppSelectionView.swift */; };
		98BAF0389856BF17E575AB5D /* ShieldDesignSystem.swift in Sources */ = {isa = PBXBuildFile; fileRef = D6A64F7FFACFD0EBAD8840B8 /* ShieldDesignSystem.swift */; };
		A0851F4D71266FE112AE71FE /* V0ShieldMessages.swift in Sources */ = {isa = PBXBuildFile; fileRef = C71138F627EB2A87AC3E73C2 /* V0ShieldMessages.swift */; };
		A0C0048C0E4C88106A06CF0A /* V0SettingsView.swift in Sources */ = {isa = PBXBuildFile; fileRef = 0E771EB7F597A894417B9400 /* V0SettingsView.swift */; };
		A0DF9D2336B07563A633D76E /* V0HomeView.swift in Sources */ = {isa = PBXBuildFile; fileRef = 6BC912CC9471192D36AA1BF4 /* V0HomeView.swift */; };
		A2270A33DDFCD1EC21173324 /* V0GoalService.swift in Sources */ = {isa = PBXBuildFile; fileRef = B83FEAEB8F6CB2F9531445F8 /* V0GoalService.swift */; };
		B459AEB276FA9E425A7BAB3D /* String+Extensions.swift in Sources */ = {isa = PBXBuildFile; fileRef = FC456CDD8C39156E63D6F9B1 /* String+Extensions.swift */; };
		BA11AA4D3523AA7F35475852 /* ScreenTimeService.swift in Sources */ = {isa = PBXBuildFile; fileRef = 2F37959C7559BBB6C753E47F /* ScreenTimeService.swift */; };
		BB0BCF7B2B0DBDE0F7294668 /* View+Extensions.swift in Sources */ = {isa = PBXBuildFile; fileRef = 45D9D69BF2468570F79A09F0 /* View+Extensions.swift */; };
		BC8912582AA66F8062E1276F /* V0RootView.swift in Sources */ = {isa = PBXBuildFile; fileRef = 27AE4D0F7CEF8077C4A8CD66 /* V0RootView.swift */; };
		BF6262352218F936E9489F8E /* Date+Extensions.swift in Sources */ = {isa = PBXBuildFile; fileRef = 7B2A19EF59B3CE21DB0F5C3E /* Date+Extensions.swift */; };
		BF7F12CCFADE984ACD85BDF5 /* V0AppBucketingService.swift in Sources */ = {isa = PBXBuildFile; fileRef = ECF15393519394981D72EE09 /* V0AppBucketingService.swift */; };
		C20F2C0F6A18F1584A453225 /* AuthService.swift in Sources */ = {isa = PBXBuildFile; fileRef = 0995A075C67F06B0737B651F /* AuthService.swift */; };
		C8E4096D79858860D547B9D9 /* V0UnlockMode.swift in Sources */ = {isa = PBXBuildFile; fileRef = 44E39C4E9C66396D9759EB5E /* V0UnlockMode.swift */; };
		D084BDF72F16DAE10029EF8C /* BuildFile in Frameworks */ = {isa = PBXBuildFile; };
		D084BDFA2F16E1C70029EF8C /* AnchorAppApp.swift in Sources */ = {isa = PBXBuildFile; fileRef = D084BDF92F16E1C70029EF8C /* AnchorAppApp.swift */; };
		D093EC422F2A76FD004A8476 /* UserRole.swift in Sources */ = {isa = PBXBuildFile; fileRef = D093EC342F2A76FD004A8476 /* UserRole.swift */; };
		D093EC4A2F2A76FD004A8476 /* AppGroupStorage.swift in Sources */ = {isa = PBXBuildFile; fileRef = D093EC362F2A76FD004A8476 /* AppGroupStorage.swift */; };
		D093EC4D2F2A76FD004A8476 /* User.swift in Sources */ = {isa = PBXBuildFile; fileRef = D093EC332F2A76FD004A8476 /* User.swift */; };
		D25DB9DA002A5E63F0A9DA1F /* V0HomeViewModel.swift in Sources */ = {isa = PBXBuildFile; fileRef = 166D34794412EA1E895E2F03 /* V0HomeViewModel.swift */; };
		DC53CAFCF73E243D51CBE387 /* V0GoalsListView.swift in Sources */ = {isa = PBXBuildFile; fileRef = E64337811B58519E0102DAB7 /* V0GoalsListView.swift */; };
		E05AA593D6D69AED02E59008 /* ScreenTimeServiceProtocol.swift in Sources */ = {isa = PBXBuildFile; fileRef = BAFA153E7D3BA1DBAA6B99F9 /* ScreenTimeServiceProtocol.swift */; };
		E74B46F68B075691454DDCF0 /* V0GoalCompleteView.swift in Sources */ = {isa = PBXBuildFile; fileRef = EA9C7DB0FA43BA596A1CB51D /* V0GoalCompleteView.swift */; };
		EB09AE4E7AA1EECE81A559BD /* KeychainService.swift in Sources */ = {isa = PBXBuildFile; fileRef = 2979C66DCA22E7689D5ED8B1 /* KeychainService.swift */; };
		EF0E69F93F368A46120B6058 /* ShieldExtension.swift in Sources */ = {isa = PBXBuildFile; fileRef = 68052AC71655051321EB6516 /* ShieldExtension.swift */; };
		F08751092F80FEE991998392 /* AppButtonStyle.swift in Sources */ = {isa = PBXBuildFile; fileRef = CD7FEC9810E2F9A60632EC5F /* AppButtonStyle.swift */; };
		F0D160E76A8190202AE2C5F0 /* V0UnlockPolicyService.swift in Sources */ = {isa = PBXBuildFile; fileRef = BB15DB6814EAC579945BCC06 /* V0UnlockPolicyService.swift */; };
		F2542001EF885768B173DECB /* V0AppPresetSelectionView.swift in Sources */ = {isa = PBXBuildFile; fileRef = 7C334ABA226FCA018554D804 /* V0AppPresetSelectionView.swift */; };
		F6E605FE1BF39CC39A594AC4 /* AppColors.swift in Sources */ = {isa = PBXBuildFile; fileRef = 7F20BD3F8780D680CC044C0D /* AppColors.swift */; };
		FCC84A01E72B67ED4EF69172 /* V0GoalCategory.swift in Sources */ = {isa = PBXBuildFile; fileRef = 7554F6BACB432E3CCDEBDAAC /* V0GoalCategory.swift */; };
/* End PBXBuildFile section */

/* Begin PBXContainerItemProxy section */
		8E73B61BF844396CF84B6198 /* PBXContainerItemProxy */ = {
			isa = PBXContainerItemProxy;
			containerPortal = A90129D19684C3A745678B92 /* Project object */;
			proxyType = 1;
			remoteGlobalIDString = FB04CAD76C3500CE2AF0E518;
			remoteInfo = Shared;
		};
		A8CE5BC6DF2DA8F8AEE65DF9 /* PBXContainerItemProxy */ = {
			isa = PBXContainerItemProxy;
			containerPortal = A90129D19684C3A745678B92 /* Project object */;
			proxyType = 1;
			remoteGlobalIDString = 6FD299F6FFA37B93D79845A9;
			remoteInfo = AnchorShieldActionExtension;
		};
		B1BAE914D4ADC99A6E6CFA84 /* PBXContainerItemProxy */ = {
			isa = PBXContainerItemProxy;
			containerPortal = A90129D19684C3A745678B92 /* Project object */;
			proxyType = 1;
			remoteGlobalIDString = FB04CAD76C3500CE2AF0E518;
			remoteInfo = Shared;
		};
		E7B17E6F4894CF611E768CE9 /* PBXContainerItemProxy */ = {
			isa = PBXContainerItemProxy;
			containerPortal = A90129D19684C3A745678B92 /* Project object */;
			proxyType = 1;
			remoteGlobalIDString = FB04CAD76C3500CE2AF0E518;
			remoteInfo = Shared;
		};
		FE32CFE3DE3940D15A8549B7 /* PBXContainerItemProxy */ = {
			isa = PBXContainerItemProxy;
			containerPortal = A90129D19684C3A745678B92 /* Project object */;
			proxyType = 1;
			remoteGlobalIDString = F2F43499AA285D51B080BD0D;
			remoteInfo = AnchorShieldExtension;
		};
/* End PBXContainerItemProxy section */

/* Begin PBXCopyFilesBuildPhase section */
		716106843C7DB14D5A9C4F0A /* Embed Frameworks */ = {
			isa = PBXCopyFilesBuildPhase;
			buildActionMask = 2147483647;
			dstPath = "";
			dstSubfolderSpec = 10;
			files = (
			);
			name = "Embed Frameworks";
			runOnlyForDeploymentPostprocessing = 0;
		};
		B5DFC4A18BF4EF3C2D1FA61C /* Embed Foundation Extensions */ = {
			isa = PBXCopyFilesBuildPhase;
			buildActionMask = 2147483647;
			dstPath = "";
			dstSubfolderSpec = 13;
			files = (
			);
			name = "Embed Foundation Extensions";
			runOnlyForDeploymentPostprocessing = 0;
		};
/* End PBXCopyFilesBuildPhase section */

/* Begin PBXFileReference section */
		0817214383B820C22BE4E4AA /* ShieldView.swift */ = {isa = PBXFileReference; lastKnownFileType = sourcecode.swift; path = ShieldView.swift; sourceTree = "<group>"; };
		0995A075C67F06B0737B651F /* AuthService.swift */ = {isa = PBXFileReference; lastKnownFileType = sourcecode.swift; path = AuthService.swift; sourceTree = "<group>"; };
		0DA33420518623810E3E40DD /* ShieldViewModel.swift */ = {isa = PBXFileReference; lastKnownFileType = sourcecode.swift; path = ShieldViewModel.swift; sourceTree = "<group>"; };
		0E771EB7F597A894417B9400 /* V0SettingsView.swift */ = {isa = PBXFileReference; includeInIndex = 1; lastKnownFileType = sourcecode.swift; name = V0SettingsView.swift; path = V0Settings/Views/V0SettingsView.swift; sourceTree = "<group>"; };
		0F4DF3D6AE0A94E294914CCB /* AppGroupStorage+FamilyControls.swift */ = {isa = PBXFileReference; includeInIndex = 1; lastKnownFileType = sourcecode.swift; name = "AppGroupStorage+FamilyControls.swift"; path = "AppGroupStorage+FamilyControls.swift"; sourceTree = "<group>"; };
		A1F0B8C2D3E4F50617283940 /* ApplicationToken+Alias.swift */ = {isa = PBXFileReference; includeInIndex = 1; lastKnownFileType = sourcecode.swift; name = "ApplicationToken+Alias.swift"; path = "ApplicationToken+Alias.swift"; sourceTree = "<group>"; };
		11EEE94EB191D928465CBCC0 /* AnchorShieldExtension.entitlements */ = {isa = PBXFileReference; lastKnownFileType = text.plist.entitlements; path = AnchorShieldExtension.entitlements; sourceTree = "<group>"; };
		166D34794412EA1E895E2F03 /* V0HomeViewModel.swift */ = {isa = PBXFileReference; includeInIndex = 1; lastKnownFileType = sourcecode.swift; name = V0HomeViewModel.swift; path = V0Home/ViewModels/V0HomeViewModel.swift; sourceTree = "<group>"; };
		1BCE823C49CAC30548FE2EE0 /* V0GoalSetupView.swift */ = {isa = PBXFileReference; includeInIndex = 1; lastKnownFileType = sourcecode.swift; name = V0GoalSetupView.swift; path = V0Onboarding/Views/V0GoalSetupView.swift; sourceTree = "<group>"; };
		27AE4D0F7CEF8077C4A8CD66 /* V0RootView.swift */ = {isa = PBXFileReference; includeInIndex = 1; lastKnownFileType = sourcecode.swift; name = V0RootView.swift; path = V0Home/Views/V0RootView.swift; sourceTree = "<group>"; };
		2979C66DCA22E7689D5ED8B1 /* KeychainService.swift */ = {isa = PBXFileReference; lastKnownFileType = sourcecode.swift; path = KeychainService.swift; sourceTree = "<group>"; };
		2F01B9EA8D2CDF5B493982BD /* V0DailyState.swift */ = {isa = PBXFileReference; includeInIndex = 1; lastKnownFileType = sourcecode.swift; path = V0DailyState.swift; sourceTree = "<group>"; };
		2F37959C7559BBB6C753E47F /* ScreenTimeService.swift */ = {isa = PBXFileReference; lastKnownFileType = sourcecode.swift; path = ScreenTimeService.swift; sourceTree = "<group>"; };
		31711A8F4027F2E099F34B93 /* V0Goal.swift */ = {isa = PBXFileReference; includeInIndex = 1; lastKnownFileType = sourcecode.swift; path = V0Goal.swift; sourceTree = "<group>"; };
		3A24959F2979C2DCAB7136E9 /* V0OnboardingRootView.swift */ = {isa = PBXFileReference; includeInIndex = 1; lastKnownFileType = sourcecode.swift; name = V0OnboardingRootView.swift; path = V0Onboarding/Views/V0OnboardingRootView.swift; sourceTree = "<group>"; };
		4184A4003A913ED07EE80017 /* AppCardStyle.swift */ = {isa = PBXFileReference; lastKnownFileType = sourcecode.swift; path = AppCardStyle.swift; sourceTree = "<group>"; };
		44E39C4E9C66396D9759EB5E /* V0UnlockMode.swift */ = {isa = PBXFileReference; includeInIndex = 1; lastKnownFileType = sourcecode.swift; path = V0UnlockMode.swift; sourceTree = "<group>"; };
		44ED310A43D1DF9CC8F76EE9 /* V0ResetTimeView.swift */ = {isa = PBXFileReference; includeInIndex = 1; lastKnownFileType = sourcecode.swift; name = V0ResetTimeView.swift; path = V0Settings/Views/V0ResetTimeView.swift; sourceTree = "<group>"; };
		45D9D69BF2468570F79A09F0 /* View+Extensions.swift */ = {isa = PBXFileReference; lastKnownFileType = sourcecode.swift; path = "View+Extensions.swift"; sourceTree = "<group>"; };
		475BCC1E58EE9866926C1ACA /* V0UnlockRuleSetupView.swift */ = {isa = PBXFileReference; includeInIndex = 1; lastKnownFileType = sourcecode.swift; name = V0UnlockRuleSetupView.swift; path = V0Onboarding/Views/V0UnlockRuleSetupView.swift; sourceTree = "<group>"; };
		4EDC74587745A8CD546832E5 /* AppConfig.swift */ = {isa = PBXFileReference; lastKnownFileType = sourcecode.swift; path = AppConfig.swift; sourceTree = "<group>"; };
		523C5ACDDA3E4AAEFDBA8AB6 /* V0UnlockConfig.swift */ = {isa = PBXFileReference; includeInIndex = 1; lastKnownFileType = sourcecode.swift; path = V0UnlockConfig.swift; sourceTree = "<group>"; };
		57E8C70F5E35E84821620DE2 /* AppTextFieldStyle.swift */ = {isa = PBXFileReference; lastKnownFileType = sourcecode.swift; path = AppTextFieldStyle.swift; sourceTree = "<group>"; };
		59519010F216ECFA2E602829 /* ShieldActionExtension.swift */ = {isa = PBXFileReference; lastKnownFileType = sourcecode.swift; path = ShieldActionExtension.swift; sourceTree = "<group>"; };
		5E7D999A07DB4D3EB27F0A5A /* AppleSignInCoordinator.swift */ = {isa = PBXFileReference; lastKnownFileType = sourcecode.swift; path = AppleSignInCoordinator.swift; sourceTree = "<group>"; };
		68052AC71655051321EB6516 /* ShieldExtension.swift */ = {isa = PBXFileReference; lastKnownFileType = sourcecode.swift; path = ShieldExtension.swift; sourceTree = "<group>"; };
		6BC912CC9471192D36AA1BF4 /* V0HomeView.swift */ = {isa = PBXFileReference; includeInIndex = 1; lastKnownFileType = sourcecode.swift; name = V0HomeView.swift; path = V0Home/Views/V0HomeView.swift; sourceTree = "<group>"; };
		6D68B64B0FE77E81AF1D221B /* V0AppBucket.swift */ = {isa = PBXFileReference; includeInIndex = 1; lastKnownFileType = sourcecode.swift; path = V0AppBucket.swift; sourceTree = "<group>"; };
		7217144F8231F0976D45AB3B /* V0DailyResetService.swift */ = {isa = PBXFileReference; includeInIndex = 1; lastKnownFileType = sourcecode.swift; name = V0DailyResetService.swift; path = V0DailyResetService.swift; sourceTree = "<group>"; };
		7554F6BACB432E3CCDEBDAAC /* V0GoalCategory.swift */ = {isa = PBXFileReference; includeInIndex = 1; lastKnownFileType = sourcecode.swift; path = V0GoalCategory.swift; sourceTree = "<group>"; };
		7B2A19EF59B3CE21DB0F5C3E /* Date+Extensions.swift */ = {isa = PBXFileReference; lastKnownFileType = sourcecode.swift; path = "Date+Extensions.swift"; sourceTree = "<group>"; };
		7C334ABA226FCA018554D804 /* V0AppPresetSelectionView.swift */ = {isa = PBXFileReference; includeInIndex = 1; lastKnownFileType = sourcecode.swift; name = V0AppPresetSelectionView.swift; path = V0Onboarding/Views/V0AppPresetSelectionView.swift; sourceTree = "<group>"; };
		7F20BD3F8780D680CC044C0D /* AppColors.swift */ = {isa = PBXFileReference; lastKnownFileType = sourcecode.swift; path = AppColors.swift; sourceTree = "<group>"; };
		864B1004BF0EE501E3B58FD7 /* Info.plist */ = {isa = PBXFileReference; lastKnownFileType = text.plist.xml; path = Info.plist; sourceTree = "<group>"; };
		86C672B82AF4716CF987F5C5 /* AppColors.swift */ = {isa = PBXFileReference; includeInIndex = 1; lastKnownFileType = sourcecode.swift; path = AppColors.swift; sourceTree = "<group>"; };
		88490848B8E0558A82C695DF /* APIClient.swift */ = {isa = PBXFileReference; lastKnownFileType = sourcecode.swift; path = APIClient.swift; sourceTree = "<group>"; };
		8C257AC9ABBA57FBB5AAD3DD /* V0AuthEntryView.swift */ = {isa = PBXFileReference; includeInIndex = 1; lastKnownFileType = sourcecode.swift; name = V0AuthEntryView.swift; path = V0Onboarding/Views/V0AuthEntryView.swift; sourceTree = "<group>"; };
		A42CF6F725318FD202930820 /* Constants.swift */ = {isa = PBXFileReference; lastKnownFileType = sourcecode.swift; path = Constants.swift; sourceTree = "<group>"; };
		ACF7B970AB67EEA692A50FF0 /* V0OnboardingViewModel.swift */ = {isa = PBXFileReference; includeInIndex = 1; lastKnownFileType = sourcecode.swift; name = V0OnboardingViewModel.swift; path = V0Onboarding/ViewModels/V0OnboardingViewModel.swift; sourceTree = "<group>"; };
		B309BD6A32F8F4F7928C4677 /* V0AppSelection.swift */ = {isa = PBXFileReference; includeInIndex = 1; lastKnownFileType = sourcecode.swift; path = V0AppSelection.swift; sourceTree = "<group>"; };
		B83FEAEB8F6CB2F9531445F8 /* V0GoalService.swift */ = {isa = PBXFileReference; includeInIndex = 1; lastKnownFileType = sourcecode.swift; name = V0GoalService.swift; path = V0GoalService.swift; sourceTree = "<group>"; };
		BAFA153E7D3BA1DBAA6B99F9 /* ScreenTimeServiceProtocol.swift */ = {isa = PBXFileReference; lastKnownFileType = sourcecode.swift; path = ScreenTimeServiceProtocol.swift; sourceTree = "<group>"; };
		BB15DB6814EAC579945BCC06 /* V0UnlockPolicyService.swift */ = {isa = PBXFileReference; includeInIndex = 1; lastKnownFileType = sourcecode.swift; name = V0UnlockPolicyService.swift; path = V0UnlockPolicyService.swift; sourceTree = "<group>"; };
		C71138F627EB2A87AC3E73C2 /* V0ShieldMessages.swift */ = {isa = PBXFileReference; includeInIndex = 1; lastKnownFileType = sourcecode.swift; path = V0ShieldMessages.swift; sourceTree = "<group>"; };
		C791B82D2183DF2F38ED1A43 /* AppTypography.swift */ = {isa = PBXFileReference; lastKnownFileType = sourcecode.swift; path = AppTypography.swift; sourceTree = "<group>"; };
		CA652C7CA5E559A37046EEBD /* Theme.swift */ = {isa = PBXFileReference; lastKnownFileType = sourcecode.swift; path = Theme.swift; sourceTree = "<group>"; };
		CD7FEC9810E2F9A60632EC5F /* AppButtonStyle.swift */ = {isa = PBXFileReference; lastKnownFileType = sourcecode.swift; path = AppButtonStyle.swift; sourceTree = "<group>"; };
		D084BDF92F16E1C70029EF8C /* AnchorAppApp.swift */ = {isa = PBXFileReference; explicitFileType = sourcecode.swift; path = AnchorAppApp.swift; sourceTree = "<group>"; };
		D093EBED2F2A7091004A8476 /* AnchorApp.entitlements */ = {isa = PBXFileReference; lastKnownFileType = text.plist.entitlements; path = AnchorApp.entitlements; sourceTree = "<group>"; };
		D093EC332F2A76FD004A8476 /* User.swift */ = {isa = PBXFileReference; lastKnownFileType = sourcecode.swift; path = User.swift; sourceTree = "<group>"; };
		D093EC342F2A76FD004A8476 /* UserRole.swift */ = {isa = PBXFileReference; lastKnownFileType = sourcecode.swift; path = UserRole.swift; sourceTree = "<group>"; };
		D093EC362F2A76FD004A8476 /* AppGroupStorage.swift */ = {isa = PBXFileReference; lastKnownFileType = sourcecode.swift; path = AppGroupStorage.swift; sourceTree = "<group>"; };
		D53FDEE4278555BD00D77420 /* V0AppSelectionView.swift */ = {isa = PBXFileReference; includeInIndex = 1; lastKnownFileType = sourcecode.swift; name = V0AppSelectionView.swift; path = V0Onboarding/Views/V0AppSelectionView.swift; sourceTree = "<group>"; };
		D6A64F7FFACFD0EBAD8840B8 /* ShieldDesignSystem.swift */ = {isa = PBXFileReference; lastKnownFileType = sourcecode.swift; path = ShieldDesignSystem.swift; sourceTree = "<group>"; };
		E065B4F69E06747E92A8DE83 /* Secrets.swift */ = {isa = PBXFileReference; lastKnownFileType = sourcecode.swift; path = Secrets.swift; sourceTree = "<group>"; };
		E64337811B58519E0102DAB7 /* V0GoalsListView.swift */ = {isa = PBXFileReference; includeInIndex = 1; lastKnownFileType = sourcecode.swift; name = V0GoalsListView.swift; path = V0Home/Views/V0GoalsListView.swift; sourceTree = "<group>"; };
		EA9C7DB0FA43BA596A1CB51D /* V0GoalCompleteView.swift */ = {isa = PBXFileReference; includeInIndex = 1; lastKnownFileType = sourcecode.swift; name = V0GoalCompleteView.swift; path = V0Home/Views/V0GoalCompleteView.swift; sourceTree = "<group>"; };
		ECF15393519394981D72EE09 /* V0AppBucketingService.swift */ = {isa = PBXFileReference; includeInIndex = 1; lastKnownFileType = sourcecode.swift; name = V0AppBucketingService.swift; path = V0AppBucketingService.swift; sourceTree = "<group>"; };
		F1D2DE10923C8EAB512A6A0E /* V0SettingsViewModel.swift */ = {isa = PBXFileReference; includeInIndex = 1; lastKnownFileType = sourcecode.swift; name = V0SettingsViewModel.swift; path = V0Settings/ViewModels/V0SettingsViewModel.swift; sourceTree = "<group>"; };
		F552107853AFCD394F91A728 /* Endpoint.swift */ = {isa = PBXFileReference; lastKnownFileType = sourcecode.swift; path = Endpoint.swift; sourceTree = "<group>"; };
		FC456CDD8C39156E63D6F9B1 /* String+Extensions.swift */ = {isa = PBXFileReference; lastKnownFileType = sourcecode.swift; path = "String+Extensions.swift"; sourceTree = "<group>"; };
		FDAF549B932457C10BC1289D /* V0UsageSummaryCard.swift */ = {isa = PBXFileReference; includeInIndex = 1; lastKnownFileType = sourcecode.swift; name = V0UsageSummaryCard.swift; path = V0Home/Views/V0UsageSummaryCard.swift; sourceTree = "<group>"; };
/* End PBXFileReference section */

/* Begin PBXFrameworksBuildPhase section */
		3638605C309F79D218120E13 /* Frameworks */ = {
			isa = PBXFrameworksBuildPhase;
			buildActionMask = 2147483647;
			files = (
			);
			runOnlyForDeploymentPostprocessing = 0;
		};
		7A9DB7CFA6FD8827BCB5D85F /* Frameworks */ = {
			isa = PBXFrameworksBuildPhase;
			buildActionMask = 2147483647;
			files = (
				D084BDF72F16DAE10029EF8C /* BuildFile in Frameworks */,
			);
			runOnlyForDeploymentPostprocessing = 0;
		};
		B0D1B7C2D6F6311F85D9CC8B /* Frameworks */ = {
			isa = PBXFrameworksBuildPhase;
			buildActionMask = 2147483647;
			files = (
			);
			runOnlyForDeploymentPostprocessing = 0;
		};
		FBF4E9DE0297760641BA4AFB /* Frameworks */ = {
			isa = PBXFrameworksBuildPhase;
			buildActionMask = 2147483647;
			files = (
			);
			runOnlyForDeploymentPostprocessing = 0;
		};
/* End PBXFrameworksBuildPhase section */

/* Begin PBXGroup section */
		0387721FC299ECED8E7986D2 /* Typography */ = {
			isa = PBXGroup;
			children = (
				C791B82D2183DF2F38ED1A43 /* AppTypography.swift */,
			);
			path = Typography;
			sourceTree = "<group>";
		};
		03A8FCB87744DD0BB07F9D95 /* Admin */ = {
			isa = PBXGroup;
			children = (
				107F0105E48D66ABBEDF478D /* Views */,
			);
			path = Admin;
			sourceTree = "<group>";
		};
		0489A42635F6DB7B99802DD8 /* Sessions */ = {
			isa = PBXGroup;
			children = (
				11630314A1A32E18183ED41F /* ActiveMock */,
				272366B5ED4720CBCAE28B51 /* Create */,
				81B313E15320DB46D5F0525B /* ViewModels */,
				D9ADDBC3577717CA55C00537 /* Views */,
			);
			path = Sessions;
			sourceTree = "<group>";
		};
		072748EA4E3C7BE126806D30 /* Core */ = {
			isa = PBXGroup;
			children = (
				6589E7A9893DCCBC5143A673 /* Services */,
			);
			name = Core;
			sourceTree = "<group>";
		};
		07BD946B4BDB742415F4905F /* ActivityFeed */ = {
			isa = PBXGroup;
			children = (
				B3BC292C9CD2845BB66E78A7 /* ViewModels */,
				D4E4334FD1485608481FB986 /* Views */,
			);
			path = ActivityFeed;
			sourceTree = "<group>";
		};
		0AFFFA9915B2F3B6A4E346AF /* Friends */ = {
			isa = PBXGroup;
			children = (
				74047ED58D566E9979E94E41 /* Models */,
				6A58B2A83D73BF5CCC60F588 /* ViewModels */,
				16EBA7C4270C7117F3235B78 /* Views */,
			);
			path = Friends;
			sourceTree = "<group>";
		};
		0CF7AE7CDB971EE346B409E2 /* Proofs */ = {
			isa = PBXGroup;
			children = (
				95FDD3FC736BE069D4189AE4 /* Capture */,
				5826084C4D6ADF583E5EBD7A /* ViewModels */,
				D5C9F983A379228226B97C62 /* Views */,
			);
			path = Proofs;
			sourceTree = "<group>";
		};
		0D73E222F284CB2FF5649686 /* vinaygovindaraju */ = {
			isa = PBXGroup;
			children = (
				16C835EDC6024E30186E965D /* Documents */,
			);
			name = vinaygovindaraju;
			sourceTree = "<group>";
		};
		0E07092985FEACBD2283AD09 /* Internal */ = {
			isa = PBXGroup;
			children = (
				03A8FCB87744DD0BB07F9D95 /* Admin */,
			);
			path = Internal;
			sourceTree = "<group>";
		};
		107F0105E48D66ABBEDF478D /* Views */ = {
			isa = PBXGroup;
			children = (
			);
			path = Views;
			sourceTree = "<group>";
		};
		11630314A1A32E18183ED41F /* ActiveMock */ = {
			isa = PBXGroup;
			children = (
			);
			path = ActiveMock;
			sourceTree = "<group>";
		};
		1324EC110CADE76B620F57E9 /* Keychain */ = {
			isa = PBXGroup;
			children = (
				5E7D999A07DB4D3EB27F0A5A /* AppleSignInCoordinator.swift */,
				2979C66DCA22E7689D5ED8B1 /* KeychainService.swift */,
			);
			path = Keychain;
			sourceTree = "<group>";
		};
		15D0943EBB52C867B42CCFE3 /* AnchorApp */ = {
			isa = PBXGroup;
			children = (
				072748EA4E3C7BE126806D30 /* Core */,
			);
			name = AnchorApp;
			sourceTree = "<group>";
		};
		16C835EDC6024E30186E965D /* Documents */ = {
			isa = PBXGroup;
			children = (
				6F38E4EEA02D7FA08F93E406 /* Projects */,
			);
			name = Documents;
			sourceTree = "<group>";
		};
		16EBA7C4270C7117F3235B78 /* Views */ = {
			isa = PBXGroup;
			children = (
			);
			path = Views;
			sourceTree = "<group>";
		};
		1D772597B8C2A9429A0CD961 /* Settings */ = {
			isa = PBXGroup;
			children = (
				CAC6D50EC549DCAA3A6F07FB /* ViewModels */,
				9F0FCA100AF45EA18A1AA574 /* Views */,
			);
			path = Settings;
			sourceTree = "<group>";
		};
		21B526E0F97D5EF3D8A3595A /* Extensions */ = {
			isa = PBXGroup;
			children = (
				7B2A19EF59B3CE21DB0F5C3E /* Date+Extensions.swift */,
				FC456CDD8C39156E63D6F9B1 /* String+Extensions.swift */,
				45D9D69BF2468570F79A09F0 /* View+Extensions.swift */,
				0F4DF3D6AE0A94E294914CCB /* AppGroupStorage+FamilyControls.swift */,
				A1F0B8C2D3E4F50617283940 /* ApplicationToken+Alias.swift */,
			);
			path = Extensions;
			sourceTree = "<group>";
		};
		21FF29000BDF7506BA1777D1 /* Views */ = {
			isa = PBXGroup;
			children = (
			);
			path = Views;
			sourceTree = "<group>";
		};
		225E274B3D3C3CCCADC978A6 /* Views */ = {
			isa = PBXGroup;
			children = (
				3A24959F2979C2DCAB7136E9 /* V0OnboardingRootView.swift */,
				475BCC1E58EE9866926C1ACA /* V0UnlockRuleSetupView.swift */,
				7C334ABA226FCA018554D804 /* V0AppPresetSelectionView.swift */,
				D53FDEE4278555BD00D77420 /* V0AppSelectionView.swift */,
				8C257AC9ABBA57FBB5AAD3DD /* V0AuthEntryView.swift */,
				1BCE823C49CAC30548FE2EE0 /* V0GoalSetupView.swift */,
			);
			name = Views;
			sourceTree = "<group>";
		};
		272366B5ED4720CBCAE28B51 /* Create */ = {
			isa = PBXGroup;
			children = (
			);
			path = Create;
			sourceTree = "<group>";
		};
		2840534DFD2853A4879322B8 /* Services */ = {
			isa = PBXGroup;
			children = (
				0995A075C67F06B0737B651F /* AuthService.swift */,
				2F37959C7559BBB6C753E47F /* ScreenTimeService.swift */,
				BAFA153E7D3BA1DBAA6B99F9 /* ScreenTimeServiceProtocol.swift */,
				BB15DB6814EAC579945BCC06 /* V0UnlockPolicyService.swift */,
				7217144F8231F0976D45AB3B /* V0DailyResetService.swift */,
				B83FEAEB8F6CB2F9531445F8 /* V0GoalService.swift */,
				ECF15393519394981D72EE09 /* V0AppBucketingService.swift */,
			);
			path = Services;
			sourceTree = "<group>";
		};
		28C855316DCDFD1479234D97 /* Core */ = {
			isa = PBXGroup;
			children = (
				2C24EACE918F61564A1AB0C2 /* DesignSystem */,
				E771C7F185D598EAC8124EDF /* Networking */,
				937160D4B525ABE7390A4940 /* Notifications */,
				2840534DFD2853A4879322B8 /* Services */,
				447E9B55B76240D395082E73 /* ViewModels */,
				9C892735F443E863AFB6006E /* Utilities */,
				A42CF6F725318FD202930820 /* Constants.swift */,
			);
			path = Core;
			sourceTree = "<group>";
		};
		2C24EACE918F61564A1AB0C2 /* DesignSystem */ = {
			isa = PBXGroup;
			children = (
				9E46CE11F08CC56C0743AFD5 /* Colors */,
				8777462F66A71C5012B9219C /* Components */,
				0387721FC299ECED8E7986D2 /* Typography */,
				CA652C7CA5E559A37046EEBD /* Theme.swift */,
			);
			path = DesignSystem;
			sourceTree = "<group>";
		};
		2C87AAF29932F92023C91E51 /* AppSelection */ = {
			isa = PBXGroup;
			children = (
				505C14F658D3F936D75DCE77 /* ViewModels */,
			);
			path = AppSelection;
			sourceTree = "<group>";
		};
		300C0DEE78E4E0695BE3BA00 /* Toast */ = {
			isa = PBXGroup;
			children = (
			);
			path = Toast;
			sourceTree = "<group>";
		};
		31EC234A662B7616B1DB71CE /* V0Settings */ = {
			isa = PBXGroup;
			children = (
				9A1EC08AAF3D658099B6B864 /* Views */,
				6F6D0A622C6B20E3896DB82E /* ViewModels */,
			);
			name = V0Settings;
			sourceTree = "<group>";
		};
		35DB330A167CF1D3FEB0D5E0 /* V0Onboarding */ = {
			isa = PBXGroup;
			children = (
				225E274B3D3C3CCCADC978A6 /* Views */,
				DFAF7593989FAFE3DDF6E284 /* ViewModels */,
			);
			name = V0Onboarding;
			sourceTree = "<group>";
		};
		36B19ADF70043F8D84E208E0 /* Views */ = {
			isa = PBXGroup;
			children = (
			);
			path = Views;
			sourceTree = "<group>";
		};
		3897EF3242C815542847F5EF /* Insights */ = {
			isa = PBXGroup;
			children = (
				6E23B14E7655E3E6B683725B /* ViewModels */,
				36B19ADF70043F8D84E208E0 /* Views */,
			);
			path = Insights;
			sourceTree = "<group>";
		};
		3A7E0C79AB1F8615714BD135 /* Views */ = {
			isa = PBXGroup;
			children = (
			);
			path = Views;
			sourceTree = "<group>";
		};
		447E9B55B76240D395082E73 /* ViewModels */ = {
			isa = PBXGroup;
			children = (
			);
			path = ViewModels;
			sourceTree = "<group>";
		};
		46410E71C6F705DD1BC039D5 /* Models */ = {
			isa = PBXGroup;
			children = (
			);
			name = Models;
			sourceTree = "<group>";
		};
		505C14F658D3F936D75DCE77 /* ViewModels */ = {
			isa = PBXGroup;
			children = (
			);
			path = ViewModels;
			sourceTree = "<group>";
		};
		563FD7251EA8854D86BF1EDD /* ViewModels */ = {
			isa = PBXGroup;
			children = (
			);
			path = ViewModels;
			sourceTree = "<group>";
		};
		5826084C4D6ADF583E5EBD7A /* ViewModels */ = {
			isa = PBXGroup;
			children = (
			);
			path = ViewModels;
			sourceTree = "<group>";
		};
		58DF44ACFBF4AAACA7296083 /* Auth */ = {
			isa = PBXGroup;
			children = (
				76677CB254441339058A6A53 /* Coordinators */,
				C35BE70527A1B73FC07B80E7 /* ViewModels */,
				3A7E0C79AB1F8615714BD135 /* Views */,
			);
			path = Auth;
			sourceTree = "<group>";
		};
		60ED46D5A27F1452D3A96F0C /* DesignSystem */ = {
			isa = PBXGroup;
			children = (
				FCDBF5E53088C208C6C72391 /* Colors */,
			);
			path = DesignSystem;
			sourceTree = "<group>";
		};
		63E20C51927725C3BB01C7A6 /* Views */ = {
			isa = PBXGroup;
			children = (
			);
			path = Views;
			sourceTree = "<group>";
		};
		6589E7A9893DCCBC5143A673 /* Services */ = {
			isa = PBXGroup;
			children = (
			);
			name = Services;
			sourceTree = "<group>";
		};
		69161805138D3710A0B0D190 /* AnchorShieldExtension */ = {
			isa = PBXGroup;
			children = (
				D6A64F7FFACFD0EBAD8840B8 /* ShieldDesignSystem.swift */,
				68052AC71655051321EB6516 /* ShieldExtension.swift */,
				0817214383B820C22BE4E4AA /* ShieldView.swift */,
				0DA33420518623810E3E40DD /* ShieldViewModel.swift */,
			);
			path = AnchorShieldExtension;
			sourceTree = "<group>";
		};
		6A58B2A83D73BF5CCC60F588 /* ViewModels */ = {
			isa = PBXGroup;
			children = (
			);
			path = ViewModels;
			sourceTree = "<group>";
		};
		6CF05538F4B0EB212E726656 /* OnboardingScreenTime */ = {
			isa = PBXGroup;
			children = (
			);
			path = OnboardingScreenTime;
			sourceTree = "<group>";
		};
		6E23B14E7655E3E6B683725B /* ViewModels */ = {
			isa = PBXGroup;
			children = (
			);
			path = ViewModels;
			sourceTree = "<group>";
		};
		6F38E4EEA02D7FA08F93E406 /* Projects */ = {
			isa = PBXGroup;
			children = (
				7C55BE79BC1A2D4C604AB54B /* Active */,
			);
			name = Projects;
			sourceTree = "<group>";
		};
		6F6D0A622C6B20E3896DB82E /* ViewModels */ = {
			isa = PBXGroup;
			children = (
				F1D2DE10923C8EAB512A6A0E /* V0SettingsViewModel.swift */,
			);
			name = ViewModels;
			sourceTree = "<group>";
		};
		74047ED58D566E9979E94E41 /* Models */ = {
			isa = PBXGroup;
			children = (
			);
			path = Models;
			sourceTree = "<group>";
		};
		76677CB254441339058A6A53 /* Coordinators */ = {
			isa = PBXGroup;
			children = (
			);
			path = Coordinators;
			sourceTree = "<group>";
		};
		78DDB962530F33E8C59B01D8 /* Logging */ = {
			isa = PBXGroup;
			children = (
			);
			path = Logging;
			sourceTree = "<group>";
		};
		7909DF473F74ED8ED537926D /* Views */ = {
			isa = PBXGroup;
			children = (
				FDAF549B932457C10BC1289D /* V0UsageSummaryCard.swift */,
				EA9C7DB0FA43BA596A1CB51D /* V0GoalCompleteView.swift */,
				E64337811B58519E0102DAB7 /* V0GoalsListView.swift */,
				6BC912CC9471192D36AA1BF4 /* V0HomeView.swift */,
				27AE4D0F7CEF8077C4A8CD66 /* V0RootView.swift */,
			);
			name = Views;
			sourceTree = "<group>";
		};
		7A19CC0A58F653E72E4F0052 /* Notifications */ = {
			isa = PBXGroup;
			children = (
			);
			path = Notifications;
			sourceTree = "<group>";
		};
		7C55BE79BC1A2D4C604AB54B /* Active */ = {
			isa = PBXGroup;
			children = (
				EC451960B0E7781ABFCFB8FF /* Anchor */,
			);
			name = Active;
			sourceTree = "<group>";
		};
		7CFF8831D25698201A6A3B2C /* Root */ = {
			isa = PBXGroup;
			children = (
			);
			path = Root;
			sourceTree = "<group>";
		};
		7D852DFD9B9150D6FC7F5EDC /* ViewModels */ = {
			isa = PBXGroup;
			children = (
				166D34794412EA1E895E2F03 /* V0HomeViewModel.swift */,
			);
			name = ViewModels;
			sourceTree = "<group>";
		};
		8163AD2C2FE46BC7BB6FA7AE /* Messaging */ = {
			isa = PBXGroup;
			children = (
			);
			name = Messaging;
			sourceTree = "<group>";
		};
		81B313E15320DB46D5F0525B /* ViewModels */ = {
			isa = PBXGroup;
			children = (
			);
			path = ViewModels;
			sourceTree = "<group>";
		};
		848F34C795703623A195B387 /* ViewModels */ = {
			isa = PBXGroup;
			children = (
			);
			path = ViewModels;
			sourceTree = "<group>";
		};
		8777462F66A71C5012B9219C /* Components */ = {
			isa = PBXGroup;
			children = (
				CD7FEC9810E2F9A60632EC5F /* AppButtonStyle.swift */,
				4184A4003A913ED07EE80017 /* AppCardStyle.swift */,
				57E8C70F5E35E84821620DE2 /* AppTextFieldStyle.swift */,
			);
			path = Components;
			sourceTree = "<group>";
		};
		87DB0550EBF4799A68247D39 /* ImageProcessing */ = {
			isa = PBXGroup;
			children = (
			);
			path = ImageProcessing;
			sourceTree = "<group>";
		};
		88564E040730F18FD266F35B /* ViewModels */ = {
			isa = PBXGroup;
			children = (
			);
			path = ViewModels;
			sourceTree = "<group>";
		};
		8B60E3824A4B5D0B534EFDAE /* Products */ = {
			isa = PBXGroup;
			children = (
			);
			name = Products;
			sourceTree = "<group>";
		};
		92EAE088C7D2D7F68A840DBA /* Shared */ = {
			isa = PBXGroup;
			children = (
				46410E71C6F705DD1BC039D5 /* Models */,
				8163AD2C2FE46BC7BB6FA7AE /* Messaging */,
			);
			name = Shared;
			sourceTree = "<group>";
		};
		937160D4B525ABE7390A4940 /* Notifications */ = {
			isa = PBXGroup;
			children = (
			);
			path = Notifications;
			sourceTree = "<group>";
		};
		94D450B8F689EC9B74D5490E /* Animations */ = {
			isa = PBXGroup;
			children = (
			);
			path = Animations;
			sourceTree = "<group>";
		};
		95CE09A304C9FF31F9BE0277 /* Goals */ = {
			isa = PBXGroup;
			children = (
				B1B869CBA4CAEE9893E7A469 /* Views */,
			);
			path = Goals;
			sourceTree = "<group>";
		};
		95F4DD8EA353BA220DBAA119 /* Skeleton */ = {
			isa = PBXGroup;
			children = (
			);
			path = Skeleton;
			sourceTree = "<group>";
		};
		95FDD3FC736BE069D4189AE4 /* Capture */ = {
			isa = PBXGroup;
			children = (
			);
			path = Capture;
			sourceTree = "<group>";
		};
		9622EA304344C3DF724E933A /* AnchorApp */ = {
			isa = PBXGroup;
			children = (
				D2C1E41D20E80AE43A4D0200 /* Config */,
				28C855316DCDFD1479234D97 /* Core */,
				AF9E057DD85AD6B7881C2150 /* Features */,
				0E07092985FEACBD2283AD09 /* Internal */,
				CC386F943F1606A78BCEA5D3 /* Navigation */,
				AC8866A4D6A8C5C1CB3A70EE /* SharedUI */,
				864B1004BF0EE501E3B58FD7 /* Info.plist */,
				D084BDF92F16E1C70029EF8C /* AnchorAppApp.swift */,
				11EEE94EB191D928465CBCC0 /* AnchorShieldExtension.entitlements */,
				D093EBED2F2A7091004A8476 /* AnchorApp.entitlements */,
			);
			path = AnchorApp;
			sourceTree = "<group>";
		};
		9A1EC08AAF3D658099B6B864 /* Views */ = {
			isa = PBXGroup;
			children = (
				0E771EB7F597A894417B9400 /* V0SettingsView.swift */,
				44ED310A43D1DF9CC8F76EE9 /* V0ResetTimeView.swift */,
			);
			name = Views;
			sourceTree = "<group>";
		};
		9B82B7E3D8943D7B8762C360 /* TabBar */ = {
			isa = PBXGroup;
			children = (
			);
			path = TabBar;
			sourceTree = "<group>";
		};
		9C892735F443E863AFB6006E /* Utilities */ = {
			isa = PBXGroup;
			children = (
				21B526E0F97D5EF3D8A3595A /* Extensions */,
				87DB0550EBF4799A68247D39 /* ImageProcessing */,
				1324EC110CADE76B620F57E9 /* Keychain */,
				B28048675B0DCE60CA1750D7 /* Logging */,
			);
			path = Utilities;
			sourceTree = "<group>";
		};
		9D401C3BB9E8574C3C973FBF /* User */ = {
			isa = PBXGroup;
			children = (
				88564E040730F18FD266F35B /* ViewModels */,
				D5818C45BB9B563281AA5E19 /* Views */,
			);
			path = User;
			sourceTree = "<group>";
		};
		9E46CE11F08CC56C0743AFD5 /* Colors */ = {
			isa = PBXGroup;
			children = (
				7F20BD3F8780D680CC044C0D /* AppColors.swift */,
			);
			path = Colors;
			sourceTree = "<group>";
		};
		9F0FCA100AF45EA18A1AA574 /* Views */ = {
			isa = PBXGroup;
			children = (
			);
			path = Views;
			sourceTree = "<group>";
		};
		AC8866A4D6A8C5C1CB3A70EE /* SharedUI */ = {
			isa = PBXGroup;
			children = (
				94D450B8F689EC9B74D5490E /* Animations */,
				CC6630BC7B3BD93D1A890F7C /* EmptyState */,
				D7D6565E137DD98B6CDE57CD /* Error */,
				C5931F254C0DDB2C6B802A62 /* Loading */,
				95F4DD8EA353BA220DBAA119 /* Skeleton */,
				9B82B7E3D8943D7B8762C360 /* TabBar */,
				300C0DEE78E4E0695BE3BA00 /* Toast */,
			);
			path = SharedUI;
			sourceTree = "<group>";
		};
		AE2145C8C36D79CACCC12333 /* AnalyticsDashboard */ = {
			isa = PBXGroup;
			children = (
				848F34C795703623A195B387 /* ViewModels */,
				63E20C51927725C3BB01C7A6 /* Views */,
			);
			path = AnalyticsDashboard;
			sourceTree = "<group>";
		};
		AF5B67DD12310024C491F720 /* Views */ = {
			isa = PBXGroup;
			children = (
			);
			path = Views;
			sourceTree = "<group>";
		};
		AF9E057DD85AD6B7881C2150 /* Features */ = {
			isa = PBXGroup;
			children = (
				07BD946B4BDB742415F4905F /* ActivityFeed */,
				AE2145C8C36D79CACCC12333 /* AnalyticsDashboard */,
				2C87AAF29932F92023C91E51 /* AppSelection */,
				58DF44ACFBF4AAACA7296083 /* Auth */,
				0AFFFA9915B2F3B6A4E346AF /* Friends */,
				95CE09A304C9FF31F9BE0277 /* Goals */,
				3897EF3242C815542847F5EF /* Insights */,
				7A19CC0A58F653E72E4F0052 /* Notifications */,
				B168842D4986471370FE6EE3 /* Onboarding */,
				6CF05538F4B0EB212E726656 /* OnboardingScreenTime */,
				0CF7AE7CDB971EE346B409E2 /* Proofs */,
				B61FE3530E0C1A8F5BC46692 /* Reflection */,
				7CFF8831D25698201A6A3B2C /* Root */,
				0489A42635F6DB7B99802DD8 /* Sessions */,
				1D772597B8C2A9429A0CD961 /* Settings */,
				ECA13215C706A14DCAE56327 /* UnlockRequests */,
				35DB330A167CF1D3FEB0D5E0 /* V0Onboarding */,
				BEEF24F6603A990FA93F29CA /* V0Home */,
				31EC234A662B7616B1DB71CE /* V0Settings */,
			);
			path = Features;
			sourceTree = "<group>";
		};
		B168842D4986471370FE6EE3 /* Onboarding */ = {
			isa = PBXGroup;
			children = (
				D904BD33E4D4223CE99782B8 /* ViewModels */,
				21FF29000BDF7506BA1777D1 /* Views */,
			);
			path = Onboarding;
			sourceTree = "<group>";
		};
		B1B869CBA4CAEE9893E7A469 /* Views */ = {
			isa = PBXGroup;
			children = (
			);
			path = Views;
			sourceTree = "<group>";
		};
		B28048675B0DCE60CA1750D7 /* Logging */ = {
			isa = PBXGroup;
			children = (
			);
			path = Logging;
			sourceTree = "<group>";
		};
		B3BC292C9CD2845BB66E78A7 /* ViewModels */ = {
			isa = PBXGroup;
			children = (
			);
			path = ViewModels;
			sourceTree = "<group>";
		};
		B61FE3530E0C1A8F5BC46692 /* Reflection */ = {
			isa = PBXGroup;
			children = (
				EB7465DEF3BFFBE0595B1880 /* ViewModels */,
				CB8FCFC021C76B46657D72A0 /* Views */,
			);
			path = Reflection;
			sourceTree = "<group>";
		};
		BEEF24F6603A990FA93F29CA /* V0Home */ = {
			isa = PBXGroup;
			children = (
				7909DF473F74ED8ED537926D /* Views */,
				7D852DFD9B9150D6FC7F5EDC /* ViewModels */,
			);
			name = V0Home;
			sourceTree = "<group>";
		};
		BFD12E9A3D645E4AD831EA1D = {
			isa = PBXGroup;
			children = (
				9622EA304344C3DF724E933A /* AnchorApp */,
				69161805138D3710A0B0D190 /* AnchorShieldExtension */,
				F5D9CE7CEA41DFAC08C97AB7 /* AnchorShieldActionExtension */,
				D093EC392F2A76FD004A8476 /* Shared */,
				C2BB8834B04F438E7A3BE7D2 /* Frameworks */,
				8B60E3824A4B5D0B534EFDAE /* Products */,
				EC28A6A0B4AA9F8AE46DCC8C /* Users */,
			);
			sourceTree = "<group>";
		};
		C2BB8834B04F438E7A3BE7D2 /* Frameworks */ = {
			isa = PBXGroup;
			children = (
			);
			name = Frameworks;
			sourceTree = "<group>";
		};
		C35BE70527A1B73FC07B80E7 /* ViewModels */ = {
			isa = PBXGroup;
			children = (
			);
			path = ViewModels;
			sourceTree = "<group>";
		};
		C5931F254C0DDB2C6B802A62 /* Loading */ = {
			isa = PBXGroup;
			children = (
			);
			path = Loading;
			sourceTree = "<group>";
		};
		CAC6D50EC549DCAA3A6F07FB /* ViewModels */ = {
			isa = PBXGroup;
			children = (
			);
			path = ViewModels;
			sourceTree = "<group>";
		};
		CB8FCFC021C76B46657D72A0 /* Views */ = {
			isa = PBXGroup;
			children = (
			);
			path = Views;
			sourceTree = "<group>";
		};
		CC386F943F1606A78BCEA5D3 /* Navigation */ = {
			isa = PBXGroup;
			children = (
			);
			path = Navigation;
			sourceTree = "<group>";
		};
		CC6630BC7B3BD93D1A890F7C /* EmptyState */ = {
			isa = PBXGroup;
			children = (
			);
			path = EmptyState;
			sourceTree = "<group>";
		};
		D093EC252F2A76FD004A8476 /* Analytics */ = {
			isa = PBXGroup;
			children = (
			);
			path = Analytics;
			sourceTree = "<group>";
		};
		D093EC272F2A76FD004A8476 /* Messaging */ = {
			isa = PBXGroup;
			children = (
				C71138F627EB2A87AC3E73C2 /* V0ShieldMessages.swift */,
			);
			path = Messaging;
			sourceTree = "<group>";
		};
		D093EC352F2A76FD004A8476 /* Models */ = {
			isa = PBXGroup;
			children = (
				D093EC332F2A76FD004A8476 /* User.swift */,
				D093EC342F2A76FD004A8476 /* UserRole.swift */,
				31711A8F4027F2E099F34B93 /* V0Goal.swift */,
				B309BD6A32F8F4F7928C4677 /* V0AppSelection.swift */,
				44E39C4E9C66396D9759EB5E /* V0UnlockMode.swift */,
				523C5ACDDA3E4AAEFDBA8AB6 /* V0UnlockConfig.swift */,
				6D68B64B0FE77E81AF1D221B /* V0AppBucket.swift */,
				2F01B9EA8D2CDF5B493982BD /* V0DailyState.swift */,
				7554F6BACB432E3CCDEBDAAC /* V0GoalCategory.swift */,
			);
			path = Models;
			sourceTree = "<group>";
		};
		D093EC372F2A76FD004A8476 /* Storage */ = {
			isa = PBXGroup;
			children = (
				D093EC362F2A76FD004A8476 /* AppGroupStorage.swift */,
			);
			path = Storage;
			sourceTree = "<group>";
		};
		D093EC392F2A76FD004A8476 /* Shared */ = {
			isa = PBXGroup;
			children = (
				D093EC252F2A76FD004A8476 /* Analytics */,
				60ED46D5A27F1452D3A96F0C /* DesignSystem */,
				D093EC272F2A76FD004A8476 /* Messaging */,
				D093EC352F2A76FD004A8476 /* Models */,
				D093EC372F2A76FD004A8476 /* Storage */,
				78DDB962530F33E8C59B01D8 /* Logging */,
			);
			path = Shared;
			sourceTree = "<group>";
		};
		D2C1E41D20E80AE43A4D0200 /* Config */ = {
			isa = PBXGroup;
			children = (
				4EDC74587745A8CD546832E5 /* AppConfig.swift */,
				E065B4F69E06747E92A8DE83 /* Secrets.swift */,
			);
			path = Config;
			sourceTree = "<group>";
		};
		D4E4334FD1485608481FB986 /* Views */ = {
			isa = PBXGroup;
			children = (
			);
			path = Views;
			sourceTree = "<group>";
		};
		D5818C45BB9B563281AA5E19 /* Views */ = {
			isa = PBXGroup;
			children = (
			);
			path = Views;
			sourceTree = "<group>";
		};
		D5C9F983A379228226B97C62 /* Views */ = {
			isa = PBXGroup;
			children = (
			);
			path = Views;
			sourceTree = "<group>";
		};
		D7D6565E137DD98B6CDE57CD /* Error */ = {
			isa = PBXGroup;
			children = (
			);
			path = Error;
			sourceTree = "<group>";
		};
		D904BD33E4D4223CE99782B8 /* ViewModels */ = {
			isa = PBXGroup;
			children = (
			);
			path = ViewModels;
			sourceTree = "<group>";
		};
		D9ADDBC3577717CA55C00537 /* Views */ = {
			isa = PBXGroup;
			children = (
			);
			path = Views;
			sourceTree = "<group>";
		};
		DFAF7593989FAFE3DDF6E284 /* ViewModels */ = {
			isa = PBXGroup;
			children = (
				ACF7B970AB67EEA692A50FF0 /* V0OnboardingViewModel.swift */,
			);
			name = ViewModels;
			sourceTree = "<group>";
		};
		E771C7F185D598EAC8124EDF /* Networking */ = {
			isa = PBXGroup;
			children = (
				88490848B8E0558A82C695DF /* APIClient.swift */,
				F552107853AFCD394F91A728 /* Endpoint.swift */,
			);
			path = Networking;
			sourceTree = "<group>";
		};
		EB7465DEF3BFFBE0595B1880 /* ViewModels */ = {
			isa = PBXGroup;
			children = (
			);
			path = ViewModels;
			sourceTree = "<group>";
		};
		EC28A6A0B4AA9F8AE46DCC8C /* Users */ = {
			isa = PBXGroup;
			children = (
				0D73E222F284CB2FF5649686 /* vinaygovindaraju */,
			);
			name = Users;
			sourceTree = "<group>";
		};
		EC451960B0E7781ABFCFB8FF /* Anchor */ = {
			isa = PBXGroup;
			children = (
				15D0943EBB52C867B42CCFE3 /* AnchorApp */,
				92EAE088C7D2D7F68A840DBA /* Shared */,
			);
			name = Anchor;
			sourceTree = "<group>";
		};
		ECA13215C706A14DCAE56327 /* UnlockRequests */ = {
			isa = PBXGroup;
			children = (
				9D401C3BB9E8574C3C973FBF /* User */,
				563FD7251EA8854D86BF1EDD /* ViewModels */,
				AF5B67DD12310024C491F720 /* Views */,
			);
			path = UnlockRequests;
			sourceTree = "<group>";
		};
		F5D9CE7CEA41DFAC08C97AB7 /* AnchorShieldActionExtension */ = {
			isa = PBXGroup;
			children = (
				59519010F216ECFA2E602829 /* ShieldActionExtension.swift */,
			);
			path = AnchorShieldActionExtension;
			sourceTree = "<group>";
		};
		FCDBF5E53088C208C6C72391 /* Colors */ = {
			isa = PBXGroup;
			children = (
				86C672B82AF4716CF987F5C5 /* AppColors.swift */,
			);
			path = Colors;
			sourceTree = "<group>";
		};
/* End PBXGroup section */

/* Begin PBXNativeTarget section */
		6FD299F6FFA37B93D79845A9 /* AnchorShieldActionExtension */ = {
			isa = PBXNativeTarget;
			buildConfigurationList = 206713E5DEBAE459D1901E12 /* Build configuration list for PBXNativeTarget "AnchorShieldActionExtension" */;
			buildPhases = (
				8DF4B7B5F37D0F08340A4733 /* Sources */,
				3638605C309F79D218120E13 /* Frameworks */,
				866B0F5653C4CB58219B95BB /* Resources */,
			);
			buildRules = (
			);
			dependencies = (
				C938F967EEA6F3EF1A10B198 /* PBXTargetDependency */,
			);
			name = AnchorShieldActionExtension;
			productName = AnchorShieldActionExtension;
			productType = "com.apple.product-type.app-extension";
		};
		B2B48E60D36BE418BBFA7E12 /* AnchorApp */ = {
			isa = PBXNativeTarget;
			buildConfigurationList = 2FC145E8677017A2B85ED2AA /* Build configuration list for PBXNativeTarget "AnchorApp" */;
			buildPhases = (
				C431E84BA0D5F07B83F6CD60 /* Sources */,
				7A9DB7CFA6FD8827BCB5D85F /* Frameworks */,
				2F5B954DC14BBB3D70ED823D /* Resources */,
				716106843C7DB14D5A9C4F0A /* Embed Frameworks */,
				B5DFC4A18BF4EF3C2D1FA61C /* Embed Foundation Extensions */,
			);
			buildRules = (
			);
			dependencies = (
				970B1B4504C37A67C5903B7C /* PBXTargetDependency */,
				71B13F3A9DFE718ED2BF6948 /* PBXTargetDependency */,
				0DFA7A0127125F0F72ACC191 /* PBXTargetDependency */,
			);
			name = AnchorApp;
			productName = Anchor;
			productType = "com.apple.product-type.application";
		};
		F2F43499AA285D51B080BD0D /* AnchorShieldExtension */ = {
			isa = PBXNativeTarget;
			buildConfigurationList = 52D71BE192D29DCDE07B72BD /* Build configuration list for PBXNativeTarget "AnchorShieldExtension" */;
			buildPhases = (
				75F851060BC3F0BE8AA9E73A /* Sources */,
				B0D1B7C2D6F6311F85D9CC8B /* Frameworks */,
				1FDD7EBF2F8D0F34A2086560 /* Resources */,
			);
			buildRules = (
			);
			dependencies = (
				B1A6628FACFCE12518CA4D06 /* PBXTargetDependency */,
			);
			name = AnchorShieldExtension;
			productName = AnchorShieldExtension;
			productType = "com.apple.product-type.app-extension";
		};
		FB04CAD76C3500CE2AF0E518 /* Shared */ = {
			isa = PBXNativeTarget;
			buildConfigurationList = C674A17B61CABA0EBB399DE9 /* Build configuration list for PBXNativeTarget "Shared" */;
			buildPhases = (
				8831EC1A5B8D945B67C08919 /* Sources */,
				FBF4E9DE0297760641BA4AFB /* Frameworks */,
				1844A4004970CD0C885569FE /* Resources */,
			);
			buildRules = (
			);
			dependencies = (
			);
			name = Shared;
			productName = Shared;
			productType = "com.apple.product-type.framework";
		};
/* End PBXNativeTarget section */

/* Begin PBXProject section */
		A90129D19684C3A745678B92 /* Project object */ = {
			isa = PBXProject;
			attributes = {
				BuildIndependentTargetsInParallel = YES;
				LastUpgradeCheck = 2620;
				ORGANIZATIONNAME = vinay;
				TargetAttributes = {
					B2B48E60D36BE418BBFA7E12 = {
						SystemCapabilities = {
							com.apple.ApplicationGroups.iOS = {
								enabled = 1;
							};
							com.apple.DeviceActivity = {
								enabled = 1;
							};
							com.apple.FamilyControls = {
								enabled = 1;
							};
							com.apple.Push = {
								enabled = 1;
							};
						};
					};
					F2F43499AA285D51B080BD0D = {
						SystemCapabilities = {
							com.apple.ApplicationGroups.iOS = {
								enabled = 1;
							};
							com.apple.ManagedSettings = {
								enabled = 1;
							};
						};
					};
				};
			};
			buildConfigurationList = C7884E29098F413F86646D44 /* Build configuration list for PBXProject "Anchor" */;
			compatibilityVersion = "Xcode 14.0";
			developmentRegion = en;
			hasScannedForEncodings = 0;
			knownRegions = (
				en,
				Base,
			);
			mainGroup = BFD12E9A3D645E4AD831EA1D;
			productRefGroup = 8B60E3824A4B5D0B534EFDAE /* Products */;
			projectDirPath = "";
			projectRoot = "";
			targets = (
				B2B48E60D36BE418BBFA7E12 /* AnchorApp */,
				F2F43499AA285D51B080BD0D /* AnchorShieldExtension */,
				6FD299F6FFA37B93D79845A9 /* AnchorShieldActionExtension */,
				FB04CAD76C3500CE2AF0E518 /* Shared */,
			);
		};
/* End PBXProject section */

/* Begin PBXResourcesBuildPhase section */
		1844A4004970CD0C885569FE /* Resources */ = {
			isa = PBXResourcesBuildPhase;
			buildActionMask = 2147483647;
			files = (
			);
			runOnlyForDeploymentPostprocessing = 0;
		};
		1FDD7EBF2F8D0F34A2086560 /* Resources */ = {
			isa = PBXResourcesBuildPhase;
			buildActionMask = 2147483647;
			files = (
			);
			runOnlyForDeploymentPostprocessing = 0;
		};
		2F5B954DC14BBB3D70ED823D /* Resources */ = {
			isa = PBXResourcesBuildPhase;
			buildActionMask = 2147483647;
			files = (
			);
			runOnlyForDeploymentPostprocessing = 0;
		};
		866B0F5653C4CB58219B95BB /* Resources */ = {
			isa = PBXResourcesBuildPhase;
			buildActionMask = 2147483647;
			files = (
			);
			runOnlyForDeploymentPostprocessing = 0;
		};
/* End PBXResourcesBuildPhase section */

/* Begin PBXSourcesBuildPhase section */
		75F851060BC3F0BE8AA9E73A /* Sources */ = {
			isa = PBXSourcesBuildPhase;
			buildActionMask = 2147483647;
			files = (
				98BAF0389856BF17E575AB5D /* ShieldDesignSystem.swift in Sources */,
				EF0E69F93F368A46120B6058 /* ShieldExtension.swift in Sources */,
				3663D69EC2D068CF3E2C2578 /* ShieldView.swift in Sources */,
				0E7D8B7E1F4F3E205097684F /* ShieldViewModel.swift in Sources */,
			);
			runOnlyForDeploymentPostprocessing = 0;
		};
		8831EC1A5B8D945B67C08919 /* Sources */ = {
			isa = PBXSourcesBuildPhase;
			buildActionMask = 2147483647;
			files = (
				D093EC422F2A76FD004A8476 /* UserRole.swift in Sources */,
				D093EC4A2F2A76FD004A8476 /* AppGroupStorage.swift in Sources */,
				D093EC4D2F2A76FD004A8476 /* User.swift in Sources */,
				47732468DCEC8A0EE0AD0FE8 /* V0Goal.swift in Sources */,
				3AD3672D67BB18FA21391008 /* V0AppSelection.swift in Sources */,
				C8E4096D79858860D547B9D9 /* V0UnlockMode.swift in Sources */,
				600D8236FB2EEA728B3FE6B0 /* V0UnlockConfig.swift in Sources */,
				455B89EC71CAF718E6834553 /* V0AppBucket.swift in Sources */,
				74306A87D07133F5A89708E5 /* V0DailyState.swift in Sources */,
				FCC84A01E72B67ED4EF69172 /* V0GoalCategory.swift in Sources */,
				A0851F4D71266FE112AE71FE /* V0ShieldMessages.swift in Sources */,
				7802D0A25AEB97DB1CB560A2 /* AppColors.swift in Sources */,
			);
			runOnlyForDeploymentPostprocessing = 0;
		};
		8DF4B7B5F37D0F08340A4733 /* Sources */ = {
			isa = PBXSourcesBuildPhase;
			buildActionMask = 2147483647;
			files = (
				40CAF1C3A1171B751BCA1494 /* ShieldActionExtension.swift in Sources */,
			);
			runOnlyForDeploymentPostprocessing = 0;
		};
		C431E84BA0D5F07B83F6CD60 /* Sources */ = {
			isa = PBXSourcesBuildPhase;
			buildActionMask = 2147483647;
			files = (
				16DA7231A9A3C255E637636D /* AppConfig.swift in Sources */,
				0B6658C170B44D9BB2D375D0 /* Secrets.swift in Sources */,
				68CD45C48B7E806FCD29B334 /* Constants.swift in Sources */,
				F6E605FE1BF39CC39A594AC4 /* AppColors.swift in Sources */,
				F08751092F80FEE991998392 /* AppButtonStyle.swift in Sources */,
				6751DBC73DAE94625618C535 /* AppCardStyle.swift in Sources */,
				3B21643FFAC0A9ABCFB83271 /* AppTextFieldStyle.swift in Sources */,
				887A854F5E48985113771E94 /* Theme.swift in Sources */,
				6C91750637442646D7B312A7 /* AppTypography.swift in Sources */,
				6D815D1E22F40CF0B8B6DFD5 /* APIClient.swift in Sources */,
				070E1CD15C85BFB535ACA498 /* Endpoint.swift in Sources */,
				C20F2C0F6A18F1584A453225 /* AuthService.swift in Sources */,
				BA11AA4D3523AA7F35475852 /* ScreenTimeService.swift in Sources */,
				E05AA593D6D69AED02E59008 /* ScreenTimeServiceProtocol.swift in Sources */,
				BF6262352218F936E9489F8E /* Date+Extensions.swift in Sources */,
				B459AEB276FA9E425A7BAB3D /* String+Extensions.swift in Sources */,
				BB0BCF7B2B0DBDE0F7294668 /* View+Extensions.swift in Sources */,
				15798813EA9F1EFE890BC8E1 /* AppleSignInCoordinator.swift in Sources */,
				EB09AE4E7AA1EECE81A559BD /* KeychainService.swift in Sources */,
				D084BDFA2F16E1C70029EF8C /* AnchorAppApp.swift in Sources */,
				F0D160E76A8190202AE2C5F0 /* V0UnlockPolicyService.swift in Sources */,
				47A1FF8B0BC978A8DA887B83 /* V0DailyResetService.swift in Sources */,
				A2270A33DDFCD1EC21173324 /* V0GoalService.swift in Sources */,
				BF7F12CCFADE984ACD85BDF5 /* V0AppBucketingService.swift in Sources */,
				D25DB9DA002A5E63F0A9DA1F /* V0HomeViewModel.swift in Sources */,
				915F236251816066F3F729B9 /* V0UsageSummaryCard.swift in Sources */,
				E74B46F68B075691454DDCF0 /* V0GoalCompleteView.swift in Sources */,
				DC53CAFCF73E243D51CBE387 /* V0GoalsListView.swift in Sources */,
				A0DF9D2336B07563A633D76E /* V0HomeView.swift in Sources */,
				BC8912582AA66F8062E1276F /* V0RootView.swift in Sources */,
				832C39B36D48C94711D02AC6 /* V0SettingsViewModel.swift in Sources */,
				A0C0048C0E4C88106A06CF0A /* V0SettingsView.swift in Sources */,
				1B2F079B6CE5E90DB37E481C /* V0ResetTimeView.swift in Sources */,
				1D971B04C86AEB47F2A95104 /* V0OnboardingViewModel.swift in Sources */,
				694A62B2ADE2FFCB6BE3F96E /* V0OnboardingRootView.swift in Sources */,
				88913172B0AF6338973A4CA3 /* V0UnlockRuleSetupView.swift in Sources */,
				F2542001EF885768B173DECB /* V0AppPresetSelectionView.swift in Sources */,
				95D0039C8557319BDD6E8530 /* V0AppSelectionView.swift in Sources */,
				413E117BD444984929E50FF3 /* V0AuthEntryView.swift in Sources */,
				07931F0CC9B2B74BE9B1A6DA /* V0GoalSetupView.swift in Sources */,
				1534CCCFD3C2AE21AD290193 /* AppGroupStorage+FamilyControls.swift in Sources */,
				B2F1C0D3E4F50617283941A2 /* ApplicationToken+Alias.swift in Sources */,
			);
			runOnlyForDeploymentPostprocessing = 0;
		};
/* End PBXSourcesBuildPhase section */

/* Begin PBXTargetDependency section */
		0DFA7A0127125F0F72ACC191 /* PBXTargetDependency */ = {
			isa = PBXTargetDependency;
			target = 6FD299F6FFA37B93D79845A9 /* AnchorShieldActionExtension */;
			targetProxy = A8CE5BC6DF2DA8F8AEE65DF9 /* PBXContainerItemProxy */;
		};
		71B13F3A9DFE718ED2BF6948 /* PBXTargetDependency */ = {
			isa = PBXTargetDependency;
			target = F2F43499AA285D51B080BD0D /* AnchorShieldExtension */;
			targetProxy = FE32CFE3DE3940D15A8549B7 /* PBXContainerItemProxy */;
		};
		970B1B4504C37A67C5903B7C /* PBXTargetDependency */ = {
			isa = PBXTargetDependency;
			target = FB04CAD76C3500CE2AF0E518 /* Shared */;
			targetProxy = 8E73B61BF844396CF84B6198 /* PBXContainerItemProxy */;
		};
		B1A6628FACFCE12518CA4D06 /* PBXTargetDependency */ = {
			isa = PBXTargetDependency;
			target = FB04CAD76C3500CE2AF0E518 /* Shared */;
			targetProxy = B1BAE914D4ADC99A6E6CFA84 /* PBXContainerItemProxy */;
		};
		C938F967EEA6F3EF1A10B198 /* PBXTargetDependency */ = {
			isa = PBXTargetDependency;
			target = FB04CAD76C3500CE2AF0E518 /* Shared */;
			targetProxy = E7B17E6F4894CF611E768CE9 /* PBXContainerItemProxy */;
		};
/* End PBXTargetDependency section */

/* Begin XCBuildConfiguration section */
		5124AA9F0DF59FA8A4226C33 /* Release */ = {
			isa = XCBuildConfiguration;
			buildSettings = {
				ALWAYS_SEARCH_USER_PATHS = NO;
				CLANG_ENABLE_OBJC_WEAK = YES;
				DEAD_CODE_STRIPPING = YES;
				DEFINES_MODULE = YES;
				ENABLE_MODULE_VERIFIER = YES;
				INFOPLIST_FILE = Shared/Info.plist;
				IPHONEOS_DEPLOYMENT_TARGET = 16.0;
				MODULE_VERIFIER_SUPPORTED_LANGUAGE_STANDARDS = "gnu17 gnu++14";
				PRODUCT_BUNDLE_IDENTIFIER = com.vinay.Anchor.Shared;
				PRODUCT_NAME = Shared;
				SKIP_INSTALL = YES;
				SUPPORTED_PLATFORMS = "iphoneos iphonesimulator";
				SUPPORTS_MACCATALYST = NO;
				SWIFT_VERSION = 5.9;
				TARGETED_DEVICE_FAMILY = "1,2";
			};
			name = Release;
		};
		5556E9F5E86B79E145A36DA9 /* Release */ = {
			isa = XCBuildConfiguration;
			buildSettings = {
				ALWAYS_SEARCH_USER_PATHS = NO;
				ASSETCATALOG_COMPILER_APPICON_NAME = AppIcon;
				CLANG_ENABLE_OBJC_WEAK = YES;
				CODE_SIGN_ENTITLEMENTS = AnchorApp/AnchorApp.entitlements;
				CODE_SIGN_IDENTITY = "Apple Development";
				CODE_SIGN_STYLE = Automatic;
				DEAD_CODE_STRIPPING = YES;
				DEVELOPMENT_TEAM = 9HCZX4G6Y7;
				ENABLE_HARDENED_RUNTIME = YES;
				INFOPLIST_FILE = AnchorApp/Info.plist;
				IPHONEOS_DEPLOYMENT_TARGET = 16.0;
				LD_RUNPATH_SEARCH_PATHS = (
					"$(inherited)",
					"@executable_path/Frameworks",
				);
				PRODUCT_BUNDLE_IDENTIFIER = com.vinay.Anchor;
				PRODUCT_NAME = Anchor;
				PROVISIONING_PROFILE_SPECIFIER = "";
				SUPPORTED_PLATFORMS = "iphoneos iphonesimulator";
				SUPPORTS_MACCATALYST = NO;
				SWIFT_VERSION = 5.9;
				TARGETED_DEVICE_FAMILY = "1,2";
			};
			name = Release;
		};
		648E9209C6DEF78305B9D2D3 /* Debug */ = {
			isa = XCBuildConfiguration;
			buildSettings = {
				CLANG_WARN_BLOCK_CAPTURE_AUTORELEASING = YES;
				CLANG_WARN_BOOL_CONVERSION = YES;
				CLANG_WARN_COMMA = YES;
				CLANG_WARN_CONSTANT_CONVERSION = YES;
				CLANG_WARN_DEPRECATED_OBJC_IMPLEMENTATIONS = YES;
				CLANG_WARN_EMPTY_BODY = YES;
				CLANG_WARN_ENUM_CONVERSION = YES;
				CLANG_WARN_INFINITE_RECURSION = YES;
				CLANG_WARN_INT_CONVERSION = YES;
				CLANG_WARN_NON_LITERAL_NULL_CONVERSION = YES;
				CLANG_WARN_OBJC_IMPLICIT_RETAIN_SELF = YES;
				CLANG_WARN_OBJC_LITERAL_CONVERSION = YES;
				CLANG_WARN_QUOTED_INCLUDE_IN_FRAMEWORK_HEADER = YES;
				CLANG_WARN_RANGE_LOOP_ANALYSIS = YES;
				CLANG_WARN_STRICT_PROTOTYPES = YES;
				CLANG_WARN_SUSPICIOUS_MOVE = YES;
				CLANG_WARN_UNREACHABLE_CODE = YES;
				CLANG_WARN__DUPLICATE_METHOD_MATCH = YES;
				DEAD_CODE_STRIPPING = YES;
				DEBUG_INFORMATION_FORMAT = dwarf;
				ENABLE_STRICT_OBJC_MSGSEND = YES;
				ENABLE_TESTABILITY = YES;
				ENABLE_USER_SCRIPT_SANDBOXING = YES;
				GCC_NO_COMMON_BLOCKS = YES;
				GCC_WARN_64_TO_32_BIT_CONVERSION = YES;
				GCC_WARN_ABOUT_RETURN_TYPE = YES;
				GCC_WARN_UNDECLARED_SELECTOR = YES;
				GCC_WARN_UNINITIALIZED_AUTOS = YES;
				GCC_WARN_UNUSED_FUNCTION = YES;
				GCC_WARN_UNUSED_VARIABLE = YES;
				IPHONEOS_DEPLOYMENT_TARGET = 16.0;
				ONLY_ACTIVE_ARCH = YES;
				STRING_CATALOG_GENERATE_SYMBOLS = YES;
				SWIFT_VERSION = 5.9;
			};
			name = Debug;
		};
		692EAA147DB76BE85E0B8D17 /* Debug */ = {
			isa = XCBuildConfiguration;
			buildSettings = {
				ALWAYS_SEARCH_USER_PATHS = NO;
				APPLICATION_EXTENSION_API_ONLY = YES;
				CLANG_ENABLE_OBJC_WEAK = YES;
				CODE_SIGN_ENTITLEMENTS = AnchorApp/AnchorShieldExtension.entitlements;
				CODE_SIGN_IDENTITY = "Apple Development";
				CODE_SIGN_STYLE = Automatic;
				DEAD_CODE_STRIPPING = YES;
				DEVELOPMENT_TEAM = 9HCZX4G6Y7;
				INFOPLIST_FILE = AnchorShieldActionExtension/Info.plist;
				IPHONEOS_DEPLOYMENT_TARGET = 16.0;
				LD_RUNPATH_SEARCH_PATHS = (
					"$(inherited)",
					"@executable_path/Frameworks",
					"@executable_path/../../Frameworks",
				);
				PRODUCT_BUNDLE_IDENTIFIER = com.vinay.Anchor.ShieldAction;
				PRODUCT_NAME = AnchorShieldActionExtension;
				PROVISIONING_PROFILE_SPECIFIER = "";
				REGISTER_APP_GROUPS = YES;
				SUPPORTED_PLATFORMS = "iphoneos iphonesimulator";
				SUPPORTS_MACCATALYST = NO;
				SWIFT_VERSION = 5.9;
				TARGETED_DEVICE_FAMILY = "1,2";
			};
			name = Debug;
		};
		6C2966A963E4EC3EBFA132FE /* Debug */ = {
			isa = XCBuildConfiguration;
			buildSettings = {
				ALWAYS_SEARCH_USER_PATHS = NO;
				CLANG_ENABLE_OBJC_WEAK = YES;
				DEAD_CODE_STRIPPING = YES;
				DEFINES_MODULE = YES;
				ENABLE_MODULE_VERIFIER = YES;
				INFOPLIST_FILE = Shared/Info.plist;
				IPHONEOS_DEPLOYMENT_TARGET = 16.0;
				MODULE_VERIFIER_SUPPORTED_LANGUAGE_STANDARDS = "gnu17 gnu++14";
				PRODUCT_BUNDLE_IDENTIFIER = com.vinay.Anchor.Shared;
				PRODUCT_NAME = Shared;
				SKIP_INSTALL = YES;
				SUPPORTED_PLATFORMS = "iphoneos iphonesimulator";
				SUPPORTS_MACCATALYST = NO;
				SWIFT_VERSION = 5.9;
				TARGETED_DEVICE_FAMILY = "1,2";
			};
			name = Debug;
		};
		6FAF63C16E9D3A3614D833CB /* Release */ = {
			isa = XCBuildConfiguration;
			buildSettings = {
				ALWAYS_SEARCH_USER_PATHS = NO;
				APPLICATION_EXTENSION_API_ONLY = YES;
				CLANG_ENABLE_OBJC_WEAK = YES;
				CODE_SIGN_ENTITLEMENTS = AnchorApp/AnchorShieldExtension.entitlements;
				CODE_SIGN_IDENTITY = "Apple Development";
				CODE_SIGN_STYLE = Automatic;
				DEAD_CODE_STRIPPING = YES;
				DEVELOPMENT_TEAM = 9HCZX4G6Y7;
				INFOPLIST_FILE = AnchorShieldExtension/Info.plist;
				IPHONEOS_DEPLOYMENT_TARGET = 16.0;
				LD_RUNPATH_SEARCH_PATHS = (
					"$(inherited)",
					"@executable_path/Frameworks",
					"@executable_path/../../Frameworks",
				);
				PRODUCT_BUNDLE_IDENTIFIER = com.vinay.Anchor.Shield;
				PRODUCT_NAME = AnchorShieldExtension;
				PROVISIONING_PROFILE_SPECIFIER = "";
				REGISTER_APP_GROUPS = YES;
				SUPPORTED_PLATFORMS = "iphoneos iphonesimulator";
				SUPPORTS_MACCATALYST = NO;
				SWIFT_VERSION = 5.9;
				TARGETED_DEVICE_FAMILY = "1,2";
			};
			name = Release;
		};
		73A69669B77E8D278293341A /* Debug */ = {
			isa = XCBuildConfiguration;
			buildSettings = {
				ALWAYS_SEARCH_USER_PATHS = NO;
				APPLICATION_EXTENSION_API_ONLY = YES;
				CLANG_ENABLE_OBJC_WEAK = YES;
				CODE_SIGN_ENTITLEMENTS = AnchorApp/AnchorShieldExtension.entitlements;
				CODE_SIGN_IDENTITY = "Apple Development";
				CODE_SIGN_STYLE = Automatic;
				DEAD_CODE_STRIPPING = YES;
				DEVELOPMENT_TEAM = 9HCZX4G6Y7;
				INFOPLIST_FILE = AnchorShieldExtension/Info.plist;
				IPHONEOS_DEPLOYMENT_TARGET = 16.0;
				LD_RUNPATH_SEARCH_PATHS = (
					"$(inherited)",
					"@executable_path/Frameworks",
					"@executable_path/../../Frameworks",
				);
				PRODUCT_BUNDLE_IDENTIFIER = com.vinay.Anchor.Shield;
				PRODUCT_NAME = AnchorShieldExtension;
				PROVISIONING_PROFILE_SPECIFIER = "";
				REGISTER_APP_GROUPS = YES;
				SUPPORTED_PLATFORMS = "iphoneos iphonesimulator";
				SUPPORTS_MACCATALYST = NO;
				SWIFT_VERSION = 5.9;
				TARGETED_DEVICE_FAMILY = "1,2";
			};
			name = Debug;
		};
		CF1873E4472EDAE2FDF1503B /* Release */ = {
			isa = XCBuildConfiguration;
			buildSettings = {
				ALWAYS_SEARCH_USER_PATHS = NO;
				APPLICATION_EXTENSION_API_ONLY = YES;
				CLANG_ENABLE_OBJC_WEAK = YES;
				CODE_SIGN_ENTITLEMENTS = AnchorApp/AnchorShieldExtension.entitlements;
				CODE_SIGN_IDENTITY = "Apple Development";
				CODE_SIGN_STYLE = Automatic;
				DEAD_CODE_STRIPPING = YES;
				DEVELOPMENT_TEAM = 9HCZX4G6Y7;
				INFOPLIST_FILE = AnchorShieldActionExtension/Info.plist;
				IPHONEOS_DEPLOYMENT_TARGET = 16.0;
				LD_RUNPATH_SEARCH_PATHS = (
					"$(inherited)",
					"@executable_path/Frameworks",
					"@executable_path/../../Frameworks",
				);
				PRODUCT_BUNDLE_IDENTIFIER = com.vinay.Anchor.ShieldAction;
				PRODUCT_NAME = AnchorShieldActionExtension;
				PROVISIONING_PROFILE_SPECIFIER = "";
				REGISTER_APP_GROUPS = YES;
				SUPPORTED_PLATFORMS = "iphoneos iphonesimulator";
				SUPPORTS_MACCATALYST = NO;
				SWIFT_VERSION = 5.9;
				TARGETED_DEVICE_FAMILY = "1,2";
			};
			name = Release;
		};
		D25D809310DFC0E0FE15F192 /* Release */ = {
			isa = XCBuildConfiguration;
			buildSettings = {
				CLANG_WARN_BLOCK_CAPTURE_AUTORELEASING = YES;
				CLANG_WARN_BOOL_CONVERSION = YES;
				CLANG_WARN_COMMA = YES;
				CLANG_WARN_CONSTANT_CONVERSION = YES;
				CLANG_WARN_DEPRECATED_OBJC_IMPLEMENTATIONS = YES;
				CLANG_WARN_EMPTY_BODY = YES;
				CLANG_WARN_ENUM_CONVERSION = YES;
				CLANG_WARN_INFINITE_RECURSION = YES;
				CLANG_WARN_INT_CONVERSION = YES;
				CLANG_WARN_NON_LITERAL_NULL_CONVERSION = YES;
				CLANG_WARN_OBJC_IMPLICIT_RETAIN_SELF = YES;
				CLANG_WARN_OBJC_LITERAL_CONVERSION = YES;
				CLANG_WARN_QUOTED_INCLUDE_IN_FRAMEWORK_HEADER = YES;
				CLANG_WARN_RANGE_LOOP_ANALYSIS = YES;
				CLANG_WARN_STRICT_PROTOTYPES = YES;
				CLANG_WARN_SUSPICIOUS_MOVE = YES;
				CLANG_WARN_UNREACHABLE_CODE = YES;
				CLANG_WARN__DUPLICATE_METHOD_MATCH = YES;
				DEAD_CODE_STRIPPING = YES;
				DEBUG_INFORMATION_FORMAT = "dwarf-with-dsym";
				ENABLE_STRICT_OBJC_MSGSEND = YES;
				ENABLE_USER_SCRIPT_SANDBOXING = YES;
				GCC_NO_COMMON_BLOCKS = YES;
				GCC_WARN_64_TO_32_BIT_CONVERSION = YES;
				GCC_WARN_ABOUT_RETURN_TYPE = YES;
				GCC_WARN_UNDECLARED_SELECTOR = YES;
				GCC_WARN_UNINITIALIZED_AUTOS = YES;
				GCC_WARN_UNUSED_FUNCTION = YES;
				GCC_WARN_UNUSED_VARIABLE = YES;
				IPHONEOS_DEPLOYMENT_TARGET = 16.0;
				STRING_CATALOG_GENERATE_SYMBOLS = YES;
				SWIFT_COMPILATION_MODE = wholemodule;
				SWIFT_VERSION = 5.9;
			};
			name = Release;
		};
		FEC5FB7C39FB288ACF057825 /* Debug */ = {
			isa = XCBuildConfiguration;
			buildSettings = {
				ALWAYS_SEARCH_USER_PATHS = NO;
				ASSETCATALOG_COMPILER_APPICON_NAME = AppIcon;
				CLANG_ENABLE_OBJC_WEAK = YES;
				CODE_SIGN_ENTITLEMENTS = AnchorApp/AnchorApp.entitlements;
				CODE_SIGN_IDENTITY = "Apple Development";
				CODE_SIGN_STYLE = Automatic;
				DEAD_CODE_STRIPPING = YES;
				DEVELOPMENT_TEAM = 9HCZX4G6Y7;
				ENABLE_HARDENED_RUNTIME = YES;
				INFOPLIST_FILE = AnchorApp/Info.plist;
				IPHONEOS_DEPLOYMENT_TARGET = 16.0;
				LD_RUNPATH_SEARCH_PATHS = (
					"$(inherited)",
					"@executable_path/Frameworks",
				);
				PRODUCT_BUNDLE_IDENTIFIER = com.vinay.Anchor;
				PRODUCT_NAME = Anchor;
				PROVISIONING_PROFILE_SPECIFIER = "";
				SUPPORTED_PLATFORMS = "iphoneos iphonesimulator";
				SUPPORTS_MACCATALYST = NO;
				SWIFT_VERSION = 5.9;
				TARGETED_DEVICE_FAMILY = "1,2";
			};
			name = Debug;
		};
/* End XCBuildConfiguration section */

/* Begin XCConfigurationList section */
		206713E5DEBAE459D1901E12 /* Build configuration list for PBXNativeTarget "AnchorShieldActionExtension" */ = {
			isa = XCConfigurationList;
			buildConfigurations = (
				692EAA147DB76BE85E0B8D17 /* Debug */,
				CF1873E4472EDAE2FDF1503B /* Release */,
			);
			defaultConfigurationIsVisible = 0;
			defaultConfigurationName = Release;
		};
		2FC145E8677017A2B85ED2AA /* Build configuration list for PBXNativeTarget "AnchorApp" */ = {
			isa = XCConfigurationList;
			buildConfigurations = (
				FEC5FB7C39FB288ACF057825 /* Debug */,
				5556E9F5E86B79E145A36DA9 /* Release */,
			);
			defaultConfigurationIsVisible = 0;
			defaultConfigurationName = Release;
		};
		52D71BE192D29DCDE07B72BD /* Build configuration list for PBXNativeTarget "AnchorShieldExtension" */ = {
			isa = XCConfigurationList;
			buildConfigurations = (
				73A69669B77E8D278293341A /* Debug */,
				6FAF63C16E9D3A3614D833CB /* Release */,
			);
			defaultConfigurationIsVisible = 0;
			defaultConfigurationName = Release;
		};
		C674A17B61CABA0EBB399DE9 /* Build configuration list for PBXNativeTarget "Shared" */ = {
			isa = XCConfigurationList;
			buildConfigurations = (
				6C2966A963E4EC3EBFA132FE /* Debug */,
				5124AA9F0DF59FA8A4226C33 /* Release */,
			);
			defaultConfigurationIsVisible = 0;
			defaultConfigurationName = Release;
		};
		C7884E29098F413F86646D44 /* Build configuration list for PBXProject "Anchor" */ = {
			isa = XCConfigurationList;
			buildConfigurations = (
				648E9209C6DEF78305B9D2D3 /* Debug */,
				D25D809310DFC0E0FE15F192 /* Release */,
			);
			defaultConfigurationIsVisible = 0;
			defaultConfigurationName = Release;
		};
/* End XCConfigurationList section */
	};
	rootObject = A90129D19684C3A745678B92 /* Project object */;
}
