// !$*UTF8*$!
{
	archiveVersion = 1;
	classes = {};
	objectVersion = 56;
	objects = {

/* Begin PBXBuildFile section */
		A6186EB5657BD1E35B5E9D15 /* AnchorApp/AnchorAppApp.swift in Sources */ = {isa = PBXBuildFile; fileRef = 6E95C89C3E0C20405193AFD2 /* AnchorApp/AnchorAppApp.swift */; };
		DEB5A15CD7CF23C2B3E1C0A6 /* AnchorApp/Config/AppConfig.swift in Sources */ = {isa = PBXBuildFile; fileRef = D267A01E11E17E9E1999EE84 /* AnchorApp/Config/AppConfig.swift */; };
		BFCD2EBF6F1341648D66B472 /* AnchorApp/Core/Constants.swift in Sources */ = {isa = PBXBuildFile; fileRef = 1758662D6282BCE7A7890769 /* AnchorApp/Core/Constants.swift */; };
		190030481539F0843E68D0A1 /* AnchorApp/Core/DesignSystem/Colors/AppColors.swift in Sources */ = {isa = PBXBuildFile; fileRef = 0F8046CF9AB694C2E72C6288 /* AnchorApp/Core/DesignSystem/Colors/AppColors.swift */; };
		59078AB9946A6B1DCDD30627 /* AnchorApp/Core/DesignSystem/Components/AppButtonStyle.swift in Sources */ = {isa = PBXBuildFile; fileRef = 8FAACFB9E16EDE3C69FA8CA6 /* AnchorApp/Core/DesignSystem/Components/AppButtonStyle.swift */; };
		0F97AC68FDB7B2AB381BEE79 /* AnchorApp/Core/DesignSystem/Components/AppCardStyle.swift in Sources */ = {isa = PBXBuildFile; fileRef = AFD7776B4D629FFFB382F11F /* AnchorApp/Core/DesignSystem/Components/AppCardStyle.swift */; };
		3F333EFD7B67AC7EDF1FF14A /* AnchorApp/Core/DesignSystem/Components/AppTextFieldStyle.swift in Sources */ = {isa = PBXBuildFile; fileRef = 350DC92B6C362687B01CA57A /* AnchorApp/Core/DesignSystem/Components/AppTextFieldStyle.swift */; };
		CB8C8D36311C6491EF1318A0 /* AnchorApp/Core/DesignSystem/Theme.swift in Sources */ = {isa = PBXBuildFile; fileRef = CDECA0747473C8B7810498A7 /* AnchorApp/Core/DesignSystem/Theme.swift */; };
		AAB3BB88F9B2AE3899588C9D /* AnchorApp/Core/DesignSystem/Typography/AppTypography.swift in Sources */ = {isa = PBXBuildFile; fileRef = 27725FE1FA94ADAD78AB0B9A /* AnchorApp/Core/DesignSystem/Typography/AppTypography.swift */; };
		11062527CBC842D96B6B080A /* AnchorApp/Core/Networking/APIClient.swift in Sources */ = {isa = PBXBuildFile; fileRef = C8D14141F20F0F87C9ED1A80 /* AnchorApp/Core/Networking/APIClient.swift */; };
		1D136207A523C544B43E6DAA /* AnchorApp/Core/Networking/Endpoint.swift in Sources */ = {isa = PBXBuildFile; fileRef = 814E88B3741C3AFB81A1AF52 /* AnchorApp/Core/Networking/Endpoint.swift */; };
		EC1FA45D636ABFFABE0F067A /* AnchorApp/Core/Networking/SupabaseClient.swift in Sources */ = {isa = PBXBuildFile; fileRef = 6C547201D2F1152CA3DBC1B2 /* AnchorApp/Core/Networking/SupabaseClient.swift */; };
		352FB744F7E431C7680E4489 /* AnchorApp/Core/Notifications/NotificationNames.swift in Sources */ = {isa = PBXBuildFile; fileRef = ECDB37EEB1201411AC979013 /* AnchorApp/Core/Notifications/NotificationNames.swift */; };
		C510ACF9B93F9CB3C663DA3E /* AnchorApp/Core/Services/ActivitySelectionService.swift in Sources */ = {isa = PBXBuildFile; fileRef = 24EBC69BEAA61DA24239A94D /* AnchorApp/Core/Services/ActivitySelectionService.swift */; };
		5000D1B2DD4FA105DC98F9D6 /* AnchorApp/Core/Services/AuthService.swift in Sources */ = {isa = PBXBuildFile; fileRef = 1521A265A0E507A4D42E20CD /* AnchorApp/Core/Services/AuthService.swift */; };
		9AEDAD680E83E2731CC94476 /* AnchorApp/Core/Services/DeepLinkHandler.swift in Sources */ = {isa = PBXBuildFile; fileRef = A856AEA972C74F0A5748429E /* AnchorApp/Core/Services/DeepLinkHandler.swift */; };
		7CEF4AFBFCAEDAC9A5293211 /* AnchorApp/Core/Services/DeviceActivityService.swift in Sources */ = {isa = PBXBuildFile; fileRef = 6FA6698C051856D59E2BD998 /* AnchorApp/Core/Services/DeviceActivityService.swift */; };
		1F7BCA1017DDD1E53FF3F24E /* AnchorApp/Core/Services/FriendActivityService.swift in Sources */ = {isa = PBXBuildFile; fileRef = 7D0CE8782AB0862A76707E1A /* AnchorApp/Core/Services/FriendActivityService.swift */; };
		023A0EB7094EB9389E9A65A4 /* AnchorApp/Core/Services/FriendService.swift in Sources */ = {isa = PBXBuildFile; fileRef = A02B7ACA372D511551ADC066 /* AnchorApp/Core/Services/FriendService.swift */; };
		56194A6805054A66DCC7E3CA /* AnchorApp/Core/Services/GoalService.swift in Sources */ = {isa = PBXBuildFile; fileRef = 2F0322B22C1A8F84E873A1B3 /* AnchorApp/Core/Services/GoalService.swift */; };
		82AFC591F081B6C58307E96F /* AnchorApp/Core/Services/LoggerService.swift in Sources */ = {isa = PBXBuildFile; fileRef = 9C8AC555FD2663B0CC20CE99 /* AnchorApp/Core/Services/LoggerService.swift */; };
		0324D97F306077AC67371772 /* AnchorApp/Core/Services/MockScreenTimeService.swift in Sources */ = {isa = PBXBuildFile; fileRef = 1132C1C799AE0F3B026B77BA /* AnchorApp/Core/Services/MockScreenTimeService.swift */; };
		4C53D5B1E7B2CEA385D46AEB /* AnchorApp/Core/Services/NetworkMonitor.swift in Sources */ = {isa = PBXBuildFile; fileRef = CE40CF7FE1ADAE0E4199A220 /* AnchorApp/Core/Services/NetworkMonitor.swift */; };
		4B52FFE2E269A5E01A429DA2 /* AnchorApp/Core/Services/NotificationService+DeepLink.swift in Sources */ = {isa = PBXBuildFile; fileRef = D5452012065443F87B55D4F9 /* AnchorApp/Core/Services/NotificationService+DeepLink.swift */; };
		BD2E9F58BC171A3EEE3DCD87 /* AnchorApp/Core/Services/NotificationService.swift in Sources */ = {isa = PBXBuildFile; fileRef = 8CEEFE6738E3BCADEC6BC1CB /* AnchorApp/Core/Services/NotificationService.swift */; };
		78CF586561F15195A5196DB7 /* AnchorApp/Core/Services/OfflineSyncService.swift in Sources */ = {isa = PBXBuildFile; fileRef = C9CEDF9C9EF554BE1C7E520D /* AnchorApp/Core/Services/OfflineSyncService.swift */; };
		F17A61D174BB6B36575CFF51 /* AnchorApp/Core/Services/PersistenceService.swift in Sources */ = {isa = PBXBuildFile; fileRef = 11DCC61FAA9964F025781FF9 /* AnchorApp/Core/Services/PersistenceService.swift */; };
		8215242B40901305DE776211 /* AnchorApp/Core/Services/ProofService.swift in Sources */ = {isa = PBXBuildFile; fileRef = A14D87524635771500B5AE6F /* AnchorApp/Core/Services/ProofService.swift */; };
		E8C41117D4729722E3A17A8D /* AnchorApp/Core/Services/ScreenTimeService.swift in Sources */ = {isa = PBXBuildFile; fileRef = E38B267AAF6F618B43D82FA1 /* AnchorApp/Core/Services/ScreenTimeService.swift */; };
		4A612107438279016A07B842 /* AnchorApp/Core/Services/ScreenTimeServiceProtocol.swift in Sources */ = {isa = PBXBuildFile; fileRef = 078756FE016907B467AD3B9E /* AnchorApp/Core/Services/ScreenTimeServiceProtocol.swift */; };
		B8F11F9770A567496FFC567F /* AnchorApp/Core/Services/SessionService.swift in Sources */ = {isa = PBXBuildFile; fileRef = A7455288E408D01D59B31A5F /* AnchorApp/Core/Services/SessionService.swift */; };
		E3505A0C177A8C836A1E85E0 /* AnchorApp/Core/Services/UnlockRequestService.swift in Sources */ = {isa = PBXBuildFile; fileRef = C40A033758D8CFBDF85F1977 /* AnchorApp/Core/Services/UnlockRequestService.swift */; };
		7A44166198460848AB4CBD4E /* AnchorApp/Core/Services/UsageReportService.swift in Sources */ = {isa = PBXBuildFile; fileRef = 606F0B4C0827FFEEA530ADA6 /* AnchorApp/Core/Services/UsageReportService.swift */; };
		4A1D36655976069F101FEBD6 /* AnchorApp/Core/Services/UserService.swift in Sources */ = {isa = PBXBuildFile; fileRef = B63E5F27CA4CBB200A81A0B6 /* AnchorApp/Core/Services/UserService.swift */; };
		250DCBED4A25BDD34FAB530F /* AnchorApp/Core/Utilities/Extensions/Date+Extensions.swift in Sources */ = {isa = PBXBuildFile; fileRef = 9471FC4547CD0304493462AF /* AnchorApp/Core/Utilities/Extensions/Date+Extensions.swift */; };
		4819E315A73566FDD9DF877F /* AnchorApp/Core/Utilities/Extensions/String+Extensions.swift in Sources */ = {isa = PBXBuildFile; fileRef = B01DECEC88561AB07E230524 /* AnchorApp/Core/Utilities/Extensions/String+Extensions.swift */; };
		88572DB4377EF5C0740C895C /* AnchorApp/Core/Utilities/Extensions/View+Extensions.swift in Sources */ = {isa = PBXBuildFile; fileRef = 23F302F888B358DD48C8181A /* AnchorApp/Core/Utilities/Extensions/View+Extensions.swift */; };
		067307FD7AD8E3C2AAC643C9 /* AnchorApp/Core/Utilities/ImageProcessing/ImageProcessingUtility.swift in Sources */ = {isa = PBXBuildFile; fileRef = 689B972C6CBBCF47D5D7C913 /* AnchorApp/Core/Utilities/ImageProcessing/ImageProcessingUtility.swift */; };
		DDC54851EB3AE379770EEC61 /* AnchorApp/Core/Utilities/Keychain/AppleSignInCoordinator.swift in Sources */ = {isa = PBXBuildFile; fileRef = 85DFDF2CC921FAA7068C8466 /* AnchorApp/Core/Utilities/Keychain/AppleSignInCoordinator.swift */; };
		7FA1BBCDA44F34D6AD72342D /* AnchorApp/Core/Utilities/Keychain/KeychainService.swift in Sources */ = {isa = PBXBuildFile; fileRef = 031787ED22976623FD0E28A9 /* AnchorApp/Core/Utilities/Keychain/KeychainService.swift */; };
		4A0FBAE3104506C47AC4F5D2 /* AnchorApp/Core/Utilities/Logging/Logger.swift in Sources */ = {isa = PBXBuildFile; fileRef = 701D64B13E7646D0F14FB049 /* AnchorApp/Core/Utilities/Logging/Logger.swift */; };
		9DA0B3DEF804242CCF010553 /* AnchorApp/Features/ActivityFeed/ViewModels/ActivityFeedViewModel.swift in Sources */ = {isa = PBXBuildFile; fileRef = CC6784AB2B93F4CE178DAF72 /* AnchorApp/Features/ActivityFeed/ViewModels/ActivityFeedViewModel.swift */; };
		DBCF541CF4C98EA26B74F691 /* AnchorApp/Features/ActivityFeed/Views/ActivityFeedView.swift in Sources */ = {isa = PBXBuildFile; fileRef = A245914D231BE4161EE4FE73 /* AnchorApp/Features/ActivityFeed/Views/ActivityFeedView.swift */; };
		183C68A327160B0F790E7047 /* AnchorApp/Features/AppSelection/FamilyActivityPickerRepresentable.swift in Sources */ = {isa = PBXBuildFile; fileRef = 260BEE0F318DF2DEDFEB6120 /* AnchorApp/Features/AppSelection/FamilyActivityPickerRepresentable.swift */; };
		2B83313E141C29ACE4668FF8 /* AnchorApp/Features/AppSelection/SelectAppsView.swift in Sources */ = {isa = PBXBuildFile; fileRef = AA40D3EF8CF4B0ED8720792B /* AnchorApp/Features/AppSelection/SelectAppsView.swift */; };
		1D2C81049F822564A450C79D /* AnchorApp/Features/AppSelection/ViewModels/SelectAppsViewModel.swift in Sources */ = {isa = PBXBuildFile; fileRef = 020536248603AEDCF4C4661D /* AnchorApp/Features/AppSelection/ViewModels/SelectAppsViewModel.swift */; };
		E9B181911BA320E4330B9E93 /* AnchorApp/Features/Auth/Coordinators/GoogleSignInCoordinator.swift in Sources */ = {isa = PBXBuildFile; fileRef = BB40B09614CFA59697E4AF7A /* AnchorApp/Features/Auth/Coordinators/GoogleSignInCoordinator.swift */; };
		CE55DBB1A60B14E8DE5C4CD4 /* AnchorApp/Features/Auth/ViewModels/AuthViewModel.swift in Sources */ = {isa = PBXBuildFile; fileRef = 6492D0CA4CCFE0CBE63ABDDC /* AnchorApp/Features/Auth/ViewModels/AuthViewModel.swift */; };
		FB81BEC6BA9064E6A0506D9F /* AnchorApp/Features/Auth/Views/AuthRootView.swift in Sources */ = {isa = PBXBuildFile; fileRef = C40BD6B9ECFB3987098E6AD6 /* AnchorApp/Features/Auth/Views/AuthRootView.swift */; };
		1CBC7DCEBE16D8186F1A4808 /* AnchorApp/Features/Auth/Views/SignInOptionsView.swift in Sources */ = {isa = PBXBuildFile; fileRef = FA51FEB4779C33389BA42984 /* AnchorApp/Features/Auth/Views/SignInOptionsView.swift */; };
		4304C33353272D970DD5F019 /* AnchorApp/Features/Auth/Views/UsernameSetupView.swift in Sources */ = {isa = PBXBuildFile; fileRef = 1A245B9DC5AF1F07C05938A8 /* AnchorApp/Features/Auth/Views/UsernameSetupView.swift */; };
		69C1743A5C17BFF149373A3C /* AnchorApp/Features/Friends/Models/FriendMockModel.swift in Sources */ = {isa = PBXBuildFile; fileRef = 9411E872554A3958846AA9B3 /* AnchorApp/Features/Friends/Models/FriendMockModel.swift */; };
		C27AFF98461AEBF4C6E3F9E0 /* AnchorApp/Features/Friends/ViewModels/FriendsViewModel.swift in Sources */ = {isa = PBXBuildFile; fileRef = 4085532B1ACB1A6A5AD27E57 /* AnchorApp/Features/Friends/ViewModels/FriendsViewModel.swift */; };
		95661C42CEC7A7D4948DC8A5 /* AnchorApp/Features/Friends/Views/AddFriendSheet.swift in Sources */ = {isa = PBXBuildFile; fileRef = 98E142E512CCD9FFE1848014 /* AnchorApp/Features/Friends/Views/AddFriendSheet.swift */; };
		6FF386A7356BDBC5403ED9DE /* AnchorApp/Features/Friends/Views/FriendsTabView.swift in Sources */ = {isa = PBXBuildFile; fileRef = F73D09FA966B0E0039B29524 /* AnchorApp/Features/Friends/Views/FriendsTabView.swift */; };
		328586F97FE1A708C13A139B /* AnchorApp/Features/Friends/Views/FriendsView.swift in Sources */ = {isa = PBXBuildFile; fileRef = 01AA927EED6775A93EE7A7DD /* AnchorApp/Features/Friends/Views/FriendsView.swift */; };
		BFED837FD0C8ABEA2BFE4D6E /* AnchorApp/Features/Friends/Views/PendingRequestsView.swift in Sources */ = {isa = PBXBuildFile; fileRef = 9803576ADB5F17F471D1B642 /* AnchorApp/Features/Friends/Views/PendingRequestsView.swift */; };
		B6517CFFEC30BF128090DDC5 /* AnchorApp/Features/Goals/Views/GoalCreationView.swift in Sources */ = {isa = PBXBuildFile; fileRef = 371D8663BF1557B85AC404CE /* AnchorApp/Features/Goals/Views/GoalCreationView.swift */; };
		F7ACF9F5B73377EEF91F016F /* AnchorApp/Features/Goals/Views/GoalsExplanationView.swift in Sources */ = {isa = PBXBuildFile; fileRef = AF096365BAB5EC0ADB62561B /* AnchorApp/Features/Goals/Views/GoalsExplanationView.swift */; };
		9863461A4890E855D0E42ACB /* AnchorApp/Features/Insights/ViewModels/InsightsViewModel.swift in Sources */ = {isa = PBXBuildFile; fileRef = 89D53021A67E97806893AFAC /* AnchorApp/Features/Insights/ViewModels/InsightsViewModel.swift */; };
		16F441B6E23306D1D3570A49 /* AnchorApp/Features/Insights/Views/InsightsView.swift in Sources */ = {isa = PBXBuildFile; fileRef = 6834667616AC27FC9752EF15 /* AnchorApp/Features/Insights/Views/InsightsView.swift */; };
		BE036203CF1D7225795E3954 /* AnchorApp/Features/Notifications/NotificationPreferencesView.swift in Sources */ = {isa = PBXBuildFile; fileRef = 6B316ADBB9DB328F6D9C1B45 /* AnchorApp/Features/Notifications/NotificationPreferencesView.swift */; };
		BEBB72FF038ECB61E8888A7B /* AnchorApp/Features/Notifications/NotificationPreferencesViewModel.swift in Sources */ = {isa = PBXBuildFile; fileRef = AB59019E1355C670B2DC8263 /* AnchorApp/Features/Notifications/NotificationPreferencesViewModel.swift */; };
		786346ED58A06E9A593FDF61 /* AnchorApp/Features/Onboarding/ViewModels/OnboardingViewModel.swift in Sources */ = {isa = PBXBuildFile; fileRef = E7AD036BF972C67999CED515 /* AnchorApp/Features/Onboarding/ViewModels/OnboardingViewModel.swift */; };
		85E72CE2F63B0BCCABB3C375 /* AnchorApp/Features/Onboarding/Views/OnboardingPages.swift in Sources */ = {isa = PBXBuildFile; fileRef = D245CB89C985D188067A4B40 /* AnchorApp/Features/Onboarding/Views/OnboardingPages.swift */; };
		0AD70CA1043E222F7C4B4388 /* AnchorApp/Features/Onboarding/Views/OnboardingPermissionStepView.swift in Sources */ = {isa = PBXBuildFile; fileRef = 0F777972CCA26573A70551BB /* AnchorApp/Features/Onboarding/Views/OnboardingPermissionStepView.swift */; };
		4776E0E7452BFC4A1DC1F139 /* AnchorApp/Features/Onboarding/Views/OnboardingView.swift in Sources */ = {isa = PBXBuildFile; fileRef = 7F99FFABB683B8B302768899 /* AnchorApp/Features/Onboarding/Views/OnboardingView.swift */; };
		3EBAC94CDF908FDE283AADE9 /* AnchorApp/Features/OnboardingScreenTime/ScreenTimeIntroView.swift in Sources */ = {isa = PBXBuildFile; fileRef = 14C6FED036CA105A01D34C59 /* AnchorApp/Features/OnboardingScreenTime/ScreenTimeIntroView.swift */; };
		6A65371D4B3AB235EEB8DECC /* AnchorApp/Features/OnboardingScreenTime/ScreenTimeOnboardingFlowView.swift in Sources */ = {isa = PBXBuildFile; fileRef = 0D1000DC99FC7880784B6F87 /* AnchorApp/Features/OnboardingScreenTime/ScreenTimeOnboardingFlowView.swift */; };
		3508944DDEB400BBB0F6B2CD /* AnchorApp/Features/OnboardingScreenTime/ScreenTimeOnboardingViewModel.swift in Sources */ = {isa = PBXBuildFile; fileRef = DF0E62C589089ADBD284EE10 /* AnchorApp/Features/OnboardingScreenTime/ScreenTimeOnboardingViewModel.swift */; };
		559BB403B6FA7F5112218012 /* AnchorApp/Features/OnboardingScreenTime/ScreenTimePermissionRequestView.swift in Sources */ = {isa = PBXBuildFile; fileRef = 003B511929163142E38E5C11 /* AnchorApp/Features/OnboardingScreenTime/ScreenTimePermissionRequestView.swift */; };
		E0F794FE7922DAEBB0E79643 /* AnchorApp/Features/OnboardingScreenTime/ScreenTimeWhyView.swift in Sources */ = {isa = PBXBuildFile; fileRef = B6752EA4ED7F4DEB5F3318EE /* AnchorApp/Features/OnboardingScreenTime/ScreenTimeWhyView.swift */; };
		E11C8899CFD205E739F437D0 /* AnchorApp/Features/Proofs/Capture/CameraView.swift in Sources */ = {isa = PBXBuildFile; fileRef = 6AC0AD7F1CE20E4FEB46A69F /* AnchorApp/Features/Proofs/Capture/CameraView.swift */; };
		60ED6AC792034D5BE1749F0B /* AnchorApp/Features/Proofs/Capture/ProofCaptureView.swift in Sources */ = {isa = PBXBuildFile; fileRef = D12E60BE935D458487A1A92A /* AnchorApp/Features/Proofs/Capture/ProofCaptureView.swift */; };
		BB958AE247B4597F790525D9 /* AnchorApp/Features/Proofs/Capture/ProofCaptureViewModel.swift in Sources */ = {isa = PBXBuildFile; fileRef = C8049087EFFC084C29B28365 /* AnchorApp/Features/Proofs/Capture/ProofCaptureViewModel.swift */; };
		9E4F69D080580263A19BF8B0 /* AnchorApp/Features/Proofs/Capture/ProofUploadView.swift in Sources */ = {isa = PBXBuildFile; fileRef = 96842D9EF946278D28685F52 /* AnchorApp/Features/Proofs/Capture/ProofUploadView.swift */; };
		1576FB4B669BCEF10379648F /* AnchorApp/Features/Proofs/ViewModels/ProofViewModel.swift in Sources */ = {isa = PBXBuildFile; fileRef = C9EC1288D32EE1752CD00917 /* AnchorApp/Features/Proofs/ViewModels/ProofViewModel.swift */; };
		9C94FC37F5E381C633433562 /* AnchorApp/Features/Proofs/Views/CaptureProofView.swift in Sources */ = {isa = PBXBuildFile; fileRef = 2563E65538377E41062C7ED9 /* AnchorApp/Features/Proofs/Views/CaptureProofView.swift */; };
		AF57CB308123ABFD1E5ACBA8 /* AnchorApp/Features/Proofs/Views/ProofGalleryView.swift in Sources */ = {isa = PBXBuildFile; fileRef = CDF44EEE1659E06048BE391E /* AnchorApp/Features/Proofs/Views/ProofGalleryView.swift */; };
		4234FD40E35CA7B12FC211DD /* AnchorApp/Features/Reflection/ViewModels/DailyReflectionViewModel.swift in Sources */ = {isa = PBXBuildFile; fileRef = CED068A02AD7CABD76C4BA91 /* AnchorApp/Features/Reflection/ViewModels/DailyReflectionViewModel.swift */; };
		F7ACA3015092227AF8CD576D /* AnchorApp/Features/Reflection/Views/DailyReflectionView.swift in Sources */ = {isa = PBXBuildFile; fileRef = FCE499E914A0C560546EF24D /* AnchorApp/Features/Reflection/Views/DailyReflectionView.swift */; };
		EB1A1E220F55C07FF005EC7A /* AnchorApp/Features/Root/MainTabView.swift in Sources */ = {isa = PBXBuildFile; fileRef = 8224CF4CCAD13587530D1526 /* AnchorApp/Features/Root/MainTabView.swift */; };
		EB0B5019578BE8430E5D86D7 /* AnchorApp/Features/Root/RootView.swift in Sources */ = {isa = PBXBuildFile; fileRef = 7B7E9F73A6F40A4A76899387 /* AnchorApp/Features/Root/RootView.swift */; };
		2FD5FB85B68EA627F6DBC758 /* AnchorApp/Features/Sessions/ActiveMock/ActiveSessionMockView.swift in Sources */ = {isa = PBXBuildFile; fileRef = CBC4200DFA9DB24001690C6C /* AnchorApp/Features/Sessions/ActiveMock/ActiveSessionMockView.swift */; };
		E39836C14AB55F67C793A675 /* AnchorApp/Features/Sessions/ActiveMock/ActiveSessionMockViewModel.swift in Sources */ = {isa = PBXBuildFile; fileRef = 7616C4020718A45555CEEA6F /* AnchorApp/Features/Sessions/ActiveMock/ActiveSessionMockViewModel.swift */; };
		0F522C8A831E5EB67FC395EB /* AnchorApp/Features/Sessions/Create/CreateSessionView.swift in Sources */ = {isa = PBXBuildFile; fileRef = 1910B752AE376D9305711A91 /* AnchorApp/Features/Sessions/Create/CreateSessionView.swift */; };
		5E7D9E2A990DC81048059A69 /* AnchorApp/Features/Sessions/Create/CreateSessionViewModel.swift in Sources */ = {isa = PBXBuildFile; fileRef = 1063F36A84265681174CCF68 /* AnchorApp/Features/Sessions/Create/CreateSessionViewModel.swift */; };
		837ECE2987E8840B5B17B715 /* AnchorApp/Features/Sessions/ViewModels/SessionViewModel.swift in Sources */ = {isa = PBXBuildFile; fileRef = 6A3A5286CEF6B2DFFC88C0C2 /* AnchorApp/Features/Sessions/ViewModels/SessionViewModel.swift */; };
		B5A5BA2248E4B6B579A65268 /* AnchorApp/Features/Sessions/Views/ActiveSessionView.swift in Sources */ = {isa = PBXBuildFile; fileRef = 3B76363F9901C11EBD3D48C3 /* AnchorApp/Features/Sessions/Views/ActiveSessionView.swift */; };
		F8B3E7761BFD6C6796FE8EED /* AnchorApp/Features/Sessions/Views/ActivityPickerView.swift in Sources */ = {isa = PBXBuildFile; fileRef = 60D9677D02C5DD23BE4E6E75 /* AnchorApp/Features/Sessions/Views/ActivityPickerView.swift */; };
		4DBF9EC08E23CC005F0F6C18 /* AnchorApp/Features/Sessions/Views/SessionHomeView.swift in Sources */ = {isa = PBXBuildFile; fileRef = DC6C8BAD0C6EC3896E4C39B0 /* AnchorApp/Features/Sessions/Views/SessionHomeView.swift */; };
		C2BF634C1E1F9253D277A0F2 /* AnchorApp/Features/Sessions/Views/SessionSetupView.swift in Sources */ = {isa = PBXBuildFile; fileRef = D86AA09A822E7F84A7D8E66B /* AnchorApp/Features/Sessions/Views/SessionSetupView.swift */; };
		9A07A5073660912B235A46C3 /* AnchorApp/Features/Sessions/Views/SessionTimelineView.swift in Sources */ = {isa = PBXBuildFile; fileRef = 14C0AC13FD193D2D56EB9D26 /* AnchorApp/Features/Sessions/Views/SessionTimelineView.swift */; };
		AA202AEC2D6A1B0FD4E2EF9F /* AnchorApp/Features/Settings/ViewModels/ScreenTimePermissionViewModel.swift in Sources */ = {isa = PBXBuildFile; fileRef = 3377DF569D0BFAC567F59DF2 /* AnchorApp/Features/Settings/ViewModels/ScreenTimePermissionViewModel.swift */; };
		1EDF3B243386DF6170C2B7E2 /* AnchorApp/Features/Settings/ViewModels/SettingsViewModel.swift in Sources */ = {isa = PBXBuildFile; fileRef = 970993C1FCB75FBC2757DA71 /* AnchorApp/Features/Settings/ViewModels/SettingsViewModel.swift */; };
		9C7FE9BCF27981641BC54B07 /* AnchorApp/Features/Settings/Views/DebugDiagnosticsView.swift in Sources */ = {isa = PBXBuildFile; fileRef = E76CA099C016FE6D4BCDFFAE /* AnchorApp/Features/Settings/Views/DebugDiagnosticsView.swift */; };
		AE3C9EF5574269E0C5B969AD /* AnchorApp/Features/Settings/Views/NotificationSettingsView.swift in Sources */ = {isa = PBXBuildFile; fileRef = 7C5AB25CAA1348A0A5F4FB2B /* AnchorApp/Features/Settings/Views/NotificationSettingsView.swift */; };
		8AB163A2155DB7F278FF7E2A /* AnchorApp/Features/Settings/Views/ScreenTimePermissionView.swift in Sources */ = {isa = PBXBuildFile; fileRef = 7F1D09F567A874414C612A0D /* AnchorApp/Features/Settings/Views/ScreenTimePermissionView.swift */; };
		F31CDEB1310252D5E86E2CF8 /* AnchorApp/Features/Settings/Views/SettingsRowView.swift in Sources */ = {isa = PBXBuildFile; fileRef = BD07AD3FA279AAA8D8575058 /* AnchorApp/Features/Settings/Views/SettingsRowView.swift */; };
		30FBB5CC5181DBE86FE4CDB5 /* AnchorApp/Features/Settings/Views/SettingsView.swift in Sources */ = {isa = PBXBuildFile; fileRef = 7016A1BBF401C36D26580B39 /* AnchorApp/Features/Settings/Views/SettingsView.swift */; };
		02E731D14BAB456DF561909B /* AnchorApp/Features/UnlockRequests/User/ViewModels/UnlockRequestViewModel.swift in Sources */ = {isa = PBXBuildFile; fileRef = FCE3B412BDB3753B9F3D9410 /* AnchorApp/Features/UnlockRequests/User/ViewModels/UnlockRequestViewModel.swift */; };
		67373D4EEF367D2940A99942 /* AnchorApp/Features/UnlockRequests/User/Views/UnlockRequestView.swift in Sources */ = {isa = PBXBuildFile; fileRef = 9D52FED55D724AA0BD3059BC /* AnchorApp/Features/UnlockRequests/User/Views/UnlockRequestView.swift */; };
		0772055D7538DAAD9D0D2DA3 /* AnchorApp/Features/UnlockRequests/ViewModels/UnlockRequestsViewModel.swift in Sources */ = {isa = PBXBuildFile; fileRef = 9D4EF33AF0A1F21EAA3865CA /* AnchorApp/Features/UnlockRequests/ViewModels/UnlockRequestsViewModel.swift */; };
		E32390B80372D3215943DCC4 /* AnchorApp/Features/UnlockRequests/Views/IncomingRequestsListView.swift in Sources */ = {isa = PBXBuildFile; fileRef = 075F6C97118A0982CDF604F0 /* AnchorApp/Features/UnlockRequests/Views/IncomingRequestsListView.swift */; };
		69B39834A2A94E2E37940DF1 /* AnchorApp/Features/UnlockRequests/Views/UnlockRequestDetailView.swift in Sources */ = {isa = PBXBuildFile; fileRef = 67F6CA700E90D5C8ADD001DA /* AnchorApp/Features/UnlockRequests/Views/UnlockRequestDetailView.swift */; };
		847260A97F12EA81AB7A51BB /* AnchorApp/Features/UnlockRequests/Views/UnlockRequestSubmitView.swift in Sources */ = {isa = PBXBuildFile; fileRef = D17A3A00FB3FAFC8BB5404EF /* AnchorApp/Features/UnlockRequests/Views/UnlockRequestSubmitView.swift */; };
		24AB46F505C6F2CF23682D6E /* AnchorApp/Navigation/AppCoordinator.swift in Sources */ = {isa = PBXBuildFile; fileRef = 5807A477D31A752F823F4202 /* AnchorApp/Navigation/AppCoordinator.swift */; };
		1D89CB9BACC93CA8AE67E782 /* AnchorApp/Navigation/AuthFlow.swift in Sources */ = {isa = PBXBuildFile; fileRef = EF19F8111AD09EB66DBAE095 /* AnchorApp/Navigation/AuthFlow.swift */; };
		0AA9351DCC2A4A8B79BAD603 /* AnchorApp/Navigation/Coordinator.swift in Sources */ = {isa = PBXBuildFile; fileRef = 53477F26F5069292BC72676E /* AnchorApp/Navigation/Coordinator.swift */; };
		A2AEA7F893F258AB8E1947D3 /* AnchorApp/Navigation/MainTabFlow.swift in Sources */ = {isa = PBXBuildFile; fileRef = 55EC0758D85D9310906D81FA /* AnchorApp/Navigation/MainTabFlow.swift */; };
		82AA04B5648CE07A7EEEC260 /* AnchorApp/Navigation/OnboardingFlow.swift in Sources */ = {isa = PBXBuildFile; fileRef = D12A1F8CE8726F76EB4227DC /* AnchorApp/Navigation/OnboardingFlow.swift */; };
		F5A35AA17EDD55A8615E892A /* AnchorApp/SharedUI/Animations/BreathingDotView.swift in Sources */ = {isa = PBXBuildFile; fileRef = 28A1EF6E6F38552A5CF28D42 /* AnchorApp/SharedUI/Animations/BreathingDotView.swift */; };
		072034A2455C4D4C073C5715 /* AnchorApp/SharedUI/Animations/HapticFeedback.swift in Sources */ = {isa = PBXBuildFile; fileRef = 4D714301738C3F0A6AD485C4 /* AnchorApp/SharedUI/Animations/HapticFeedback.swift */; };
		3744C5944C3CB0B76277D9CC /* AnchorApp/SharedUI/EmptyState/EmptyStateView.swift in Sources */ = {isa = PBXBuildFile; fileRef = 94B96851DC5C86BF7A70976B /* AnchorApp/SharedUI/EmptyState/EmptyStateView.swift */; };
		0A4083E692CC564E686A8638 /* AnchorApp/SharedUI/Error/ErrorBanner.swift in Sources */ = {isa = PBXBuildFile; fileRef = 931FD4ED3A2C0375BD94EE4C /* AnchorApp/SharedUI/Error/ErrorBanner.swift */; };
		60A7980DC49CB1D94C71ACEB /* AnchorApp/SharedUI/Loading/LoadingView.swift in Sources */ = {isa = PBXBuildFile; fileRef = 1361B0E3122DE036B9E538F2 /* AnchorApp/SharedUI/Loading/LoadingView.swift */; };
		6E66633AA74DB012B0BEF07A /* AnchorApp/SharedUI/Loading/SkeletonLoader.swift in Sources */ = {isa = PBXBuildFile; fileRef = EF3B65E0898C3A526D983F04 /* AnchorApp/SharedUI/Loading/SkeletonLoader.swift */; };
		B3E0A7C26401907278EC7724 /* AnchorApp/SharedUI/Skeleton/SkeletonLoader.swift in Sources */ = {isa = PBXBuildFile; fileRef = D64D6D3E11DC36D88C70F5BD /* AnchorApp/SharedUI/Skeleton/SkeletonLoader.swift */; };
		624665E7E1753389C3CE1C90 /* AnchorApp/SharedUI/TabBar/CustomTabBarView.swift in Sources */ = {isa = PBXBuildFile; fileRef = 5EF4CBDA4921FBE2D760D0C6 /* AnchorApp/SharedUI/TabBar/CustomTabBarView.swift */; };
		7175ACEA1868066F76E77B38 /* AnchorApp/SharedUI/TabBar/CustomTabContainerView.swift in Sources */ = {isa = PBXBuildFile; fileRef = 9CBA57E755CB33F2C2BAB49B /* AnchorApp/SharedUI/TabBar/CustomTabContainerView.swift */; };
		05F2DE75FC7FF9B54698F6E8 /* AnchorApp/SharedUI/TabBar/TabBarPreview.swift in Sources */ = {isa = PBXBuildFile; fileRef = 990530B912C55122D71B46FA /* AnchorApp/SharedUI/TabBar/TabBarPreview.swift */; };
		8070C688DDAD024FC68846C0 /* AnchorApp/SharedUI/TabBar/TabItem.swift in Sources */ = {isa = PBXBuildFile; fileRef = 9FA5F07E8793D8FB2C03B523 /* AnchorApp/SharedUI/TabBar/TabItem.swift */; };
		CBA552B2730192FA8D6A08A7 /* AnchorApp/SharedUI/Toast/ToastContainerView.swift in Sources */ = {isa = PBXBuildFile; fileRef = E9197D8A4EEA5BD1E0F54F4B /* AnchorApp/SharedUI/Toast/ToastContainerView.swift */; };
		F9BC1C335636A40D9EB11570 /* AnchorApp/SharedUI/Toast/ToastManager.swift in Sources */ = {isa = PBXBuildFile; fileRef = 7FA3A62A8F7C36CA64900D9E /* AnchorApp/SharedUI/Toast/ToastManager.swift */; };
		275878E5F0DEF63190C3924D /* AnchorApp/SharedUI/Toast/ToastModel.swift in Sources */ = {isa = PBXBuildFile; fileRef = B6A4710280958A84A46EA9DD /* AnchorApp/SharedUI/Toast/ToastModel.swift */; };
		3660C2C3B3AD628F4331241C /* AnchorApp/SharedUI/Toast/ToastView.swift in Sources */ = {isa = PBXBuildFile; fileRef = 7B35FF9D05E728087DBF813E /* AnchorApp/SharedUI/Toast/ToastView.swift */; };
		B9B55C26F37B66240FA03511 /* AnchorShieldExtension/ShieldDecision.swift in Sources */ = {isa = PBXBuildFile; fileRef = 1D8280ED2924B79D30997A56 /* AnchorShieldExtension/ShieldDecision.swift */; };
		C9DC78A6B45BD271431C3155 /* AnchorShieldExtension/ShieldDesignSystem.swift in Sources */ = {isa = PBXBuildFile; fileRef = A2F03F58800217CE5364F6A7 /* AnchorShieldExtension/ShieldDesignSystem.swift */; };
		70F24301EDE06A0C2FAC9D27 /* AnchorShieldExtension/ShieldExtension.swift in Sources */ = {isa = PBXBuildFile; fileRef = 6F9CB4129093DDC637E13A82 /* AnchorShieldExtension/ShieldExtension.swift */; };
		7598258C9E88F3864EBA79E5 /* AnchorShieldExtension/ShieldView.swift in Sources */ = {isa = PBXBuildFile; fileRef = 9210F6B16F98D42FE5A7E60E /* AnchorShieldExtension/ShieldView.swift */; };
		6BA4DF2D7CD90E611A282D54 /* AnchorShieldExtension/ShieldViewModel.swift in Sources */ = {isa = PBXBuildFile; fileRef = 940F14320FC00743AFFE2200 /* AnchorShieldExtension/ShieldViewModel.swift */; };
		912653AB2F49B37C60A7FF45 /* Shared/Messaging/ShieldMessages.swift in Sources */ = {isa = PBXBuildFile; fileRef = DFF8E89527BBACDE89F97E26 /* Shared/Messaging/ShieldMessages.swift */; };
		764D26F0A2FC47E494BB925A /* Shared/Models/AppCategory.swift in Sources */ = {isa = PBXBuildFile; fileRef = E58AB55A8ADA0A22B29F431D /* Shared/Models/AppCategory.swift */; };
		8721D7BDB4166B6CFA35FAED /* Shared/Models/Friend.swift in Sources */ = {isa = PBXBuildFile; fileRef = F7CB773B1288042379EEB753 /* Shared/Models/Friend.swift */; };
		75DCD99726991F2F0D24C832 /* Shared/Models/FriendActivityEvent.swift in Sources */ = {isa = PBXBuildFile; fileRef = AD80AC4DEE0E905EF148B678 /* Shared/Models/FriendActivityEvent.swift */; };
		D9F4A2A2AAC24D0AAF77AB3D /* Shared/Models/LockSession.swift in Sources */ = {isa = PBXBuildFile; fileRef = 35C06ACB7E1AEED56B74AE23 /* Shared/Models/LockSession.swift */; };
		194BA7220DBAB37FEEC62BAF /* Shared/Models/Proof.swift in Sources */ = {isa = PBXBuildFile; fileRef = BA312417104D0BB8B730F1AB /* Shared/Models/Proof.swift */; };
		048CCD60453FA66453E074A9 /* Shared/Models/SessionEvent.swift in Sources */ = {isa = PBXBuildFile; fileRef = 98E4060B1C22AB3462244B55 /* Shared/Models/SessionEvent.swift */; };
		DDB65528ED1217ABFE3EE2E9 /* Shared/Models/UnlockRequest.swift in Sources */ = {isa = PBXBuildFile; fileRef = A1C64F881AFA45F9EF3B99CB /* Shared/Models/UnlockRequest.swift */; };
		0EE6CA39F1B4B5879F554822 /* Shared/Models/User.swift in Sources */ = {isa = PBXBuildFile; fileRef = 25B70AAA86AFFF12CA4E7097 /* Shared/Models/User.swift */; };
		BB4C39EE7496A37EFA08BB50 /* Shared/Storage/AppGroupStorage.swift in Sources */ = {isa = PBXBuildFile; fileRef = 2AAD53E42284BEA471473ACD /* Shared/Storage/AppGroupStorage.swift */; };
		2294D33C2EBC90AD5EE523B8 /* AnchorApp/Config/Secrets.swift in Sources */ = {isa = PBXBuildFile; fileRef = 5943B2A687A13B40FC979356 /* AnchorApp/Config/Secrets.swift */; };
		6AA5BA2253773503CB55DEE3 /* AnchorApp/GoogleService-Info.plist in Resources */ = {isa = PBXBuildFile; fileRef = E95144353DFD3DE3A5F884AB /* AnchorApp/GoogleService-Info.plist */; };
		EC10C6E9A7CCB88013CB0F79 /* Shared.framework in Frameworks */ = {isa = PBXBuildFile; fileRef = 209156F1D29A1A679F905716 /* Shared.framework */; };
		DB8F389D191AC94F14C1A80D /* Shared.framework in Frameworks */ = {isa = PBXBuildFile; fileRef = 209156F1D29A1A679F905716 /* Shared.framework */; };
		B8A74BF7B22263ABD6424277 /* GoogleSignIn in Frameworks */ = {isa = PBXBuildFile; fileRef = CECC66926022F8D6D1DA948F /* GoogleSignIn */; };
		3498B3AF2E192B9BA681E4D9 /* Shared.framework in Embed Frameworks */ = {isa = PBXBuildFile; fileRef = 209156F1D29A1A679F905716 /* Shared.framework */; settings = {ATTRIBUTES = (CodeSignOnCopy, RemoveHeadersOnCopy, ); }; };
		9A9590ED20D6E2B182C38767 /* AnchorShieldExtension.appex in Embed App Extensions */ = {isa = PBXBuildFile; fileRef = 3060B03465E70D1E19880461 /* AnchorShieldExtension.appex */; settings = {ATTRIBUTES = (RemoveHeadersOnCopy, ); }; };
/* End PBXBuildFile section */

/* Begin PBXContainerItemProxy section */
		6914168AAA752CBB3F44CA2B /* PBXContainerItemProxy */ = {isa = PBXContainerItemProxy; containerPortal = 1781F676DEDF5767F3243DB0 /* Project object */; proxyType = 1; remoteGlobalIDString = 15010B6BA3392C3348C78A8A; remoteInfo = Shared; };
		54ADCA48B3EC7B1F1D5DA618 /* PBXContainerItemProxy */ = {isa = PBXContainerItemProxy; containerPortal = 1781F676DEDF5767F3243DB0 /* Project object */; proxyType = 1; remoteGlobalIDString = 6AF146342AD719B68633D9B5; remoteInfo = AnchorShieldExtension; };
		DDB8915EB3E421D388D3F331 /* PBXContainerItemProxy */ = {isa = PBXContainerItemProxy; containerPortal = 1781F676DEDF5767F3243DB0 /* Project object */; proxyType = 1; remoteGlobalIDString = 15010B6BA3392C3348C78A8A; remoteInfo = Shared; };
/* End PBXContainerItemProxy section */

/* Begin PBXFileReference section */
		6E95C89C3E0C20405193AFD2 /* AnchorApp/AnchorAppApp.swift */ = {isa = PBXFileReference; lastKnownFileType = sourcecode.swift; path = AnchorApp/AnchorAppApp.swift; sourceTree = "<group>"; };
		D267A01E11E17E9E1999EE84 /* AnchorApp/Config/AppConfig.swift */ = {isa = PBXFileReference; lastKnownFileType = sourcecode.swift; path = AnchorApp/Config/AppConfig.swift; sourceTree = "<group>"; };
		1758662D6282BCE7A7890769 /* AnchorApp/Core/Constants.swift */ = {isa = PBXFileReference; lastKnownFileType = sourcecode.swift; path = AnchorApp/Core/Constants.swift; sourceTree = "<group>"; };
		0F8046CF9AB694C2E72C6288 /* AnchorApp/Core/DesignSystem/Colors/AppColors.swift */ = {isa = PBXFileReference; lastKnownFileType = sourcecode.swift; path = AnchorApp/Core/DesignSystem/Colors/AppColors.swift; sourceTree = "<group>"; };
		8FAACFB9E16EDE3C69FA8CA6 /* AnchorApp/Core/DesignSystem/Components/AppButtonStyle.swift */ = {isa = PBXFileReference; lastKnownFileType = sourcecode.swift; path = AnchorApp/Core/DesignSystem/Components/AppButtonStyle.swift; sourceTree = "<group>"; };
		AFD7776B4D629FFFB382F11F /* AnchorApp/Core/DesignSystem/Components/AppCardStyle.swift */ = {isa = PBXFileReference; lastKnownFileType = sourcecode.swift; path = AnchorApp/Core/DesignSystem/Components/AppCardStyle.swift; sourceTree = "<group>"; };
		350DC92B6C362687B01CA57A /* AnchorApp/Core/DesignSystem/Components/AppTextFieldStyle.swift */ = {isa = PBXFileReference; lastKnownFileType = sourcecode.swift; path = AnchorApp/Core/DesignSystem/Components/AppTextFieldStyle.swift; sourceTree = "<group>"; };
		CDECA0747473C8B7810498A7 /* AnchorApp/Core/DesignSystem/Theme.swift */ = {isa = PBXFileReference; lastKnownFileType = sourcecode.swift; path = AnchorApp/Core/DesignSystem/Theme.swift; sourceTree = "<group>"; };
		27725FE1FA94ADAD78AB0B9A /* AnchorApp/Core/DesignSystem/Typography/AppTypography.swift */ = {isa = PBXFileReference; lastKnownFileType = sourcecode.swift; path = AnchorApp/Core/DesignSystem/Typography/AppTypography.swift; sourceTree = "<group>"; };
		C8D14141F20F0F87C9ED1A80 /* AnchorApp/Core/Networking/APIClient.swift */ = {isa = PBXFileReference; lastKnownFileType = sourcecode.swift; path = AnchorApp/Core/Networking/APIClient.swift; sourceTree = "<group>"; };
		814E88B3741C3AFB81A1AF52 /* AnchorApp/Core/Networking/Endpoint.swift */ = {isa = PBXFileReference; lastKnownFileType = sourcecode.swift; path = AnchorApp/Core/Networking/Endpoint.swift; sourceTree = "<group>"; };
		6C547201D2F1152CA3DBC1B2 /* AnchorApp/Core/Networking/SupabaseClient.swift */ = {isa = PBXFileReference; lastKnownFileType = sourcecode.swift; path = AnchorApp/Core/Networking/SupabaseClient.swift; sourceTree = "<group>"; };
		ECDB37EEB1201411AC979013 /* AnchorApp/Core/Notifications/NotificationNames.swift */ = {isa = PBXFileReference; lastKnownFileType = sourcecode.swift; path = AnchorApp/Core/Notifications/NotificationNames.swift; sourceTree = "<group>"; };
		24EBC69BEAA61DA24239A94D /* AnchorApp/Core/Services/ActivitySelectionService.swift */ = {isa = PBXFileReference; lastKnownFileType = sourcecode.swift; path = AnchorApp/Core/Services/ActivitySelectionService.swift; sourceTree = "<group>"; };
		1521A265A0E507A4D42E20CD /* AnchorApp/Core/Services/AuthService.swift */ = {isa = PBXFileReference; lastKnownFileType = sourcecode.swift; path = AnchorApp/Core/Services/AuthService.swift; sourceTree = "<group>"; };
		A856AEA972C74F0A5748429E /* AnchorApp/Core/Services/DeepLinkHandler.swift */ = {isa = PBXFileReference; lastKnownFileType = sourcecode.swift; path = AnchorApp/Core/Services/DeepLinkHandler.swift; sourceTree = "<group>"; };
		6FA6698C051856D59E2BD998 /* AnchorApp/Core/Services/DeviceActivityService.swift */ = {isa = PBXFileReference; lastKnownFileType = sourcecode.swift; path = AnchorApp/Core/Services/DeviceActivityService.swift; sourceTree = "<group>"; };
		7D0CE8782AB0862A76707E1A /* AnchorApp/Core/Services/FriendActivityService.swift */ = {isa = PBXFileReference; lastKnownFileType = sourcecode.swift; path = AnchorApp/Core/Services/FriendActivityService.swift; sourceTree = "<group>"; };
		A02B7ACA372D511551ADC066 /* AnchorApp/Core/Services/FriendService.swift */ = {isa = PBXFileReference; lastKnownFileType = sourcecode.swift; path = AnchorApp/Core/Services/FriendService.swift; sourceTree = "<group>"; };
		2F0322B22C1A8F84E873A1B3 /* AnchorApp/Core/Services/GoalService.swift */ = {isa = PBXFileReference; lastKnownFileType = sourcecode.swift; path = AnchorApp/Core/Services/GoalService.swift; sourceTree = "<group>"; };
		9C8AC555FD2663B0CC20CE99 /* AnchorApp/Core/Services/LoggerService.swift */ = {isa = PBXFileReference; lastKnownFileType = sourcecode.swift; path = AnchorApp/Core/Services/LoggerService.swift; sourceTree = "<group>"; };
		1132C1C799AE0F3B026B77BA /* AnchorApp/Core/Services/MockScreenTimeService.swift */ = {isa = PBXFileReference; lastKnownFileType = sourcecode.swift; path = AnchorApp/Core/Services/MockScreenTimeService.swift; sourceTree = "<group>"; };
		CE40CF7FE1ADAE0E4199A220 /* AnchorApp/Core/Services/NetworkMonitor.swift */ = {isa = PBXFileReference; lastKnownFileType = sourcecode.swift; path = AnchorApp/Core/Services/NetworkMonitor.swift; sourceTree = "<group>"; };
		D5452012065443F87B55D4F9 /* AnchorApp/Core/Services/NotificationService+DeepLink.swift */ = {isa = PBXFileReference; lastKnownFileType = sourcecode.swift; path = AnchorApp/Core/Services/NotificationService+DeepLink.swift; sourceTree = "<group>"; };
		8CEEFE6738E3BCADEC6BC1CB /* AnchorApp/Core/Services/NotificationService.swift */ = {isa = PBXFileReference; lastKnownFileType = sourcecode.swift; path = AnchorApp/Core/Services/NotificationService.swift; sourceTree = "<group>"; };
		C9CEDF9C9EF554BE1C7E520D /* AnchorApp/Core/Services/OfflineSyncService.swift */ = {isa = PBXFileReference; lastKnownFileType = sourcecode.swift; path = AnchorApp/Core/Services/OfflineSyncService.swift; sourceTree = "<group>"; };
		11DCC61FAA9964F025781FF9 /* AnchorApp/Core/Services/PersistenceService.swift */ = {isa = PBXFileReference; lastKnownFileType = sourcecode.swift; path = AnchorApp/Core/Services/PersistenceService.swift; sourceTree = "<group>"; };
		A14D87524635771500B5AE6F /* AnchorApp/Core/Services/ProofService.swift */ = {isa = PBXFileReference; lastKnownFileType = sourcecode.swift; path = AnchorApp/Core/Services/ProofService.swift; sourceTree = "<group>"; };
		E38B267AAF6F618B43D82FA1 /* AnchorApp/Core/Services/ScreenTimeService.swift */ = {isa = PBXFileReference; lastKnownFileType = sourcecode.swift; path = AnchorApp/Core/Services/ScreenTimeService.swift; sourceTree = "<group>"; };
		078756FE016907B467AD3B9E /* AnchorApp/Core/Services/ScreenTimeServiceProtocol.swift */ = {isa = PBXFileReference; lastKnownFileType = sourcecode.swift; path = AnchorApp/Core/Services/ScreenTimeServiceProtocol.swift; sourceTree = "<group>"; };
		A7455288E408D01D59B31A5F /* AnchorApp/Core/Services/SessionService.swift */ = {isa = PBXFileReference; lastKnownFileType = sourcecode.swift; path = AnchorApp/Core/Services/SessionService.swift; sourceTree = "<group>"; };
		C40A033758D8CFBDF85F1977 /* AnchorApp/Core/Services/UnlockRequestService.swift */ = {isa = PBXFileReference; lastKnownFileType = sourcecode.swift; path = AnchorApp/Core/Services/UnlockRequestService.swift; sourceTree = "<group>"; };
		606F0B4C0827FFEEA530ADA6 /* AnchorApp/Core/Services/UsageReportService.swift */ = {isa = PBXFileReference; lastKnownFileType = sourcecode.swift; path = AnchorApp/Core/Services/UsageReportService.swift; sourceTree = "<group>"; };
		B63E5F27CA4CBB200A81A0B6 /* AnchorApp/Core/Services/UserService.swift */ = {isa = PBXFileReference; lastKnownFileType = sourcecode.swift; path = AnchorApp/Core/Services/UserService.swift; sourceTree = "<group>"; };
		9471FC4547CD0304493462AF /* AnchorApp/Core/Utilities/Extensions/Date+Extensions.swift */ = {isa = PBXFileReference; lastKnownFileType = sourcecode.swift; path = AnchorApp/Core/Utilities/Extensions/Date+Extensions.swift; sourceTree = "<group>"; };
		B01DECEC88561AB07E230524 /* AnchorApp/Core/Utilities/Extensions/String+Extensions.swift */ = {isa = PBXFileReference; lastKnownFileType = sourcecode.swift; path = AnchorApp/Core/Utilities/Extensions/String+Extensions.swift; sourceTree = "<group>"; };
		23F302F888B358DD48C8181A /* AnchorApp/Core/Utilities/Extensions/View+Extensions.swift */ = {isa = PBXFileReference; lastKnownFileType = sourcecode.swift; path = AnchorApp/Core/Utilities/Extensions/View+Extensions.swift; sourceTree = "<group>"; };
		689B972C6CBBCF47D5D7C913 /* AnchorApp/Core/Utilities/ImageProcessing/ImageProcessingUtility.swift */ = {isa = PBXFileReference; lastKnownFileType = sourcecode.swift; path = AnchorApp/Core/Utilities/ImageProcessing/ImageProcessingUtility.swift; sourceTree = "<group>"; };
		85DFDF2CC921FAA7068C8466 /* AnchorApp/Core/Utilities/Keychain/AppleSignInCoordinator.swift */ = {isa = PBXFileReference; lastKnownFileType = sourcecode.swift; path = AnchorApp/Core/Utilities/Keychain/AppleSignInCoordinator.swift; sourceTree = "<group>"; };
		031787ED22976623FD0E28A9 /* AnchorApp/Core/Utilities/Keychain/KeychainService.swift */ = {isa = PBXFileReference; lastKnownFileType = sourcecode.swift; path = AnchorApp/Core/Utilities/Keychain/KeychainService.swift; sourceTree = "<group>"; };
		701D64B13E7646D0F14FB049 /* AnchorApp/Core/Utilities/Logging/Logger.swift */ = {isa = PBXFileReference; lastKnownFileType = sourcecode.swift; path = AnchorApp/Core/Utilities/Logging/Logger.swift; sourceTree = "<group>"; };
		CC6784AB2B93F4CE178DAF72 /* AnchorApp/Features/ActivityFeed/ViewModels/ActivityFeedViewModel.swift */ = {isa = PBXFileReference; lastKnownFileType = sourcecode.swift; path = AnchorApp/Features/ActivityFeed/ViewModels/ActivityFeedViewModel.swift; sourceTree = "<group>"; };
		A245914D231BE4161EE4FE73 /* AnchorApp/Features/ActivityFeed/Views/ActivityFeedView.swift */ = {isa = PBXFileReference; lastKnownFileType = sourcecode.swift; path = AnchorApp/Features/ActivityFeed/Views/ActivityFeedView.swift; sourceTree = "<group>"; };
		260BEE0F318DF2DEDFEB6120 /* AnchorApp/Features/AppSelection/FamilyActivityPickerRepresentable.swift */ = {isa = PBXFileReference; lastKnownFileType = sourcecode.swift; path = AnchorApp/Features/AppSelection/FamilyActivityPickerRepresentable.swift; sourceTree = "<group>"; };
		AA40D3EF8CF4B0ED8720792B /* AnchorApp/Features/AppSelection/SelectAppsView.swift */ = {isa = PBXFileReference; lastKnownFileType = sourcecode.swift; path = AnchorApp/Features/AppSelection/SelectAppsView.swift; sourceTree = "<group>"; };
		020536248603AEDCF4C4661D /* AnchorApp/Features/AppSelection/ViewModels/SelectAppsViewModel.swift */ = {isa = PBXFileReference; lastKnownFileType = sourcecode.swift; path = AnchorApp/Features/AppSelection/ViewModels/SelectAppsViewModel.swift; sourceTree = "<group>"; };
		BB40B09614CFA59697E4AF7A /* AnchorApp/Features/Auth/Coordinators/GoogleSignInCoordinator.swift */ = {isa = PBXFileReference; lastKnownFileType = sourcecode.swift; path = AnchorApp/Features/Auth/Coordinators/GoogleSignInCoordinator.swift; sourceTree = "<group>"; };
		6492D0CA4CCFE0CBE63ABDDC /* AnchorApp/Features/Auth/ViewModels/AuthViewModel.swift */ = {isa = PBXFileReference; lastKnownFileType = sourcecode.swift; path = AnchorApp/Features/Auth/ViewModels/AuthViewModel.swift; sourceTree = "<group>"; };
		C40BD6B9ECFB3987098E6AD6 /* AnchorApp/Features/Auth/Views/AuthRootView.swift */ = {isa = PBXFileReference; lastKnownFileType = sourcecode.swift; path = AnchorApp/Features/Auth/Views/AuthRootView.swift; sourceTree = "<group>"; };
		FA51FEB4779C33389BA42984 /* AnchorApp/Features/Auth/Views/SignInOptionsView.swift */ = {isa = PBXFileReference; lastKnownFileType = sourcecode.swift; path = AnchorApp/Features/Auth/Views/SignInOptionsView.swift; sourceTree = "<group>"; };
		1A245B9DC5AF1F07C05938A8 /* AnchorApp/Features/Auth/Views/UsernameSetupView.swift */ = {isa = PBXFileReference; lastKnownFileType = sourcecode.swift; path = AnchorApp/Features/Auth/Views/UsernameSetupView.swift; sourceTree = "<group>"; };
		9411E872554A3958846AA9B3 /* AnchorApp/Features/Friends/Models/FriendMockModel.swift */ = {isa = PBXFileReference; lastKnownFileType = sourcecode.swift; path = AnchorApp/Features/Friends/Models/FriendMockModel.swift; sourceTree = "<group>"; };
		4085532B1ACB1A6A5AD27E57 /* AnchorApp/Features/Friends/ViewModels/FriendsViewModel.swift */ = {isa = PBXFileReference; lastKnownFileType = sourcecode.swift; path = AnchorApp/Features/Friends/ViewModels/FriendsViewModel.swift; sourceTree = "<group>"; };
		98E142E512CCD9FFE1848014 /* AnchorApp/Features/Friends/Views/AddFriendSheet.swift */ = {isa = PBXFileReference; lastKnownFileType = sourcecode.swift; path = AnchorApp/Features/Friends/Views/AddFriendSheet.swift; sourceTree = "<group>"; };
		F73D09FA966B0E0039B29524 /* AnchorApp/Features/Friends/Views/FriendsTabView.swift */ = {isa = PBXFileReference; lastKnownFileType = sourcecode.swift; path = AnchorApp/Features/Friends/Views/FriendsTabView.swift; sourceTree = "<group>"; };
		01AA927EED6775A93EE7A7DD /* AnchorApp/Features/Friends/Views/FriendsView.swift */ = {isa = PBXFileReference; lastKnownFileType = sourcecode.swift; path = AnchorApp/Features/Friends/Views/FriendsView.swift; sourceTree = "<group>"; };
		9803576ADB5F17F471D1B642 /* AnchorApp/Features/Friends/Views/PendingRequestsView.swift */ = {isa = PBXFileReference; lastKnownFileType = sourcecode.swift; path = AnchorApp/Features/Friends/Views/PendingRequestsView.swift; sourceTree = "<group>"; };
		371D8663BF1557B85AC404CE /* AnchorApp/Features/Goals/Views/GoalCreationView.swift */ = {isa = PBXFileReference; lastKnownFileType = sourcecode.swift; path = AnchorApp/Features/Goals/Views/GoalCreationView.swift; sourceTree = "<group>"; };
		AF096365BAB5EC0ADB62561B /* AnchorApp/Features/Goals/Views/GoalsExplanationView.swift */ = {isa = PBXFileReference; lastKnownFileType = sourcecode.swift; path = AnchorApp/Features/Goals/Views/GoalsExplanationView.swift; sourceTree = "<group>"; };
		89D53021A67E97806893AFAC /* AnchorApp/Features/Insights/ViewModels/InsightsViewModel.swift */ = {isa = PBXFileReference; lastKnownFileType = sourcecode.swift; path = AnchorApp/Features/Insights/ViewModels/InsightsViewModel.swift; sourceTree = "<group>"; };
		6834667616AC27FC9752EF15 /* AnchorApp/Features/Insights/Views/InsightsView.swift */ = {isa = PBXFileReference; lastKnownFileType = sourcecode.swift; path = AnchorApp/Features/Insights/Views/InsightsView.swift; sourceTree = "<group>"; };
		6B316ADBB9DB328F6D9C1B45 /* AnchorApp/Features/Notifications/NotificationPreferencesView.swift */ = {isa = PBXFileReference; lastKnownFileType = sourcecode.swift; path = AnchorApp/Features/Notifications/NotificationPreferencesView.swift; sourceTree = "<group>"; };
		AB59019E1355C670B2DC8263 /* AnchorApp/Features/Notifications/NotificationPreferencesViewModel.swift */ = {isa = PBXFileReference; lastKnownFileType = sourcecode.swift; path = AnchorApp/Features/Notifications/NotificationPreferencesViewModel.swift; sourceTree = "<group>"; };
		E7AD036BF972C67999CED515 /* AnchorApp/Features/Onboarding/ViewModels/OnboardingViewModel.swift */ = {isa = PBXFileReference; lastKnownFileType = sourcecode.swift; path = AnchorApp/Features/Onboarding/ViewModels/OnboardingViewModel.swift; sourceTree = "<group>"; };
		D245CB89C985D188067A4B40 /* AnchorApp/Features/Onboarding/Views/OnboardingPages.swift */ = {isa = PBXFileReference; lastKnownFileType = sourcecode.swift; path = AnchorApp/Features/Onboarding/Views/OnboardingPages.swift; sourceTree = "<group>"; };
		0F777972CCA26573A70551BB /* AnchorApp/Features/Onboarding/Views/OnboardingPermissionStepView.swift */ = {isa = PBXFileReference; lastKnownFileType = sourcecode.swift; path = AnchorApp/Features/Onboarding/Views/OnboardingPermissionStepView.swift; sourceTree = "<group>"; };
		7F99FFABB683B8B302768899 /* AnchorApp/Features/Onboarding/Views/OnboardingView.swift */ = {isa = PBXFileReference; lastKnownFileType = sourcecode.swift; path = AnchorApp/Features/Onboarding/Views/OnboardingView.swift; sourceTree = "<group>"; };
		14C6FED036CA105A01D34C59 /* AnchorApp/Features/OnboardingScreenTime/ScreenTimeIntroView.swift */ = {isa = PBXFileReference; lastKnownFileType = sourcecode.swift; path = AnchorApp/Features/OnboardingScreenTime/ScreenTimeIntroView.swift; sourceTree = "<group>"; };
		0D1000DC99FC7880784B6F87 /* AnchorApp/Features/OnboardingScreenTime/ScreenTimeOnboardingFlowView.swift */ = {isa = PBXFileReference; lastKnownFileType = sourcecode.swift; path = AnchorApp/Features/OnboardingScreenTime/ScreenTimeOnboardingFlowView.swift; sourceTree = "<group>"; };
		DF0E62C589089ADBD284EE10 /* AnchorApp/Features/OnboardingScreenTime/ScreenTimeOnboardingViewModel.swift */ = {isa = PBXFileReference; lastKnownFileType = sourcecode.swift; path = AnchorApp/Features/OnboardingScreenTime/ScreenTimeOnboardingViewModel.swift; sourceTree = "<group>"; };
		003B511929163142E38E5C11 /* AnchorApp/Features/OnboardingScreenTime/ScreenTimePermissionRequestView.swift */ = {isa = PBXFileReference; lastKnownFileType = sourcecode.swift; path = AnchorApp/Features/OnboardingScreenTime/ScreenTimePermissionRequestView.swift; sourceTree = "<group>"; };
		B6752EA4ED7F4DEB5F3318EE /* AnchorApp/Features/OnboardingScreenTime/ScreenTimeWhyView.swift */ = {isa = PBXFileReference; lastKnownFileType = sourcecode.swift; path = AnchorApp/Features/OnboardingScreenTime/ScreenTimeWhyView.swift; sourceTree = "<group>"; };
		6AC0AD7F1CE20E4FEB46A69F /* AnchorApp/Features/Proofs/Capture/CameraView.swift */ = {isa = PBXFileReference; lastKnownFileType = sourcecode.swift; path = AnchorApp/Features/Proofs/Capture/CameraView.swift; sourceTree = "<group>"; };
		D12E60BE935D458487A1A92A /* AnchorApp/Features/Proofs/Capture/ProofCaptureView.swift */ = {isa = PBXFileReference; lastKnownFileType = sourcecode.swift; path = AnchorApp/Features/Proofs/Capture/ProofCaptureView.swift; sourceTree = "<group>"; };
		C8049087EFFC084C29B28365 /* AnchorApp/Features/Proofs/Capture/ProofCaptureViewModel.swift */ = {isa = PBXFileReference; lastKnownFileType = sourcecode.swift; path = AnchorApp/Features/Proofs/Capture/ProofCaptureViewModel.swift; sourceTree = "<group>"; };
		96842D9EF946278D28685F52 /* AnchorApp/Features/Proofs/Capture/ProofUploadView.swift */ = {isa = PBXFileReference; lastKnownFileType = sourcecode.swift; path = AnchorApp/Features/Proofs/Capture/ProofUploadView.swift; sourceTree = "<group>"; };
		C9EC1288D32EE1752CD00917 /* AnchorApp/Features/Proofs/ViewModels/ProofViewModel.swift */ = {isa = PBXFileReference; lastKnownFileType = sourcecode.swift; path = AnchorApp/Features/Proofs/ViewModels/ProofViewModel.swift; sourceTree = "<group>"; };
		2563E65538377E41062C7ED9 /* AnchorApp/Features/Proofs/Views/CaptureProofView.swift */ = {isa = PBXFileReference; lastKnownFileType = sourcecode.swift; path = AnchorApp/Features/Proofs/Views/CaptureProofView.swift; sourceTree = "<group>"; };
		CDF44EEE1659E06048BE391E /* AnchorApp/Features/Proofs/Views/ProofGalleryView.swift */ = {isa = PBXFileReference; lastKnownFileType = sourcecode.swift; path = AnchorApp/Features/Proofs/Views/ProofGalleryView.swift; sourceTree = "<group>"; };
		CED068A02AD7CABD76C4BA91 /* AnchorApp/Features/Reflection/ViewModels/DailyReflectionViewModel.swift */ = {isa = PBXFileReference; lastKnownFileType = sourcecode.swift; path = AnchorApp/Features/Reflection/ViewModels/DailyReflectionViewModel.swift; sourceTree = "<group>"; };
		FCE499E914A0C560546EF24D /* AnchorApp/Features/Reflection/Views/DailyReflectionView.swift */ = {isa = PBXFileReference; lastKnownFileType = sourcecode.swift; path = AnchorApp/Features/Reflection/Views/DailyReflectionView.swift; sourceTree = "<group>"; };
		8224CF4CCAD13587530D1526 /* AnchorApp/Features/Root/MainTabView.swift */ = {isa = PBXFileReference; lastKnownFileType = sourcecode.swift; path = AnchorApp/Features/Root/MainTabView.swift; sourceTree = "<group>"; };
		7B7E9F73A6F40A4A76899387 /* AnchorApp/Features/Root/RootView.swift */ = {isa = PBXFileReference; lastKnownFileType = sourcecode.swift; path = AnchorApp/Features/Root/RootView.swift; sourceTree = "<group>"; };
		CBC4200DFA9DB24001690C6C /* AnchorApp/Features/Sessions/ActiveMock/ActiveSessionMockView.swift */ = {isa = PBXFileReference; lastKnownFileType = sourcecode.swift; path = AnchorApp/Features/Sessions/ActiveMock/ActiveSessionMockView.swift; sourceTree = "<group>"; };
		7616C4020718A45555CEEA6F /* AnchorApp/Features/Sessions/ActiveMock/ActiveSessionMockViewModel.swift */ = {isa = PBXFileReference; lastKnownFileType = sourcecode.swift; path = AnchorApp/Features/Sessions/ActiveMock/ActiveSessionMockViewModel.swift; sourceTree = "<group>"; };
		1910B752AE376D9305711A91 /* AnchorApp/Features/Sessions/Create/CreateSessionView.swift */ = {isa = PBXFileReference; lastKnownFileType = sourcecode.swift; path = AnchorApp/Features/Sessions/Create/CreateSessionView.swift; sourceTree = "<group>"; };
		1063F36A84265681174CCF68 /* AnchorApp/Features/Sessions/Create/CreateSessionViewModel.swift */ = {isa = PBXFileReference; lastKnownFileType = sourcecode.swift; path = AnchorApp/Features/Sessions/Create/CreateSessionViewModel.swift; sourceTree = "<group>"; };
		6A3A5286CEF6B2DFFC88C0C2 /* AnchorApp/Features/Sessions/ViewModels/SessionViewModel.swift */ = {isa = PBXFileReference; lastKnownFileType = sourcecode.swift; path = AnchorApp/Features/Sessions/ViewModels/SessionViewModel.swift; sourceTree = "<group>"; };
		3B76363F9901C11EBD3D48C3 /* AnchorApp/Features/Sessions/Views/ActiveSessionView.swift */ = {isa = PBXFileReference; lastKnownFileType = sourcecode.swift; path = AnchorApp/Features/Sessions/Views/ActiveSessionView.swift; sourceTree = "<group>"; };
		60D9677D02C5DD23BE4E6E75 /* AnchorApp/Features/Sessions/Views/ActivityPickerView.swift */ = {isa = PBXFileReference; lastKnownFileType = sourcecode.swift; path = AnchorApp/Features/Sessions/Views/ActivityPickerView.swift; sourceTree = "<group>"; };
		DC6C8BAD0C6EC3896E4C39B0 /* AnchorApp/Features/Sessions/Views/SessionHomeView.swift */ = {isa = PBXFileReference; lastKnownFileType = sourcecode.swift; path = AnchorApp/Features/Sessions/Views/SessionHomeView.swift; sourceTree = "<group>"; };
		D86AA09A822E7F84A7D8E66B /* AnchorApp/Features/Sessions/Views/SessionSetupView.swift */ = {isa = PBXFileReference; lastKnownFileType = sourcecode.swift; path = AnchorApp/Features/Sessions/Views/SessionSetupView.swift; sourceTree = "<group>"; };
		14C0AC13FD193D2D56EB9D26 /* AnchorApp/Features/Sessions/Views/SessionTimelineView.swift */ = {isa = PBXFileReference; lastKnownFileType = sourcecode.swift; path = AnchorApp/Features/Sessions/Views/SessionTimelineView.swift; sourceTree = "<group>"; };
		3377DF569D0BFAC567F59DF2 /* AnchorApp/Features/Settings/ViewModels/ScreenTimePermissionViewModel.swift */ = {isa = PBXFileReference; lastKnownFileType = sourcecode.swift; path = AnchorApp/Features/Settings/ViewModels/ScreenTimePermissionViewModel.swift; sourceTree = "<group>"; };
		970993C1FCB75FBC2757DA71 /* AnchorApp/Features/Settings/ViewModels/SettingsViewModel.swift */ = {isa = PBXFileReference; lastKnownFileType = sourcecode.swift; path = AnchorApp/Features/Settings/ViewModels/SettingsViewModel.swift; sourceTree = "<group>"; };
		E76CA099C016FE6D4BCDFFAE /* AnchorApp/Features/Settings/Views/DebugDiagnosticsView.swift */ = {isa = PBXFileReference; lastKnownFileType = sourcecode.swift; path = AnchorApp/Features/Settings/Views/DebugDiagnosticsView.swift; sourceTree = "<group>"; };
		7C5AB25CAA1348A0A5F4FB2B /* AnchorApp/Features/Settings/Views/NotificationSettingsView.swift */ = {isa = PBXFileReference; lastKnownFileType = sourcecode.swift; path = AnchorApp/Features/Settings/Views/NotificationSettingsView.swift; sourceTree = "<group>"; };
		7F1D09F567A874414C612A0D /* AnchorApp/Features/Settings/Views/ScreenTimePermissionView.swift */ = {isa = PBXFileReference; lastKnownFileType = sourcecode.swift; path = AnchorApp/Features/Settings/Views/ScreenTimePermissionView.swift; sourceTree = "<group>"; };
		BD07AD3FA279AAA8D8575058 /* AnchorApp/Features/Settings/Views/SettingsRowView.swift */ = {isa = PBXFileReference; lastKnownFileType = sourcecode.swift; path = AnchorApp/Features/Settings/Views/SettingsRowView.swift; sourceTree = "<group>"; };
		7016A1BBF401C36D26580B39 /* AnchorApp/Features/Settings/Views/SettingsView.swift */ = {isa = PBXFileReference; lastKnownFileType = sourcecode.swift; path = AnchorApp/Features/Settings/Views/SettingsView.swift; sourceTree = "<group>"; };
		FCE3B412BDB3753B9F3D9410 /* AnchorApp/Features/UnlockRequests/User/ViewModels/UnlockRequestViewModel.swift */ = {isa = PBXFileReference; lastKnownFileType = sourcecode.swift; path = AnchorApp/Features/UnlockRequests/User/ViewModels/UnlockRequestViewModel.swift; sourceTree = "<group>"; };
		9D52FED55D724AA0BD3059BC /* AnchorApp/Features/UnlockRequests/User/Views/UnlockRequestView.swift */ = {isa = PBXFileReference; lastKnownFileType = sourcecode.swift; path = AnchorApp/Features/UnlockRequests/User/Views/UnlockRequestView.swift; sourceTree = "<group>"; };
		9D4EF33AF0A1F21EAA3865CA /* AnchorApp/Features/UnlockRequests/ViewModels/UnlockRequestsViewModel.swift */ = {isa = PBXFileReference; lastKnownFileType = sourcecode.swift; path = AnchorApp/Features/UnlockRequests/ViewModels/UnlockRequestsViewModel.swift; sourceTree = "<group>"; };
		075F6C97118A0982CDF604F0 /* AnchorApp/Features/UnlockRequests/Views/IncomingRequestsListView.swift */ = {isa = PBXFileReference; lastKnownFileType = sourcecode.swift; path = AnchorApp/Features/UnlockRequests/Views/IncomingRequestsListView.swift; sourceTree = "<group>"; };
		67F6CA700E90D5C8ADD001DA /* AnchorApp/Features/UnlockRequests/Views/UnlockRequestDetailView.swift */ = {isa = PBXFileReference; lastKnownFileType = sourcecode.swift; path = AnchorApp/Features/UnlockRequests/Views/UnlockRequestDetailView.swift; sourceTree = "<group>"; };
		D17A3A00FB3FAFC8BB5404EF /* AnchorApp/Features/UnlockRequests/Views/UnlockRequestSubmitView.swift */ = {isa = PBXFileReference; lastKnownFileType = sourcecode.swift; path = AnchorApp/Features/UnlockRequests/Views/UnlockRequestSubmitView.swift; sourceTree = "<group>"; };
		5807A477D31A752F823F4202 /* AnchorApp/Navigation/AppCoordinator.swift */ = {isa = PBXFileReference; lastKnownFileType = sourcecode.swift; path = AnchorApp/Navigation/AppCoordinator.swift; sourceTree = "<group>"; };
		EF19F8111AD09EB66DBAE095 /* AnchorApp/Navigation/AuthFlow.swift */ = {isa = PBXFileReference; lastKnownFileType = sourcecode.swift; path = AnchorApp/Navigation/AuthFlow.swift; sourceTree = "<group>"; };
		53477F26F5069292BC72676E /* AnchorApp/Navigation/Coordinator.swift */ = {isa = PBXFileReference; lastKnownFileType = sourcecode.swift; path = AnchorApp/Navigation/Coordinator.swift; sourceTree = "<group>"; };
		55EC0758D85D9310906D81FA /* AnchorApp/Navigation/MainTabFlow.swift */ = {isa = PBXFileReference; lastKnownFileType = sourcecode.swift; path = AnchorApp/Navigation/MainTabFlow.swift; sourceTree = "<group>"; };
		D12A1F8CE8726F76EB4227DC /* AnchorApp/Navigation/OnboardingFlow.swift */ = {isa = PBXFileReference; lastKnownFileType = sourcecode.swift; path = AnchorApp/Navigation/OnboardingFlow.swift; sourceTree = "<group>"; };
		28A1EF6E6F38552A5CF28D42 /* AnchorApp/SharedUI/Animations/BreathingDotView.swift */ = {isa = PBXFileReference; lastKnownFileType = sourcecode.swift; path = AnchorApp/SharedUI/Animations/BreathingDotView.swift; sourceTree = "<group>"; };
		4D714301738C3F0A6AD485C4 /* AnchorApp/SharedUI/Animations/HapticFeedback.swift */ = {isa = PBXFileReference; lastKnownFileType = sourcecode.swift; path = AnchorApp/SharedUI/Animations/HapticFeedback.swift; sourceTree = "<group>"; };
		94B96851DC5C86BF7A70976B /* AnchorApp/SharedUI/EmptyState/EmptyStateView.swift */ = {isa = PBXFileReference; lastKnownFileType = sourcecode.swift; path = AnchorApp/SharedUI/EmptyState/EmptyStateView.swift; sourceTree = "<group>"; };
		931FD4ED3A2C0375BD94EE4C /* AnchorApp/SharedUI/Error/ErrorBanner.swift */ = {isa = PBXFileReference; lastKnownFileType = sourcecode.swift; path = AnchorApp/SharedUI/Error/ErrorBanner.swift; sourceTree = "<group>"; };
		1361B0E3122DE036B9E538F2 /* AnchorApp/SharedUI/Loading/LoadingView.swift */ = {isa = PBXFileReference; lastKnownFileType = sourcecode.swift; path = AnchorApp/SharedUI/Loading/LoadingView.swift; sourceTree = "<group>"; };
		EF3B65E0898C3A526D983F04 /* AnchorApp/SharedUI/Loading/SkeletonLoader.swift */ = {isa = PBXFileReference; lastKnownFileType = sourcecode.swift; path = AnchorApp/SharedUI/Loading/SkeletonLoader.swift; sourceTree = "<group>"; };
		D64D6D3E11DC36D88C70F5BD /* AnchorApp/SharedUI/Skeleton/SkeletonLoader.swift */ = {isa = PBXFileReference; lastKnownFileType = sourcecode.swift; path = AnchorApp/SharedUI/Skeleton/SkeletonLoader.swift; sourceTree = "<group>"; };
		5EF4CBDA4921FBE2D760D0C6 /* AnchorApp/SharedUI/TabBar/CustomTabBarView.swift */ = {isa = PBXFileReference; lastKnownFileType = sourcecode.swift; path = AnchorApp/SharedUI/TabBar/CustomTabBarView.swift; sourceTree = "<group>"; };
		9CBA57E755CB33F2C2BAB49B /* AnchorApp/SharedUI/TabBar/CustomTabContainerView.swift */ = {isa = PBXFileReference; lastKnownFileType = sourcecode.swift; path = AnchorApp/SharedUI/TabBar/CustomTabContainerView.swift; sourceTree = "<group>"; };
		990530B912C55122D71B46FA /* AnchorApp/SharedUI/TabBar/TabBarPreview.swift */ = {isa = PBXFileReference; lastKnownFileType = sourcecode.swift; path = AnchorApp/SharedUI/TabBar/TabBarPreview.swift; sourceTree = "<group>"; };
		9FA5F07E8793D8FB2C03B523 /* AnchorApp/SharedUI/TabBar/TabItem.swift */ = {isa = PBXFileReference; lastKnownFileType = sourcecode.swift; path = AnchorApp/SharedUI/TabBar/TabItem.swift; sourceTree = "<group>"; };
		E9197D8A4EEA5BD1E0F54F4B /* AnchorApp/SharedUI/Toast/ToastContainerView.swift */ = {isa = PBXFileReference; lastKnownFileType = sourcecode.swift; path = AnchorApp/SharedUI/Toast/ToastContainerView.swift; sourceTree = "<group>"; };
		7FA3A62A8F7C36CA64900D9E /* AnchorApp/SharedUI/Toast/ToastManager.swift */ = {isa = PBXFileReference; lastKnownFileType = sourcecode.swift; path = AnchorApp/SharedUI/Toast/ToastManager.swift; sourceTree = "<group>"; };
		B6A4710280958A84A46EA9DD /* AnchorApp/SharedUI/Toast/ToastModel.swift */ = {isa = PBXFileReference; lastKnownFileType = sourcecode.swift; path = AnchorApp/SharedUI/Toast/ToastModel.swift; sourceTree = "<group>"; };
		7B35FF9D05E728087DBF813E /* AnchorApp/SharedUI/Toast/ToastView.swift */ = {isa = PBXFileReference; lastKnownFileType = sourcecode.swift; path = AnchorApp/SharedUI/Toast/ToastView.swift; sourceTree = "<group>"; };
		1D8280ED2924B79D30997A56 /* AnchorShieldExtension/ShieldDecision.swift */ = {isa = PBXFileReference; lastKnownFileType = sourcecode.swift; path = AnchorShieldExtension/ShieldDecision.swift; sourceTree = "<group>"; };
		A2F03F58800217CE5364F6A7 /* AnchorShieldExtension/ShieldDesignSystem.swift */ = {isa = PBXFileReference; lastKnownFileType = sourcecode.swift; path = AnchorShieldExtension/ShieldDesignSystem.swift; sourceTree = "<group>"; };
		6F9CB4129093DDC637E13A82 /* AnchorShieldExtension/ShieldExtension.swift */ = {isa = PBXFileReference; lastKnownFileType = sourcecode.swift; path = AnchorShieldExtension/ShieldExtension.swift; sourceTree = "<group>"; };
		9210F6B16F98D42FE5A7E60E /* AnchorShieldExtension/ShieldView.swift */ = {isa = PBXFileReference; lastKnownFileType = sourcecode.swift; path = AnchorShieldExtension/ShieldView.swift; sourceTree = "<group>"; };
		940F14320FC00743AFFE2200 /* AnchorShieldExtension/ShieldViewModel.swift */ = {isa = PBXFileReference; lastKnownFileType = sourcecode.swift; path = AnchorShieldExtension/ShieldViewModel.swift; sourceTree = "<group>"; };
		DFF8E89527BBACDE89F97E26 /* Shared/Messaging/ShieldMessages.swift */ = {isa = PBXFileReference; lastKnownFileType = sourcecode.swift; path = Shared/Messaging/ShieldMessages.swift; sourceTree = "<group>"; };
		E58AB55A8ADA0A22B29F431D /* Shared/Models/AppCategory.swift */ = {isa = PBXFileReference; lastKnownFileType = sourcecode.swift; path = Shared/Models/AppCategory.swift; sourceTree = "<group>"; };
		F7CB773B1288042379EEB753 /* Shared/Models/Friend.swift */ = {isa = PBXFileReference; lastKnownFileType = sourcecode.swift; path = Shared/Models/Friend.swift; sourceTree = "<group>"; };
		AD80AC4DEE0E905EF148B678 /* Shared/Models/FriendActivityEvent.swift */ = {isa = PBXFileReference; lastKnownFileType = sourcecode.swift; path = Shared/Models/FriendActivityEvent.swift; sourceTree = "<group>"; };
		35C06ACB7E1AEED56B74AE23 /* Shared/Models/LockSession.swift */ = {isa = PBXFileReference; lastKnownFileType = sourcecode.swift; path = Shared/Models/LockSession.swift; sourceTree = "<group>"; };
		BA312417104D0BB8B730F1AB /* Shared/Models/Proof.swift */ = {isa = PBXFileReference; lastKnownFileType = sourcecode.swift; path = Shared/Models/Proof.swift; sourceTree = "<group>"; };
		98E4060B1C22AB3462244B55 /* Shared/Models/SessionEvent.swift */ = {isa = PBXFileReference; lastKnownFileType = sourcecode.swift; path = Shared/Models/SessionEvent.swift; sourceTree = "<group>"; };
		A1C64F881AFA45F9EF3B99CB /* Shared/Models/UnlockRequest.swift */ = {isa = PBXFileReference; lastKnownFileType = sourcecode.swift; path = Shared/Models/UnlockRequest.swift; sourceTree = "<group>"; };
		25B70AAA86AFFF12CA4E7097 /* Shared/Models/User.swift */ = {isa = PBXFileReference; lastKnownFileType = sourcecode.swift; path = Shared/Models/User.swift; sourceTree = "<group>"; };
		2AAD53E42284BEA471473ACD /* Shared/Storage/AppGroupStorage.swift */ = {isa = PBXFileReference; lastKnownFileType = sourcecode.swift; path = Shared/Storage/AppGroupStorage.swift; sourceTree = "<group>"; };
		D01A1D89C9B333A0939B4A5E /* AnchorApp/Info.plist */ = {isa = PBXFileReference; lastKnownFileType = text.plist.xml; path = AnchorApp/Info.plist; sourceTree = "<group>"; };
		936A0D65D561A7475D321F4B /* AnchorShieldExtension/Info.plist */ = {isa = PBXFileReference; lastKnownFileType = text.plist.xml; path = AnchorShieldExtension/Info.plist; sourceTree = "<group>"; };
		6FA676816B9AEC566848CC5F /* Shared/Info.plist */ = {isa = PBXFileReference; lastKnownFileType = text.plist.xml; path = Shared/Info.plist; sourceTree = "<group>"; };
		90E3C6C43857264AC6A85362 /* AnchorApp.entitlements */ = {isa = PBXFileReference; lastKnownFileType = text.plist.entitlements; path = AnchorApp.entitlements; sourceTree = "<group>"; };
		BC34B9838B527D82FA5E7D4C /* AnchorShieldExtension.entitlements */ = {isa = PBXFileReference; lastKnownFileType = text.plist.entitlements; path = AnchorShieldExtension.entitlements; sourceTree = "<group>"; };
		E95144353DFD3DE3A5F884AB /* AnchorApp/GoogleService-Info.plist */ = {isa = PBXFileReference; lastKnownFileType = text.plist.xml; path = AnchorApp/GoogleService-Info.plist; sourceTree = "<group>"; };
		5943B2A687A13B40FC979356 /* AnchorApp/Config/Secrets.swift */ = {isa = PBXFileReference; lastKnownFileType = sourcecode.swift; path = AnchorApp/Config/Secrets.swift; sourceTree = "<group>"; };
		73AD16181FDDB7427288C6BD /* Anchor.app */ = {isa = PBXFileReference; explicitFileType = wrapper.application; path = Anchor.app; sourceTree = BUILT_PRODUCTS_DIR; };
		3060B03465E70D1E19880461 /* AnchorShieldExtension.appex */ = {isa = PBXFileReference; explicitFileType = wrapper.app-extension; path = AnchorShieldExtension.appex; sourceTree = BUILT_PRODUCTS_DIR; };
		209156F1D29A1A679F905716 /* Shared.framework */ = {isa = PBXFileReference; explicitFileType = wrapper.framework; path = Shared.framework; sourceTree = BUILT_PRODUCTS_DIR; };
/* End PBXFileReference section */

/* Begin PBXGroup section */
		0E5EA55B00962DCEB3E1F3C6 /* AnchorApp */ = {isa = PBXGroup; children = (6E95C89C3E0C20405193AFD2, D267A01E11E17E9E1999EE84, 1758662D6282BCE7A7890769, 0F8046CF9AB694C2E72C6288, 8FAACFB9E16EDE3C69FA8CA6, AFD7776B4D629FFFB382F11F, 350DC92B6C362687B01CA57A, CDECA0747473C8B7810498A7, 27725FE1FA94ADAD78AB0B9A, C8D14141F20F0F87C9ED1A80, 814E88B3741C3AFB81A1AF52, 6C547201D2F1152CA3DBC1B2, ECDB37EEB1201411AC979013, 24EBC69BEAA61DA24239A94D, 1521A265A0E507A4D42E20CD, A856AEA972C74F0A5748429E, 6FA6698C051856D59E2BD998, 7D0CE8782AB0862A76707E1A, A02B7ACA372D511551ADC066, 2F0322B22C1A8F84E873A1B3, 9C8AC555FD2663B0CC20CE99, 1132C1C799AE0F3B026B77BA, CE40CF7FE1ADAE0E4199A220, D5452012065443F87B55D4F9, 8CEEFE6738E3BCADEC6BC1CB, C9CEDF9C9EF554BE1C7E520D, 11DCC61FAA9964F025781FF9, A14D87524635771500B5AE6F, E38B267AAF6F618B43D82FA1, 078756FE016907B467AD3B9E, A7455288E408D01D59B31A5F, C40A033758D8CFBDF85F1977, 606F0B4C0827FFEEA530ADA6, B63E5F27CA4CBB200A81A0B6, 9471FC4547CD0304493462AF, B01DECEC88561AB07E230524, 23F302F888B358DD48C8181A, 689B972C6CBBCF47D5D7C913, 85DFDF2CC921FAA7068C8466, 031787ED22976623FD0E28A9, 701D64B13E7646D0F14FB049, CC6784AB2B93F4CE178DAF72, A245914D231BE4161EE4FE73, 260BEE0F318DF2DEDFEB6120, AA40D3EF8CF4B0ED8720792B, 020536248603AEDCF4C4661D, BB40B09614CFA59697E4AF7A, 6492D0CA4CCFE0CBE63ABDDC, C40BD6B9ECFB3987098E6AD6, FA51FEB4779C33389BA42984, 1A245B9DC5AF1F07C05938A8, 9411E872554A3958846AA9B3, 4085532B1ACB1A6A5AD27E57, 98E142E512CCD9FFE1848014, F73D09FA966B0E0039B29524, 01AA927EED6775A93EE7A7DD, 9803576ADB5F17F471D1B642, 371D8663BF1557B85AC404CE, AF096365BAB5EC0ADB62561B, 89D53021A67E97806893AFAC, 6834667616AC27FC9752EF15, 6B316ADBB9DB328F6D9C1B45, AB59019E1355C670B2DC8263, E7AD036BF972C67999CED515, D245CB89C985D188067A4B40, 0F777972CCA26573A70551BB, 7F99FFABB683B8B302768899, 14C6FED036CA105A01D34C59, 0D1000DC99FC7880784B6F87, DF0E62C589089ADBD284EE10, 003B511929163142E38E5C11, B6752EA4ED7F4DEB5F3318EE, 6AC0AD7F1CE20E4FEB46A69F, D12E60BE935D458487A1A92A, C8049087EFFC084C29B28365, 96842D9EF946278D28685F52, C9EC1288D32EE1752CD00917, 2563E65538377E41062C7ED9, CDF44EEE1659E06048BE391E, CED068A02AD7CABD76C4BA91, FCE499E914A0C560546EF24D, 8224CF4CCAD13587530D1526, 7B7E9F73A6F40A4A76899387, CBC4200DFA9DB24001690C6C, 7616C4020718A45555CEEA6F, 1910B752AE376D9305711A91, 1063F36A84265681174CCF68, 6A3A5286CEF6B2DFFC88C0C2, 3B76363F9901C11EBD3D48C3, 60D9677D02C5DD23BE4E6E75, DC6C8BAD0C6EC3896E4C39B0, D86AA09A822E7F84A7D8E66B, 14C0AC13FD193D2D56EB9D26, 3377DF569D0BFAC567F59DF2, 970993C1FCB75FBC2757DA71, E76CA099C016FE6D4BCDFFAE, 7C5AB25CAA1348A0A5F4FB2B, 7F1D09F567A874414C612A0D, BD07AD3FA279AAA8D8575058, 7016A1BBF401C36D26580B39, FCE3B412BDB3753B9F3D9410, 9D52FED55D724AA0BD3059BC, 9D4EF33AF0A1F21EAA3865CA, 075F6C97118A0982CDF604F0, 67F6CA700E90D5C8ADD001DA, D17A3A00FB3FAFC8BB5404EF, 5807A477D31A752F823F4202, EF19F8111AD09EB66DBAE095, 53477F26F5069292BC72676E, 55EC0758D85D9310906D81FA, D12A1F8CE8726F76EB4227DC, 28A1EF6E6F38552A5CF28D42, 4D714301738C3F0A6AD485C4, 94B96851DC5C86BF7A70976B, 931FD4ED3A2C0375BD94EE4C, 1361B0E3122DE036B9E538F2, EF3B65E0898C3A526D983F04, D64D6D3E11DC36D88C70F5BD, 5EF4CBDA4921FBE2D760D0C6, 9CBA57E755CB33F2C2BAB49B, 990530B912C55122D71B46FA, 9FA5F07E8793D8FB2C03B523, E9197D8A4EEA5BD1E0F54F4B, 7FA3A62A8F7C36CA64900D9E, B6A4710280958A84A46EA9DD, 7B35FF9D05E728087DBF813E, D01A1D89C9B333A0939B4A5E, E95144353DFD3DE3A5F884AB, 5943B2A687A13B40FC979356); path = AnchorApp; sourceTree = "<group>"; };
		351CB23A3A939B3AEEBDB717 /* AnchorShieldExtension */ = {isa = PBXGroup; children = (1D8280ED2924B79D30997A56, A2F03F58800217CE5364F6A7, 6F9CB4129093DDC637E13A82, 9210F6B16F98D42FE5A7E60E, 940F14320FC00743AFFE2200, 936A0D65D561A7475D321F4B); path = AnchorShieldExtension; sourceTree = "<group>"; };
		32D37909E93D483633920A81 /* Shared */ = {isa = PBXGroup; children = (DFF8E89527BBACDE89F97E26, E58AB55A8ADA0A22B29F431D, F7CB773B1288042379EEB753, AD80AC4DEE0E905EF148B678, 35C06ACB7E1AEED56B74AE23, BA312417104D0BB8B730F1AB, 98E4060B1C22AB3462244B55, A1C64F881AFA45F9EF3B99CB, 25B70AAA86AFFF12CA4E7097, 2AAD53E42284BEA471473ACD, 6FA676816B9AEC566848CC5F); path = Shared; sourceTree = "<group>"; };
		5C3301D8292DBACEA69EE035 /* Products */ = {isa = PBXGroup; children = (73AD16181FDDB7427288C6BD, 3060B03465E70D1E19880461, 209156F1D29A1A679F905716); name = Products; sourceTree = "<group>"; };
		B9B8DBC97B2054281802674F = {isa = PBXGroup; children = (0E5EA55B00962DCEB3E1F3C6, 351CB23A3A939B3AEEBDB717, 32D37909E93D483633920A81, 90E3C6C43857264AC6A85362, BC34B9838B527D82FA5E7D4C, 5C3301D8292DBACEA69EE035); sourceTree = "<group>"; };
/* End PBXGroup section */

/* Begin PBXNativeTarget section */
		0A1D1B958922F39EFB59FFBA /* AnchorApp */ = {isa = PBXNativeTarget; buildConfigurationList = 96A29BA37153156058BCCE1E /* Build configuration list for PBXNativeTarget "AnchorApp" */; buildPhases = (3A726B34EDBF293EE21C0635, 07A1AD05F7D7C6BFCDB10022, 068ABBD3FCE27411826A7997, 85FC246602B98DB77FEFE227, 15075C88018479C9ACB2D715); dependencies = (4F8A67E4A84DBEC452E6643B, 992904B35400AAC639B91402); name = AnchorApp; packageProductDependencies = (CECC66926022F8D6D1DA948F); productName = Anchor; productReference = 73AD16181FDDB7427288C6BD /* Anchor.app */; productType = "com.apple.product-type.application"; };
		6AF146342AD719B68633D9B5 /* AnchorShieldExtension */ = {isa = PBXNativeTarget; buildConfigurationList = 2A0C9E0FE2B7633690F148AA /* Build configuration list for PBXNativeTarget "AnchorShieldExtension" */; buildPhases = (E87D67C38230BF0C53507F69, D54A080785D71BC486D166A2, 3846BA4786EECE8BA4F5E1A0); dependencies = (4E958A38EF2C9244D10D62A1); name = AnchorShieldExtension; productName = AnchorShieldExtension; productReference = 3060B03465E70D1E19880461 /* AnchorShieldExtension.appex */; productType = "com.apple.product-type.app-extension"; };
		15010B6BA3392C3348C78A8A /* Shared */ = {isa = PBXNativeTarget; buildConfigurationList = 1086BE9F5C3648834E8561CF /* Build configuration list for PBXNativeTarget "Shared" */; buildPhases = (FDEC8873A9DED54F0D946052, 3B7DC2A9E3DA84770E5E478B, C4006C8FF4EFCC47006992B7); dependencies = (); name = Shared; productName = Shared; productReference = 209156F1D29A1A679F905716 /* Shared.framework */; productType = "com.apple.product-type.framework"; };
/* End PBXNativeTarget section */

/* Begin PBXProject section */
		1781F676DEDF5767F3243DB0 /* Project object */ = {isa = PBXProject; attributes = {LastUpgradeCheck = 1500; TargetAttributes = {
			0A1D1B958922F39EFB59FFBA = {SystemCapabilities = {
				com.apple.ApplicationGroups = { enabled = 1; };
				com.apple.FamilyControls = { enabled = 1; };
				com.apple.DeviceActivity = { enabled = 1; };
				com.apple.Push = { enabled = 1; };
			}; };
			6AF146342AD719B68633D9B5 = {SystemCapabilities = {
				com.apple.ApplicationGroups = { enabled = 1; };
				com.apple.ManagedSettings = { enabled = 1; };
			}; };
		}; }; buildConfigurationList = B35DC1D2E2921F7C9EBE4624 /* Build configuration list for PBXProject "Anchor" */; compatibilityVersion = "Xcode 15.0"; developmentRegion = en; hasScannedForEncodings = 0; mainGroup = B9B8DBC97B2054281802674F; productRefGroup = 5C3301D8292DBACEA69EE035; projectDirPath = ""; projectRoot = ""; targets = (0A1D1B958922F39EFB59FFBA, 6AF146342AD719B68633D9B5, 15010B6BA3392C3348C78A8A); packageReferences = (28B5DF71B533C0712F08B2EC); };
/* End PBXProject section */

/* Begin PBXResourcesBuildPhase section */
		068ABBD3FCE27411826A7997 /* Resources */ = {isa = PBXResourcesBuildPhase; files = (6AA5BA2253773503CB55DEE3); };
		3846BA4786EECE8BA4F5E1A0 /* Resources */ = {isa = PBXResourcesBuildPhase; files = (); };
		C4006C8FF4EFCC47006992B7 /* Resources */ = {isa = PBXResourcesBuildPhase; files = (); };
/* End PBXResourcesBuildPhase section */

/* Begin PBXFrameworksBuildPhase section */
		07A1AD05F7D7C6BFCDB10022 /* Frameworks */ = {isa = PBXFrameworksBuildPhase; files = (EC10C6E9A7CCB88013CB0F79, B8A74BF7B22263ABD6424277); };
		D54A080785D71BC486D166A2 /* Frameworks */ = {isa = PBXFrameworksBuildPhase; files = (DB8F389D191AC94F14C1A80D); };
		3B7DC2A9E3DA84770E5E478B /* Frameworks */ = {isa = PBXFrameworksBuildPhase; files = (); };
/* End PBXFrameworksBuildPhase section */

/* Begin PBXCopyFilesBuildPhase section */
		85FC246602B98DB77FEFE227 /* Embed Frameworks */ = {isa = PBXCopyFilesBuildPhase; dstPath = ""; dstSubfolderSpec = 10; files = (3498B3AF2E192B9BA681E4D9); name = "Embed Frameworks"; runOnlyForDeploymentPostprocessing = 0; };
		15075C88018479C9ACB2D715 /* Embed App Extensions */ = {isa = PBXCopyFilesBuildPhase; dstPath = ""; dstSubfolderSpec = 13; files = (9A9590ED20D6E2B182C38767); name = "Embed App Extensions"; runOnlyForDeploymentPostprocessing = 0; };
/* End PBXCopyFilesBuildPhase section */

/* Begin PBXSourcesBuildPhase section */
		3A726B34EDBF293EE21C0635 /* Sources */ = {isa = PBXSourcesBuildPhase; files = (A6186EB5657BD1E35B5E9D15, DEB5A15CD7CF23C2B3E1C0A6, BFCD2EBF6F1341648D66B472, 190030481539F0843E68D0A1, 59078AB9946A6B1DCDD30627, 0F97AC68FDB7B2AB381BEE79, 3F333EFD7B67AC7EDF1FF14A, CB8C8D36311C6491EF1318A0, AAB3BB88F9B2AE3899588C9D, 11062527CBC842D96B6B080A, 1D136207A523C544B43E6DAA, EC1FA45D636ABFFABE0F067A, 352FB744F7E431C7680E4489, C510ACF9B93F9CB3C663DA3E, 5000D1B2DD4FA105DC98F9D6, 9AEDAD680E83E2731CC94476, 7CEF4AFBFCAEDAC9A5293211, 1F7BCA1017DDD1E53FF3F24E, 023A0EB7094EB9389E9A65A4, 56194A6805054A66DCC7E3CA, 82AFC591F081B6C58307E96F, 0324D97F306077AC67371772, 4C53D5B1E7B2CEA385D46AEB, 4B52FFE2E269A5E01A429DA2, BD2E9F58BC171A3EEE3DCD87, 78CF586561F15195A5196DB7, F17A61D174BB6B36575CFF51, 8215242B40901305DE776211, E8C41117D4729722E3A17A8D, 4A612107438279016A07B842, B8F11F9770A567496FFC567F, E3505A0C177A8C836A1E85E0, 7A44166198460848AB4CBD4E, 4A1D36655976069F101FEBD6, 250DCBED4A25BDD34FAB530F, 4819E315A73566FDD9DF877F, 88572DB4377EF5C0740C895C, 067307FD7AD8E3C2AAC643C9, DDC54851EB3AE379770EEC61, 7FA1BBCDA44F34D6AD72342D, 4A0FBAE3104506C47AC4F5D2, 9DA0B3DEF804242CCF010553, DBCF541CF4C98EA26B74F691, 183C68A327160B0F790E7047, 2B83313E141C29ACE4668FF8, 1D2C81049F822564A450C79D, E9B181911BA320E4330B9E93, CE55DBB1A60B14E8DE5C4CD4, FB81BEC6BA9064E6A0506D9F, 1CBC7DCEBE16D8186F1A4808, 4304C33353272D970DD5F019, 69C1743A5C17BFF149373A3C, C27AFF98461AEBF4C6E3F9E0, 95661C42CEC7A7D4948DC8A5, 6FF386A7356BDBC5403ED9DE, 328586F97FE1A708C13A139B, BFED837FD0C8ABEA2BFE4D6E, B6517CFFEC30BF128090DDC5, F7ACF9F5B73377EEF91F016F, 9863461A4890E855D0E42ACB, 16F441B6E23306D1D3570A49, BE036203CF1D7225795E3954, BEBB72FF038ECB61E8888A7B, 786346ED58A06E9A593FDF61, 85E72CE2F63B0BCCABB3C375, 0AD70CA1043E222F7C4B4388, 4776E0E7452BFC4A1DC1F139, 3EBAC94CDF908FDE283AADE9, 6A65371D4B3AB235EEB8DECC, 3508944DDEB400BBB0F6B2CD, 559BB403B6FA7F5112218012, E0F794FE7922DAEBB0E79643, E11C8899CFD205E739F437D0, 60ED6AC792034D5BE1749F0B, BB958AE247B4597F790525D9, 9E4F69D080580263A19BF8B0, 1576FB4B669BCEF10379648F, 9C94FC37F5E381C633433562, AF57CB308123ABFD1E5ACBA8, 4234FD40E35CA7B12FC211DD, F7ACA3015092227AF8CD576D, EB1A1E220F55C07FF005EC7A, EB0B5019578BE8430E5D86D7, 2FD5FB85B68EA627F6DBC758, E39836C14AB55F67C793A675, 0F522C8A831E5EB67FC395EB, 5E7D9E2A990DC81048059A69, 837ECE2987E8840B5B17B715, B5A5BA2248E4B6B579A65268, F8B3E7761BFD6C6796FE8EED, 4DBF9EC08E23CC005F0F6C18, C2BF634C1E1F9253D277A0F2, 9A07A5073660912B235A46C3, AA202AEC2D6A1B0FD4E2EF9F, 1EDF3B243386DF6170C2B7E2, 9C7FE9BCF27981641BC54B07, AE3C9EF5574269E0C5B969AD, 8AB163A2155DB7F278FF7E2A, F31CDEB1310252D5E86E2CF8, 30FBB5CC5181DBE86FE4CDB5, 02E731D14BAB456DF561909B, 67373D4EEF367D2940A99942, 0772055D7538DAAD9D0D2DA3, E32390B80372D3215943DCC4, 69B39834A2A94E2E37940DF1, 847260A97F12EA81AB7A51BB, 24AB46F505C6F2CF23682D6E, 1D89CB9BACC93CA8AE67E782, 0AA9351DCC2A4A8B79BAD603, A2AEA7F893F258AB8E1947D3, 82AA04B5648CE07A7EEEC260, F5A35AA17EDD55A8615E892A, 072034A2455C4D4C073C5715, 3744C5944C3CB0B76277D9CC, 0A4083E692CC564E686A8638, 60A7980DC49CB1D94C71ACEB, 6E66633AA74DB012B0BEF07A, B3E0A7C26401907278EC7724, 624665E7E1753389C3CE1C90, 7175ACEA1868066F76E77B38, 05F2DE75FC7FF9B54698F6E8, 8070C688DDAD024FC68846C0, CBA552B2730192FA8D6A08A7, F9BC1C335636A40D9EB11570, 275878E5F0DEF63190C3924D, 3660C2C3B3AD628F4331241C, 2294D33C2EBC90AD5EE523B8); };
		E87D67C38230BF0C53507F69 /* Sources */ = {isa = PBXSourcesBuildPhase; files = (B9B55C26F37B66240FA03511, C9DC78A6B45BD271431C3155, 70F24301EDE06A0C2FAC9D27, 7598258C9E88F3864EBA79E5, 6BA4DF2D7CD90E611A282D54); };
		FDEC8873A9DED54F0D946052 /* Sources */ = {isa = PBXSourcesBuildPhase; files = (912653AB2F49B37C60A7FF45, 764D26F0A2FC47E494BB925A, 8721D7BDB4166B6CFA35FAED, 75DCD99726991F2F0D24C832, D9F4A2A2AAC24D0AAF77AB3D, 194BA7220DBAB37FEEC62BAF, 048CCD60453FA66453E074A9, DDB65528ED1217ABFE3EE2E9, 0EE6CA39F1B4B5879F554822, BB4C39EE7496A37EFA08BB50); };
/* End PBXSourcesBuildPhase section */

/* Begin PBXTargetDependency section */
		4F8A67E4A84DBEC452E6643B /* PBXTargetDependency */ = {isa = PBXTargetDependency; target = 15010B6BA3392C3348C78A8A /* Shared */; targetProxy = 6914168AAA752CBB3F44CA2B /* PBXContainerItemProxy */; };
		992904B35400AAC639B91402 /* PBXTargetDependency */ = {isa = PBXTargetDependency; target = 6AF146342AD719B68633D9B5 /* AnchorShieldExtension */; targetProxy = 54ADCA48B3EC7B1F1D5DA618 /* PBXContainerItemProxy */; };
		4E958A38EF2C9244D10D62A1 /* PBXTargetDependency */ = {isa = PBXTargetDependency; target = 15010B6BA3392C3348C78A8A /* Shared */; targetProxy = DDB8915EB3E421D388D3F331 /* PBXContainerItemProxy */; };
/* End PBXTargetDependency section */

/* Begin XCBuildConfiguration section */
		8527A85BCD20B8CC723F155E /* Debug */ = {isa = XCBuildConfiguration; buildSettings = {
			SWIFT_VERSION = 5.9;
		}; name = Debug; };
		75B88ACA9E321E5F5A85C39C /* Release */ = {isa = XCBuildConfiguration; buildSettings = {
			SWIFT_VERSION = 5.9;
		}; name = Release; };
		D5EBC8A5EE0A355AB3CCEDDF /* Debug */ = {isa = XCBuildConfiguration; buildSettings = {
			PRODUCT_BUNDLE_IDENTIFIER = com.vinay.Anchor;
			PRODUCT_NAME = Anchor;
			INFOPLIST_FILE = AnchorApp/Info.plist;
			IPHONEOS_DEPLOYMENT_TARGET = 16.0;
			TARGETED_DEVICE_FAMILY = 1;
			SWIFT_VERSION = 5.9;
			CODE_SIGN_STYLE = Automatic;
			CODE_SIGN_ENTITLEMENTS = AnchorApp.entitlements;
			CURRENT_PROJECT_VERSION = 1;
			MARKETING_VERSION = 1.0;
			LD_RUNPATH_SEARCH_PATHS = $(inherited) @executable_path/Frameworks;
		}; name = Debug; };
		8AA939EBB1D1435DD4C08AF3 /* Release */ = {isa = XCBuildConfiguration; buildSettings = {
			PRODUCT_BUNDLE_IDENTIFIER = com.vinay.Anchor;
			PRODUCT_NAME = Anchor;
			INFOPLIST_FILE = AnchorApp/Info.plist;
			IPHONEOS_DEPLOYMENT_TARGET = 16.0;
			TARGETED_DEVICE_FAMILY = 1;
			SWIFT_VERSION = 5.9;
			CODE_SIGN_STYLE = Automatic;
			CODE_SIGN_ENTITLEMENTS = AnchorApp.entitlements;
			CURRENT_PROJECT_VERSION = 1;
			MARKETING_VERSION = 1.0;
			LD_RUNPATH_SEARCH_PATHS = $(inherited) @executable_path/Frameworks;
			SWIFT_OPTIMIZATION_LEVEL = -Owholemodule;
		}; name = Release; };
		EB9A2C67B961DA93CB5ED2C5 /* Debug */ = {isa = XCBuildConfiguration; buildSettings = {
			PRODUCT_BUNDLE_IDENTIFIER = com.vinay.Anchor.Shield;
			PRODUCT_NAME = AnchorShieldExtension;
			INFOPLIST_FILE = AnchorShieldExtension/Info.plist;
			IPHONEOS_DEPLOYMENT_TARGET = 16.0;
			TARGETED_DEVICE_FAMILY = 1;
			SWIFT_VERSION = 5.9;
			CODE_SIGN_STYLE = Automatic;
			CODE_SIGN_ENTITLEMENTS = AnchorShieldExtension.entitlements;
			CURRENT_PROJECT_VERSION = 1;
			MARKETING_VERSION = 1.0;
			LD_RUNPATH_SEARCH_PATHS = $(inherited) @executable_path/Frameworks @loader_path/Frameworks;
			APPLICATION_EXTENSION_API_ONLY = YES;
			SKIP_INSTALL = YES;
		}; name = Debug; };
		78CF23A56EEDF17A23979C13 /* Release */ = {isa = XCBuildConfiguration; buildSettings = {
			PRODUCT_BUNDLE_IDENTIFIER = com.vinay.Anchor.Shield;
			PRODUCT_NAME = AnchorShieldExtension;
			INFOPLIST_FILE = AnchorShieldExtension/Info.plist;
			IPHONEOS_DEPLOYMENT_TARGET = 16.0;
			TARGETED_DEVICE_FAMILY = 1;
			SWIFT_VERSION = 5.9;
			CODE_SIGN_STYLE = Automatic;
			CODE_SIGN_ENTITLEMENTS = AnchorShieldExtension.entitlements;
			CURRENT_PROJECT_VERSION = 1;
			MARKETING_VERSION = 1.0;
			LD_RUNPATH_SEARCH_PATHS = $(inherited) @executable_path/Frameworks @loader_path/Frameworks;
			APPLICATION_EXTENSION_API_ONLY = YES;
			SKIP_INSTALL = YES;
			SWIFT_OPTIMIZATION_LEVEL = -Owholemodule;
		}; name = Release; };
		7F93FA191C54DC83C8770ECC /* Debug */ = {isa = XCBuildConfiguration; buildSettings = {
			PRODUCT_BUNDLE_IDENTIFIER = com.vinay.Anchor.Shared;
			PRODUCT_NAME = Shared;
			INFOPLIST_FILE = Shared/Info.plist;
			IPHONEOS_DEPLOYMENT_TARGET = 16.0;
			SWIFT_VERSION = 5.9;
			CODE_SIGN_STYLE = Automatic;
			CURRENT_PROJECT_VERSION = 1;
			MARKETING_VERSION = 1.0;
			SKIP_INSTALL = YES;
		}; name = Debug; };
		B4B2337C29113775C16E6892 /* Release */ = {isa = XCBuildConfiguration; buildSettings = {
			PRODUCT_BUNDLE_IDENTIFIER = com.vinay.Anchor.Shared;
			PRODUCT_NAME = Shared;
			INFOPLIST_FILE = Shared/Info.plist;
			IPHONEOS_DEPLOYMENT_TARGET = 16.0;
			SWIFT_VERSION = 5.9;
			CODE_SIGN_STYLE = Automatic;
			CURRENT_PROJECT_VERSION = 1;
			MARKETING_VERSION = 1.0;
			SKIP_INSTALL = YES;
			SWIFT_OPTIMIZATION_LEVEL = -Owholemodule;
		}; name = Release; };
/* End XCBuildConfiguration section */

/* Begin XCConfigurationList section */
		B35DC1D2E2921F7C9EBE4624 /* Build configuration list for PBXProject "Anchor" */ = {isa = XCConfigurationList; buildConfigurations = (8527A85BCD20B8CC723F155E, 75B88ACA9E321E5F5A85C39C); defaultConfigurationIsVisible = 0; defaultConfigurationName = Release; };
		96A29BA37153156058BCCE1E /* Build configuration list for PBXNativeTarget "AnchorApp" */ = {isa = XCConfigurationList; buildConfigurations = (D5EBC8A5EE0A355AB3CCEDDF, 8AA939EBB1D1435DD4C08AF3); defaultConfigurationIsVisible = 0; defaultConfigurationName = Release; };
		2A0C9E0FE2B7633690F148AA /* Build configuration list for PBXNativeTarget "AnchorShieldExtension" */ = {isa = XCConfigurationList; buildConfigurations = (EB9A2C67B961DA93CB5ED2C5, 78CF23A56EEDF17A23979C13); defaultConfigurationIsVisible = 0; defaultConfigurationName = Release; };
		1086BE9F5C3648834E8561CF /* Build configuration list for PBXNativeTarget "Shared" */ = {isa = XCConfigurationList; buildConfigurations = (7F93FA191C54DC83C8770ECC, B4B2337C29113775C16E6892); defaultConfigurationIsVisible = 0; defaultConfigurationName = Release; };
/* End XCConfigurationList section */

/* Begin XCSwiftPackageProductDependency section */
		CECC66926022F8D6D1DA948F /* GoogleSignIn */ = {isa = XCSwiftPackageProductDependency; package = 28B5DF71B533C0712F08B2EC; productName = GoogleSignIn; };
/* End XCSwiftPackageProductDependency section */

/* Begin XCRemoteSwiftPackageReference section */
		28B5DF71B533C0712F08B2EC /* GoogleSignIn-iOS */ = {isa = XCRemoteSwiftPackageReference; repositoryURL = "https://github.com/google/GoogleSignIn-iOS"; requirement = {kind = upToNextMajorVersion; minimumVersion = 7.0.0; }; };
/* End XCRemoteSwiftPackageReference section */
	};
	rootObject = 1781F676DEDF5767F3243DB0 /* Project object */;
}
}
